// !$*UTF8*$!
{
	archiveVersion = 1;
	classes = {
	};
	objectVersion = 47;
	objects = {

/* Begin PBXBuildFile section */
		3CC40CDDC3D807066ED95F42 /* Pods_CalmMoneySnapshots.framework in Frameworks */ = {isa = PBXBuildFile; fileRef = AB65195577648467B0467F8C /* Pods_CalmMoneySnapshots.framework */; };
		3F0396591DF27E5500252187 /* CalmMoneyTests.swift in Sources */ = {isa = PBXBuildFile; fileRef = 3F0396581DF27E5500252187 /* CalmMoneyTests.swift */; };
		3F0396601DF27EB700252187 /* Transaction.swift in Sources */ = {isa = PBXBuildFile; fileRef = 9A4C04F01C3D733C00B2C754 /* Transaction.swift */; };
		3F0396611DF27EBC00252187 /* Currency.swift in Sources */ = {isa = PBXBuildFile; fileRef = 9A4C04F21C3D742700B2C754 /* Currency.swift */; };
		3F0396621DF27EC000252187 /* Category.swift in Sources */ = {isa = PBXBuildFile; fileRef = 9ACDB0051C4F4E3E0053CEE5 /* Category.swift */; };
		3F0396631DF27EE500252187 /* Math.swift in Sources */ = {isa = PBXBuildFile; fileRef = 9AEDFF5C1C3D1CB900541A23 /* Math.swift */; };
		3F0396641DF27EF200252187 /* PeriodFloat.swift in Sources */ = {isa = PBXBuildFile; fileRef = 9A827C8D1C1D2B9C0025FC5B /* PeriodFloat.swift */; };
		3F0396651DF27F1A00252187 /* Date+Extension.swift in Sources */ = {isa = PBXBuildFile; fileRef = 9A827C931C1D3EF50025FC5B /* Date+Extension.swift */; };
		3F0396661DF27F3200252187 /* NSDecimalNumber+Extension.swift in Sources */ = {isa = PBXBuildFile; fileRef = 9AF5392A1BCBD5E00025A604 /* NSDecimalNumber+Extension.swift */; };
		3F0396671DF27F5500252187 /* NSNumberFormatter+Extension.swift in Sources */ = {isa = PBXBuildFile; fileRef = 9A91B41B1BCCB8E000964B36 /* NSNumberFormatter+Extension.swift */; };
		3F0396681DF27F5900252187 /* Money.swift in Sources */ = {isa = PBXBuildFile; fileRef = 9AEA34F91B79C4ED009C65FE /* Money.swift */; };
		3F0396701DF27FB000252187 /* CalmMoneyUITests.swift in Sources */ = {isa = PBXBuildFile; fileRef = 3F03966F1DF27FB000252187 /* CalmMoneyUITests.swift */; };
		3F1552011DF2E9E6008985B1 /* StoreKit.framework in Frameworks */ = {isa = PBXBuildFile; fileRef = 3F1552001DF2E9E6008985B1 /* StoreKit.framework */; };
		3F2108BD1E1CC4FC008217DA /* ObjC.m in Sources */ = {isa = PBXBuildFile; fileRef = 3F2108BC1E1CC4FC008217DA /* ObjC.m */; };
		3F28688F1D8843B500ACBFF4 /* Backend.swift in Sources */ = {isa = PBXBuildFile; fileRef = 3F28688E1D8843B500ACBFF4 /* Backend.swift */; };
		3F3162A31E18ECC900E4CD1A /* DebugViewController.swift in Sources */ = {isa = PBXBuildFile; fileRef = 3F3162A11E18ECC900E4CD1A /* DebugViewController.swift */; };
		3F3162A41E18ECC900E4CD1A /* DebugViewController.xib in Resources */ = {isa = PBXBuildFile; fileRef = 3F3162A21E18ECC900E4CD1A /* DebugViewController.xib */; };
		3F3F150B1DF5979600CFAF34 /* Dictionary+Extension.swift in Sources */ = {isa = PBXBuildFile; fileRef = 3F3F150A1DF5979600CFAF34 /* Dictionary+Extension.swift */; };
		3F4EDD811DF849D100B216F4 /* Purchase.swift in Sources */ = {isa = PBXBuildFile; fileRef = 3FE2BDCE1DF1B7E3009E4321 /* Purchase.swift */; };
		3F4EDD841DF84C8100B216F4 /* Model.swift in Sources */ = {isa = PBXBuildFile; fileRef = 3F4EDD831DF84C8100B216F4 /* Model.swift */; };
		3F4EDD851DF84D0F00B216F4 /* Config.swift in Sources */ = {isa = PBXBuildFile; fileRef = 3FE2BDDF1DF1CC20009E4321 /* Config.swift */; };
		3F54DDCC1E1A8D4700C61537 /* Localizable.strings in Resources */ = {isa = PBXBuildFile; fileRef = 3F54DDCE1E1A8D4700C61537 /* Localizable.strings */; };
		3F54DDDA1E1A974800C61537 /* InsightsEmptyView.xib in Resources */ = {isa = PBXBuildFile; fileRef = 3F54DDDC1E1A974800C61537 /* InsightsEmptyView.xib */; };
		3F892D081C5F910700D0DB54 /* UIViewController+Extension.swift in Sources */ = {isa = PBXBuildFile; fileRef = 9A827C951C1D41220025FC5B /* UIViewController+Extension.swift */; };
		3F8A5F851E1D2952007D0389 /* Crashlytics.framework in Frameworks */ = {isa = PBXBuildFile; fileRef = 9AA926871BC3AC5C009D16B3 /* Crashlytics.framework */; };
		3F8A5F861E1D2985007D0389 /* ObjC.m in Sources */ = {isa = PBXBuildFile; fileRef = 3F2108BC1E1CC4FC008217DA /* ObjC.m */; };
		3F94E6A41E3CC858005AFBE4 /* PeriodMonth.swift in Sources */ = {isa = PBXBuildFile; fileRef = 3F94E6A31E3CC858005AFBE4 /* PeriodMonth.swift */; };
		3F94E6A51E3CC85D005AFBE4 /* PeriodMonth.swift in Sources */ = {isa = PBXBuildFile; fileRef = 3F94E6A31E3CC858005AFBE4 /* PeriodMonth.swift */; };
		3F9601461E2A900500890A8A /* InfoPlist.strings in Resources */ = {isa = PBXBuildFile; fileRef = 3F9601481E2A900500890A8A /* InfoPlist.strings */; };
		3FD5918F1C6B7A0800495C2C /* BudgetTableViewController.swift in Sources */ = {isa = PBXBuildFile; fileRef = 3FD5918E1C6B7A0800495C2C /* BudgetTableViewController.swift */; };
		3FDEC0051DB8FC9B00A6A07D /* UIFont+Extension.swift in Sources */ = {isa = PBXBuildFile; fileRef = 3FDEC0041DB8FC9B00A6A07D /* UIFont+Extension.swift */; };
		3FE2BDCF1DF1B7E3009E4321 /* Purchase.swift in Sources */ = {isa = PBXBuildFile; fileRef = 3FE2BDCE1DF1B7E3009E4321 /* Purchase.swift */; };
		3FE2BDD41DF1BDD2009E4321 /* Config.plist in Resources */ = {isa = PBXBuildFile; fileRef = 3FE2BDD61DF1BDD2009E4321 /* Config.plist */; };
		3FE2BDD71DF1C1D6009E4321 /* NumpadNotPurchased.xib in Resources */ = {isa = PBXBuildFile; fileRef = 3FE2BDD91DF1C1D6009E4321 /* NumpadNotPurchased.xib */; };
		3FE2BDDA1DF1C3E2009E4321 /* ConverterNotPurchased.xib in Resources */ = {isa = PBXBuildFile; fileRef = 3FE2BDDC1DF1C3E2009E4321 /* ConverterNotPurchased.xib */; };
		3FE2BDDE1DF1C596009E4321 /* Rater.swift in Sources */ = {isa = PBXBuildFile; fileRef = 3FE2BDDD1DF1C596009E4321 /* Rater.swift */; };
		3FE2BDE01DF1CC20009E4321 /* Config.swift in Sources */ = {isa = PBXBuildFile; fileRef = 3FE2BDDF1DF1CC20009E4321 /* Config.swift */; };
		3FE9B35B1D9AB8720077A832 /* Alamofire.Manager+Extension.swift in Sources */ = {isa = PBXBuildFile; fileRef = 3FE9B35A1D9AB8720077A832 /* Alamofire.Manager+Extension.swift */; };
		3FFB07551DFB093C004F4514 /* TermsViewController.swift in Sources */ = {isa = PBXBuildFile; fileRef = 3FFB07541DFB093C004F4514 /* TermsViewController.swift */; };
		3FFB07571DFC3701004F4514 /* Alerter.swift in Sources */ = {isa = PBXBuildFile; fileRef = 3FFB07561DFC3701004F4514 /* Alerter.swift */; };
		3FFB07591DFD29E7004F4514 /* UIImage+Extension.swift in Sources */ = {isa = PBXBuildFile; fileRef = 3FFB07581DFD29E7004F4514 /* UIImage+Extension.swift */; };
		3FFB075A1DFDA6CF004F4514 /* String+Extension.swift in Sources */ = {isa = PBXBuildFile; fileRef = 9AC460C71BD0B5B800EEE4A7 /* String+Extension.swift */; };
		3FFBACA41D9BC54C005C7924 /* ProfileTableViewController.swift in Sources */ = {isa = PBXBuildFile; fileRef = 3FFBACA31D9BC54C005C7924 /* ProfileTableViewController.swift */; };
		3FFED5C51DFEFDA60034320B /* CalmMoneySnapshots.swift in Sources */ = {isa = PBXBuildFile; fileRef = 3FFED5C41DFEFDA60034320B /* CalmMoneySnapshots.swift */; };
		3FFED5CD1DFEFE740034320B /* SnapshotHelper.swift in Sources */ = {isa = PBXBuildFile; fileRef = 3FFED5CC1DFEFE740034320B /* SnapshotHelper.swift */; };
		5C9D42DE7ADE443569BEE419 /* Pods_CalmMoneyTests.framework in Frameworks */ = {isa = PBXBuildFile; fileRef = 2EBA5A4DA87460B872384FB5 /* Pods_CalmMoneyTests.framework */; };
		764F166406CC9F9B477688CF /* Pods_CrabApp.framework in Frameworks */ = {isa = PBXBuildFile; fileRef = 1AAB0B1DEFC5FFEE06399F68 /* Pods_CrabApp.framework */; };
		9A04DA111B5CF5A3005230C0 /* AllCurrenciesTableViewController.swift in Sources */ = {isa = PBXBuildFile; fileRef = 9A04DA101B5CF5A3005230C0 /* AllCurrenciesTableViewController.swift */; };
		9A0A82F81C2CFE66005BEE09 /* NumpadView.swift in Sources */ = {isa = PBXBuildFile; fileRef = 9A0A82F71C2CFE66005BEE09 /* NumpadView.swift */; };
		9A0B11931B4E2D9400BC8BB1 /* Networking.swift in Sources */ = {isa = PBXBuildFile; fileRef = 9A0B11921B4E2D9400BC8BB1 /* Networking.swift */; };
		9A0BE4511BF45266002D6F5F /* categories.json in Resources */ = {isa = PBXBuildFile; fileRef = 9A0BE4531BF45266002D6F5F /* categories.json */; };
		9A27C1471B85859A0087ECDD /* CategoriesCollectionViewController.swift in Sources */ = {isa = PBXBuildFile; fileRef = 9A27C1461B85859A0087ECDD /* CategoriesCollectionViewController.swift */; };
		9A27C1491B8586220087ECDD /* Category.swift in Sources */ = {isa = PBXBuildFile; fileRef = 9A27C1481B8586220087ECDD /* Category.swift */; };
		9A27C14B1B8592270087ECDD /* CategoryCollectionViewCell.swift in Sources */ = {isa = PBXBuildFile; fileRef = 9A27C14A1B8592270087ECDD /* CategoryCollectionViewCell.swift */; };
		9A36FCDB1BD91AA000BD81C0 /* AllCurrenciesTableViewCell.swift in Sources */ = {isa = PBXBuildFile; fileRef = 9A36FCDA1BD91AA000BD81C0 /* AllCurrenciesTableViewCell.swift */; };
		9A36FCE21BD9E13600BD81C0 /* ResultsTableController.swift in Sources */ = {isa = PBXBuildFile; fileRef = 9A36FCE11BD9E13600BD81C0 /* ResultsTableController.swift */; };
		9A36FCE61BD9E52300BD81C0 /* AllCurrenciesSearchCell.xib in Resources */ = {isa = PBXBuildFile; fileRef = 9A36FCE51BD9E52300BD81C0 /* AllCurrenciesSearchCell.xib */; };
		9A3C57921C51F3AC001CB79D /* NSLayoutConstraint+Extension.swift in Sources */ = {isa = PBXBuildFile; fileRef = 9A3C57911C51F3AC001CB79D /* NSLayoutConstraint+Extension.swift */; };
		9A3C57941C537972001CB79D /* CurrencyView.swift in Sources */ = {isa = PBXBuildFile; fileRef = 9A3C57931C537971001CB79D /* CurrencyView.swift */; };
		9A3F0FC21C4B5190009F0BA0 /* currencies.json in Resources */ = {isa = PBXBuildFile; fileRef = 9A3F0FC11C4B5190009F0BA0 /* currencies.json */; };
		9A41FF231B75A32900E529D1 /* AmountTextField.swift in Sources */ = {isa = PBXBuildFile; fileRef = 9A41FF221B75A32900E529D1 /* AmountTextField.swift */; };
		9A43CA181BFD8EBF00D42507 /* SettingsTableViewController.swift in Sources */ = {isa = PBXBuildFile; fileRef = 9A43CA171BFD8EBF00D42507 /* SettingsTableViewController.swift */; };
		9A4B72111BF07F7400E19042 /* CategoryAddViewController.swift in Sources */ = {isa = PBXBuildFile; fileRef = 9A4B72101BF07F7400E19042 /* CategoryAddViewController.swift */; };
		9A4D03AD1C1BD37900327679 /* InsightsTableViewController.swift in Sources */ = {isa = PBXBuildFile; fileRef = 9A4D03AC1C1BD37900327679 /* InsightsTableViewController.swift */; };
		9A5CA8981B7862B000AE3BA3 /* HandsOnCurrency.swift in Sources */ = {isa = PBXBuildFile; fileRef = 9A5CA8971B7862B000AE3BA3 /* HandsOnCurrency.swift */; };
		9A5DB9921C2A5F63007B85B8 /* UIColor+Extension.swift in Sources */ = {isa = PBXBuildFile; fileRef = 9A5DB9911C2A5F63007B85B8 /* UIColor+Extension.swift */; };
		9A801E861B37D62600C409C1 /* CurrencyTableViewCell.swift in Sources */ = {isa = PBXBuildFile; fileRef = 9A801E851B37D62600C409C1 /* CurrencyTableViewCell.swift */; };
		9A801E8E1B37DFAB00C409C1 /* ConverterTableViewController.swift in Sources */ = {isa = PBXBuildFile; fileRef = 9A801E8D1B37DFAB00C409C1 /* ConverterTableViewController.swift */; };
		9A827C8E1C1D2B9C0025FC5B /* PeriodFloat.swift in Sources */ = {isa = PBXBuildFile; fileRef = 9A827C8D1C1D2B9C0025FC5B /* PeriodFloat.swift */; };
		9A827C941C1D3EF50025FC5B /* Date+Extension.swift in Sources */ = {isa = PBXBuildFile; fileRef = 9A827C931C1D3EF50025FC5B /* Date+Extension.swift */; };
		9A827C9A1C1D708F0025FC5B /* InsightsCategoriesTableViewController.swift in Sources */ = {isa = PBXBuildFile; fileRef = 9A827C991C1D708F0025FC5B /* InsightsCategoriesTableViewController.swift */; };
		9A827C9D1C1D71E00025FC5B /* InsightsCategoryTableViewCell.swift in Sources */ = {isa = PBXBuildFile; fileRef = 9A827C9C1C1D71E00025FC5B /* InsightsCategoryTableViewCell.swift */; };
		9A827C9F1C1DBE380025FC5B /* TransactionDetailTableViewController.swift in Sources */ = {isa = PBXBuildFile; fileRef = 9A827C9E1C1DBE380025FC5B /* TransactionDetailTableViewController.swift */; };
		9A91B41C1BCCB8E000964B36 /* NSNumberFormatter+Extension.swift in Sources */ = {isa = PBXBuildFile; fileRef = 9A91B41B1BCCB8E000964B36 /* NSNumberFormatter+Extension.swift */; };
		9A9A27431B3A6F1700526310 /* CurrencyAddTableViewCell.swift in Sources */ = {isa = PBXBuildFile; fileRef = 9A9A27421B3A6F1700526310 /* CurrencyAddTableViewCell.swift */; };
		9A9C91921B3444E500DE580F /* AppDelegate.swift in Sources */ = {isa = PBXBuildFile; fileRef = 9A9C91911B3444E500DE580F /* AppDelegate.swift */; };
		9A9C91971B3444E500DE580F /* NumpadViewController.swift in Sources */ = {isa = PBXBuildFile; fileRef = 9A9C91961B3444E500DE580F /* NumpadViewController.swift */; };
		9A9C919A1B3444E500DE580F /* Main.storyboard in Resources */ = {isa = PBXBuildFile; fileRef = 9A9C91981B3444E500DE580F /* Main.storyboard */; };
		9A9C919C1B3444E500DE580F /* Images.xcassets in Resources */ = {isa = PBXBuildFile; fileRef = 9A9C919B1B3444E500DE580F /* Images.xcassets */; };
		9AA2E9C11B82240E00367068 /* Transaction.swift in Sources */ = {isa = PBXBuildFile; fileRef = 9AA2E9C01B82240E00367068 /* Transaction.swift */; };
		9AA926881BC3AC5C009D16B3 /* Fabric.framework in Frameworks */ = {isa = PBXBuildFile; fileRef = 9AA926861BC3AC5C009D16B3 /* Fabric.framework */; };
		9AA926891BC3AC5C009D16B3 /* Crashlytics.framework in Frameworks */ = {isa = PBXBuildFile; fileRef = 9AA926871BC3AC5C009D16B3 /* Crashlytics.framework */; };
		9AB4438D1BCA1D9E0005146B /* GraphView.swift in Sources */ = {isa = PBXBuildFile; fileRef = 9AB4438C1BCA1D9E0005146B /* GraphView.swift */; };
		9ABCE1871C4C9AE700B64BC7 /* TabBarController.swift in Sources */ = {isa = PBXBuildFile; fileRef = 9ABCE1861C4C9AE700B64BC7 /* TabBarController.swift */; };
		9AC460BF1BD0AB5B00EEE4A7 /* SummaryView.swift in Sources */ = {isa = PBXBuildFile; fileRef = 9AC460BE1BD0AB5B00EEE4A7 /* SummaryView.swift */; };
		9AC460C81BD0B5B800EEE4A7 /* String+Extension.swift in Sources */ = {isa = PBXBuildFile; fileRef = 9AC460C71BD0B5B800EEE4A7 /* String+Extension.swift */; };
		9ACC025C1B5162EC00F93A4C /* CountriesTableViewController.swift in Sources */ = {isa = PBXBuildFile; fileRef = 9ACC025B1B5162EC00F93A4C /* CountriesTableViewController.swift */; };
		9AD308331BC4DB4D00962DE1 /* TransactionsSummaryView.xib in Resources */ = {isa = PBXBuildFile; fileRef = 9AD308321BC4DB4D00962DE1 /* TransactionsSummaryView.xib */; };
		9AEA34FA1B79C4ED009C65FE /* Money.swift in Sources */ = {isa = PBXBuildFile; fileRef = 9AEA34F91B79C4ED009C65FE /* Money.swift */; };
		9AEDFF5D1C3D1CB900541A23 /* Math.swift in Sources */ = {isa = PBXBuildFile; fileRef = 9AEDFF5C1C3D1CB900541A23 /* Math.swift */; };
		9AF5392B1BCBD5E00025A604 /* NSDecimalNumber+Extension.swift in Sources */ = {isa = PBXBuildFile; fileRef = 9AF5392A1BCBD5E00025A604 /* NSDecimalNumber+Extension.swift */; };
		9AF9E1281B4B6F810076BE69 /* DataModel.xcdatamodeld in Sources */ = {isa = PBXBuildFile; fileRef = 9AF9E1261B4B6F810076BE69 /* DataModel.xcdatamodeld */; };
		9AF9E12C1B4B92DD0076BE69 /* Model.swift in Sources */ = {isa = PBXBuildFile; fileRef = 9AF9E12B1B4B92DD0076BE69 /* Model.swift */; };
		9AFB00801B576B0F0062C6AE /* Country.swift in Sources */ = {isa = PBXBuildFile; fileRef = 9AFB007F1B576B0F0062C6AE /* Country.swift */; };
		9AFB00821B576B100062C6AE /* Currency.swift in Sources */ = {isa = PBXBuildFile; fileRef = 9AFB00811B576B100062C6AE /* Currency.swift */; };
		9AFE7CAA1B82DF2B00B7159B /* TransactionsTableViewController.swift in Sources */ = {isa = PBXBuildFile; fileRef = 9AFE7CA91B82DF2B00B7159B /* TransactionsTableViewController.swift */; };
		9AFE7CAC1B82E78C00B7159B /* TransactionTableViewCell.swift in Sources */ = {isa = PBXBuildFile; fileRef = 9AFE7CAB1B82E78C00B7159B /* TransactionTableViewCell.swift */; };
/* End PBXBuildFile section */

/* Begin PBXContainerItemProxy section */
		3F03965B1DF27E5500252187 /* PBXContainerItemProxy */ = {
			isa = PBXContainerItemProxy;
			containerPortal = 9A9C91841B3444E500DE580F /* Project object */;
			proxyType = 1;
			remoteGlobalIDString = 9A9C918B1B3444E500DE580F;
			remoteInfo = CrabApp;
		};
		3F0396721DF27FB000252187 /* PBXContainerItemProxy */ = {
			isa = PBXContainerItemProxy;
			containerPortal = 9A9C91841B3444E500DE580F /* Project object */;
			proxyType = 1;
			remoteGlobalIDString = 9A9C918B1B3444E500DE580F;
			remoteInfo = CrabApp;
		};
		3FFED5C71DFEFDA60034320B /* PBXContainerItemProxy */ = {
			isa = PBXContainerItemProxy;
			containerPortal = 9A9C91841B3444E500DE580F /* Project object */;
			proxyType = 1;
			remoteGlobalIDString = 9A9C918B1B3444E500DE580F;
			remoteInfo = CrabApp;
		};
/* End PBXContainerItemProxy section */

/* Begin PBXCopyFilesBuildPhase section */
		9AB80D301B4E39E3007D1B92 /* Embed Frameworks */ = {
			isa = PBXCopyFilesBuildPhase;
			buildActionMask = 2147483647;
			dstPath = "";
			dstSubfolderSpec = 10;
			files = (
			);
			name = "Embed Frameworks";
			runOnlyForDeploymentPostprocessing = 0;
		};
/* End PBXCopyFilesBuildPhase section */

/* Begin PBXFileReference section */
		003B777BA873BF18FC4065E6 /* Pods-CrabAppTests.debug.xcconfig */ = {isa = PBXFileReference; includeInIndex = 1; lastKnownFileType = text.xcconfig; name = "Pods-CrabAppTests.debug.xcconfig"; path = "Pods/Target Support Files/Pods-CrabAppTests/Pods-CrabAppTests.debug.xcconfig"; sourceTree = "<group>"; };
		1915CD61FEFFC716FBF7DD75 /* Pods-CalmMoneyTests.release.xcconfig */ = {isa = PBXFileReference; includeInIndex = 1; lastKnownFileType = text.xcconfig; name = "Pods-CalmMoneyTests.release.xcconfig"; path = "Pods/Target Support Files/Pods-CalmMoneyTests/Pods-CalmMoneyTests.release.xcconfig"; sourceTree = "<group>"; };
		1AAB0B1DEFC5FFEE06399F68 /* Pods_CrabApp.framework */ = {isa = PBXFileReference; explicitFileType = wrapper.framework; includeInIndex = 0; path = Pods_CrabApp.framework; sourceTree = BUILT_PRODUCTS_DIR; };
		2EBA5A4DA87460B872384FB5 /* Pods_CalmMoneyTests.framework */ = {isa = PBXFileReference; explicitFileType = wrapper.framework; includeInIndex = 0; path = Pods_CalmMoneyTests.framework; sourceTree = BUILT_PRODUCTS_DIR; };
		3F0396561DF27E5500252187 /* CalmMoneyTests.xctest */ = {isa = PBXFileReference; explicitFileType = wrapper.cfbundle; includeInIndex = 0; path = CalmMoneyTests.xctest; sourceTree = BUILT_PRODUCTS_DIR; };
		3F0396581DF27E5500252187 /* CalmMoneyTests.swift */ = {isa = PBXFileReference; lastKnownFileType = sourcecode.swift; path = CalmMoneyTests.swift; sourceTree = "<group>"; };
		3F03965A1DF27E5500252187 /* Info.plist */ = {isa = PBXFileReference; lastKnownFileType = text.plist.xml; path = Info.plist; sourceTree = "<group>"; };
		3F03966D1DF27FB000252187 /* CalmMoneyUITests.xctest */ = {isa = PBXFileReference; explicitFileType = wrapper.cfbundle; includeInIndex = 0; path = CalmMoneyUITests.xctest; sourceTree = BUILT_PRODUCTS_DIR; };
		3F03966F1DF27FB000252187 /* CalmMoneyUITests.swift */ = {isa = PBXFileReference; lastKnownFileType = sourcecode.swift; path = CalmMoneyUITests.swift; sourceTree = "<group>"; };
		3F0396711DF27FB000252187 /* Info.plist */ = {isa = PBXFileReference; lastKnownFileType = text.plist.xml; path = Info.plist; sourceTree = "<group>"; };
		3F1552001DF2E9E6008985B1 /* StoreKit.framework */ = {isa = PBXFileReference; lastKnownFileType = wrapper.framework; name = StoreKit.framework; path = System/Library/Frameworks/StoreKit.framework; sourceTree = SDKROOT; };
		3F2108BB1E1CC4CA008217DA /* ObjC.h */ = {isa = PBXFileReference; lastKnownFileType = sourcecode.c.h; path = ObjC.h; sourceTree = "<group>"; };
		3F2108BC1E1CC4FC008217DA /* ObjC.m */ = {isa = PBXFileReference; fileEncoding = 4; lastKnownFileType = sourcecode.c.objc; path = ObjC.m; sourceTree = "<group>"; };
		3F28688E1D8843B500ACBFF4 /* Backend.swift */ = {isa = PBXFileReference; fileEncoding = 4; lastKnownFileType = sourcecode.swift; path = Backend.swift; sourceTree = "<group>"; };
		3F31629D1E18E14D00E4CD1A /* CrabApp copy-Info.plist */ = {isa = PBXFileReference; lastKnownFileType = text.plist.xml; name = "CrabApp copy-Info.plist"; path = "/Users/surfingcat/Sites/CrabApp/xcode/CrabApp copy-Info.plist"; sourceTree = "<absolute>"; };
		3F3162A11E18ECC900E4CD1A /* DebugViewController.swift */ = {isa = PBXFileReference; fileEncoding = 4; lastKnownFileType = sourcecode.swift; path = DebugViewController.swift; sourceTree = "<group>"; };
		3F3162A21E18ECC900E4CD1A /* DebugViewController.xib */ = {isa = PBXFileReference; fileEncoding = 4; lastKnownFileType = file.xib; path = DebugViewController.xib; sourceTree = "<group>"; };
		3F3F150A1DF5979600CFAF34 /* Dictionary+Extension.swift */ = {isa = PBXFileReference; fileEncoding = 4; lastKnownFileType = sourcecode.swift; path = "Dictionary+Extension.swift"; sourceTree = "<group>"; };
		3F4EDD831DF84C8100B216F4 /* Model.swift */ = {isa = PBXFileReference; fileEncoding = 4; lastKnownFileType = sourcecode.swift; path = Model.swift; sourceTree = "<group>"; };
		3F54DDCD1E1A8D4700C61537 /* Base */ = {isa = PBXFileReference; lastKnownFileType = text.plist.strings; name = Base; path = Base.lproj/Localizable.strings; sourceTree = "<group>"; };
		3F54DDCF1E1A8D4D00C61537 /* en */ = {isa = PBXFileReference; lastKnownFileType = text.plist.strings; name = en; path = en.lproj/Localizable.strings; sourceTree = "<group>"; };
		3F54DDD01E1A8D5000C61537 /* ru */ = {isa = PBXFileReference; lastKnownFileType = text.plist.strings; name = ru; path = ru.lproj/Localizable.strings; sourceTree = "<group>"; };
		3F54DDD21E1A8E4300C61537 /* en */ = {isa = PBXFileReference; lastKnownFileType = text.plist.strings; name = en; path = en.lproj/Main.strings; sourceTree = "<group>"; };
		3F54DDD41E1A8E5200C61537 /* ru */ = {isa = PBXFileReference; lastKnownFileType = text.plist.strings; name = ru; path = ru.lproj/Main.strings; sourceTree = "<group>"; };
		3F54DDD71E1A964B00C61537 /* en */ = {isa = PBXFileReference; lastKnownFileType = text.plist.strings; name = en; path = en.lproj/NumpadNotPurchased.strings; sourceTree = "<group>"; };
		3F54DDD91E1A964E00C61537 /* ru */ = {isa = PBXFileReference; lastKnownFileType = text.plist.strings; name = ru; path = ru.lproj/NumpadNotPurchased.strings; sourceTree = "<group>"; };
		3F54DDDB1E1A974800C61537 /* Base */ = {isa = PBXFileReference; lastKnownFileType = file.xib; name = Base; path = Base.lproj/InsightsEmptyView.xib; sourceTree = "<group>"; };
		3F54DDDE1E1A974D00C61537 /* en */ = {isa = PBXFileReference; lastKnownFileType = text.plist.strings; name = en; path = en.lproj/InsightsEmptyView.strings; sourceTree = "<group>"; };
		3F54DDE01E1A974F00C61537 /* ru */ = {isa = PBXFileReference; lastKnownFileType = text.plist.strings; name = ru; path = ru.lproj/InsightsEmptyView.strings; sourceTree = "<group>"; };
		3F54DDE41E1A97AB00C61537 /* ru */ = {isa = PBXFileReference; lastKnownFileType = text.plist.strings; name = ru; path = ru.lproj/ConverterNotPurchased.strings; sourceTree = "<group>"; };
		3F7AE6B01E2E12A500FCFB5D /* de */ = {isa = PBXFileReference; lastKnownFileType = text.plist.strings; name = de; path = de.lproj/InsightsEmptyView.strings; sourceTree = "<group>"; };
		3F7AE6B11E2E12A500FCFB5D /* de */ = {isa = PBXFileReference; lastKnownFileType = text.plist.strings; name = de; path = de.lproj/NumpadNotPurchased.strings; sourceTree = "<group>"; };
		3F7AE6B21E2E12A500FCFB5D /* de */ = {isa = PBXFileReference; lastKnownFileType = text.plist.strings; name = de; path = de.lproj/Main.strings; sourceTree = "<group>"; };
		3F7AE6B31E2E12A500FCFB5D /* de */ = {isa = PBXFileReference; lastKnownFileType = text.plist.strings; name = de; path = de.lproj/ConverterNotPurchased.strings; sourceTree = "<group>"; };
		3F7AE6B41E2E12A500FCFB5D /* de */ = {isa = PBXFileReference; lastKnownFileType = text.plist.strings; name = de; path = de.lproj/InfoPlist.strings; sourceTree = "<group>"; };
		3F7AE6B51E2E12A500FCFB5D /* de */ = {isa = PBXFileReference; lastKnownFileType = text.json; name = de; path = de.lproj/categories.json; sourceTree = "<group>"; };
		3F7AE6B61E2E12A500FCFB5D /* de */ = {isa = PBXFileReference; lastKnownFileType = text.plist.strings; name = de; path = de.lproj/Localizable.strings; sourceTree = "<group>"; };
		3F7E50E91D96A0D100EA9911 /* CrabApp-Bridging-Header.h */ = {isa = PBXFileReference; lastKnownFileType = sourcecode.c.h; name = "CrabApp-Bridging-Header.h"; path = "../CrabApp-Bridging-Header.h"; sourceTree = "<group>"; };
		3F94E6A31E3CC858005AFBE4 /* PeriodMonth.swift */ = {isa = PBXFileReference; fileEncoding = 4; lastKnownFileType = sourcecode.swift; path = PeriodMonth.swift; sourceTree = "<group>"; };
		3F9601471E2A900500890A8A /* Base */ = {isa = PBXFileReference; lastKnownFileType = text.plist.strings; name = Base; path = Base.lproj/InfoPlist.strings; sourceTree = "<group>"; };
		3F9601491E2A900600890A8A /* en */ = {isa = PBXFileReference; lastKnownFileType = text.plist.strings; name = en; path = en.lproj/InfoPlist.strings; sourceTree = "<group>"; };
		3F96014A1E2A900700890A8A /* ru */ = {isa = PBXFileReference; lastKnownFileType = text.plist.strings; name = ru; path = ru.lproj/InfoPlist.strings; sourceTree = "<group>"; };
		3FD5918E1C6B7A0800495C2C /* BudgetTableViewController.swift */ = {isa = PBXFileReference; fileEncoding = 4; lastKnownFileType = sourcecode.swift; path = BudgetTableViewController.swift; sourceTree = "<group>"; };
		3FD77B8E1E2A8BF300AE1232 /* Base */ = {isa = PBXFileReference; lastKnownFileType = text.plist.xml; name = Base; path = Base.lproj/Info.plist; sourceTree = "<group>"; };
		3FDEC0041DB8FC9B00A6A07D /* UIFont+Extension.swift */ = {isa = PBXFileReference; fileEncoding = 4; lastKnownFileType = sourcecode.swift; path = "UIFont+Extension.swift"; sourceTree = "<group>"; };
		3FE2BDCE1DF1B7E3009E4321 /* Purchase.swift */ = {isa = PBXFileReference; fileEncoding = 4; lastKnownFileType = sourcecode.swift; path = Purchase.swift; sourceTree = "<group>"; };
		3FE2BDD51DF1BDD2009E4321 /* en */ = {isa = PBXFileReference; lastKnownFileType = text.plist.xml; name = en; path = en.lproj/Config.plist; sourceTree = "<group>"; };
		3FE2BDD81DF1C1D6009E4321 /* Base */ = {isa = PBXFileReference; lastKnownFileType = file.xib; name = Base; path = Base.lproj/NumpadNotPurchased.xib; sourceTree = "<group>"; };
		3FE2BDDB1DF1C3E2009E4321 /* Base */ = {isa = PBXFileReference; lastKnownFileType = file.xib; name = Base; path = Base.lproj/ConverterNotPurchased.xib; sourceTree = "<group>"; };
		3FE2BDDD1DF1C596009E4321 /* Rater.swift */ = {isa = PBXFileReference; fileEncoding = 4; lastKnownFileType = sourcecode.swift; name = Rater.swift; path = ../Rater.swift; sourceTree = "<group>"; };
		3FE2BDDF1DF1CC20009E4321 /* Config.swift */ = {isa = PBXFileReference; fileEncoding = 4; lastKnownFileType = sourcecode.swift; path = Config.swift; sourceTree = "<group>"; };
		3FE9B35A1D9AB8720077A832 /* Alamofire.Manager+Extension.swift */ = {isa = PBXFileReference; fileEncoding = 4; lastKnownFileType = sourcecode.swift; path = "Alamofire.Manager+Extension.swift"; sourceTree = "<group>"; };
		3FFB07541DFB093C004F4514 /* TermsViewController.swift */ = {isa = PBXFileReference; fileEncoding = 4; lastKnownFileType = sourcecode.swift; path = TermsViewController.swift; sourceTree = "<group>"; };
		3FFB07561DFC3701004F4514 /* Alerter.swift */ = {isa = PBXFileReference; fileEncoding = 4; lastKnownFileType = sourcecode.swift; path = Alerter.swift; sourceTree = "<group>"; };
		3FFB07581DFD29E7004F4514 /* UIImage+Extension.swift */ = {isa = PBXFileReference; fileEncoding = 4; lastKnownFileType = sourcecode.swift; path = "UIImage+Extension.swift"; sourceTree = "<group>"; };
		3FFBACA31D9BC54C005C7924 /* ProfileTableViewController.swift */ = {isa = PBXFileReference; fileEncoding = 4; lastKnownFileType = sourcecode.swift; path = ProfileTableViewController.swift; sourceTree = "<group>"; };
		3FFE07DC1E2877F00058E5DD /* en */ = {isa = PBXFileReference; lastKnownFileType = text.plist.strings; name = en; path = en.lproj/ConverterNotPurchased.strings; sourceTree = "<group>"; };
		3FFED5C21DFEFDA60034320B /* CalmMoneySnapshots.xctest */ = {isa = PBXFileReference; explicitFileType = wrapper.cfbundle; includeInIndex = 0; path = CalmMoneySnapshots.xctest; sourceTree = BUILT_PRODUCTS_DIR; };
		3FFED5C41DFEFDA60034320B /* CalmMoneySnapshots.swift */ = {isa = PBXFileReference; lastKnownFileType = sourcecode.swift; path = CalmMoneySnapshots.swift; sourceTree = "<group>"; };
		3FFED5C61DFEFDA60034320B /* Info.plist */ = {isa = PBXFileReference; lastKnownFileType = text.plist.xml; path = Info.plist; sourceTree = "<group>"; };
		3FFED5CC1DFEFE740034320B /* SnapshotHelper.swift */ = {isa = PBXFileReference; fileEncoding = 4; lastKnownFileType = sourcecode.swift; path = SnapshotHelper.swift; sourceTree = SOURCE_ROOT; };
		58A336D8805E1B3B1B5A6292 /* Pods-CalmMoneySnapshots.release.xcconfig */ = {isa = PBXFileReference; includeInIndex = 1; lastKnownFileType = text.xcconfig; name = "Pods-CalmMoneySnapshots.release.xcconfig"; path = "Pods/Target Support Files/Pods-CalmMoneySnapshots/Pods-CalmMoneySnapshots.release.xcconfig"; sourceTree = "<group>"; };
		5A52882C9FC7A80D4B1A6C54 /* Pods-CrabApp.release.xcconfig */ = {isa = PBXFileReference; includeInIndex = 1; lastKnownFileType = text.xcconfig; name = "Pods-CrabApp.release.xcconfig"; path = "Pods/Target Support Files/Pods-CrabApp/Pods-CrabApp.release.xcconfig"; sourceTree = "<group>"; };
		7CD2044D09203E70A7019907 /* Pods-CrabApp.debug.xcconfig */ = {isa = PBXFileReference; includeInIndex = 1; lastKnownFileType = text.xcconfig; name = "Pods-CrabApp.debug.xcconfig"; path = "Pods/Target Support Files/Pods-CrabApp/Pods-CrabApp.debug.xcconfig"; sourceTree = "<group>"; };
		9A04DA101B5CF5A3005230C0 /* AllCurrenciesTableViewController.swift */ = {isa = PBXFileReference; fileEncoding = 4; lastKnownFileType = sourcecode.swift; path = AllCurrenciesTableViewController.swift; sourceTree = "<group>"; };
		9A0A82F71C2CFE66005BEE09 /* NumpadView.swift */ = {isa = PBXFileReference; fileEncoding = 4; lastKnownFileType = sourcecode.swift; path = NumpadView.swift; sourceTree = "<group>"; };
		9A0B11921B4E2D9400BC8BB1 /* Networking.swift */ = {isa = PBXFileReference; fileEncoding = 4; lastKnownFileType = sourcecode.swift; path = Networking.swift; sourceTree = "<group>"; usesTabs = 1; };
		9A0BE4521BF45266002D6F5F /* en */ = {isa = PBXFileReference; lastKnownFileType = text.json; name = en; path = en.lproj/categories.json; sourceTree = "<group>"; };
		9A0BE4541BF4526E002D6F5F /* ru */ = {isa = PBXFileReference; lastKnownFileType = text.json; name = ru; path = ru.lproj/categories.json; sourceTree = "<group>"; };
		9A27C1461B85859A0087ECDD /* CategoriesCollectionViewController.swift */ = {isa = PBXFileReference; fileEncoding = 4; lastKnownFileType = sourcecode.swift; path = CategoriesCollectionViewController.swift; sourceTree = "<group>"; };
		9A27C1481B8586220087ECDD /* Category.swift */ = {isa = PBXFileReference; fileEncoding = 4; lastKnownFileType = sourcecode.swift; path = Category.swift; sourceTree = "<group>"; };
		9A27C14A1B8592270087ECDD /* CategoryCollectionViewCell.swift */ = {isa = PBXFileReference; fileEncoding = 4; lastKnownFileType = sourcecode.swift; path = CategoryCollectionViewCell.swift; sourceTree = "<group>"; };
		9A36FCDA1BD91AA000BD81C0 /* AllCurrenciesTableViewCell.swift */ = {isa = PBXFileReference; fileEncoding = 4; lastKnownFileType = sourcecode.swift; path = AllCurrenciesTableViewCell.swift; sourceTree = "<group>"; };
		9A36FCE11BD9E13600BD81C0 /* ResultsTableController.swift */ = {isa = PBXFileReference; fileEncoding = 4; lastKnownFileType = sourcecode.swift; path = ResultsTableController.swift; sourceTree = "<group>"; };
		9A36FCE51BD9E52300BD81C0 /* AllCurrenciesSearchCell.xib */ = {isa = PBXFileReference; fileEncoding = 4; lastKnownFileType = file.xib; path = AllCurrenciesSearchCell.xib; sourceTree = "<group>"; };
		9A3C57911C51F3AC001CB79D /* NSLayoutConstraint+Extension.swift */ = {isa = PBXFileReference; fileEncoding = 4; lastKnownFileType = sourcecode.swift; path = "NSLayoutConstraint+Extension.swift"; sourceTree = "<group>"; };
		9A3C57931C537971001CB79D /* CurrencyView.swift */ = {isa = PBXFileReference; fileEncoding = 4; lastKnownFileType = sourcecode.swift; path = CurrencyView.swift; sourceTree = "<group>"; };
		9A3F0FC11C4B5190009F0BA0 /* currencies.json */ = {isa = PBXFileReference; fileEncoding = 4; lastKnownFileType = text.json; path = currencies.json; sourceTree = "<group>"; };
		9A41FF221B75A32900E529D1 /* AmountTextField.swift */ = {isa = PBXFileReference; fileEncoding = 4; lastKnownFileType = sourcecode.swift; path = AmountTextField.swift; sourceTree = "<group>"; };
		9A43CA171BFD8EBF00D42507 /* SettingsTableViewController.swift */ = {isa = PBXFileReference; fileEncoding = 4; lastKnownFileType = sourcecode.swift; path = SettingsTableViewController.swift; sourceTree = "<group>"; };
		9A4B72101BF07F7400E19042 /* CategoryAddViewController.swift */ = {isa = PBXFileReference; fileEncoding = 4; lastKnownFileType = sourcecode.swift; path = CategoryAddViewController.swift; sourceTree = "<group>"; };
		9A4C04F01C3D733C00B2C754 /* Transaction.swift */ = {isa = PBXFileReference; fileEncoding = 4; lastKnownFileType = sourcecode.swift; path = Transaction.swift; sourceTree = "<group>"; };
		9A4C04F21C3D742700B2C754 /* Currency.swift */ = {isa = PBXFileReference; fileEncoding = 4; lastKnownFileType = sourcecode.swift; path = Currency.swift; sourceTree = "<group>"; };
		9A4D03AC1C1BD37900327679 /* InsightsTableViewController.swift */ = {isa = PBXFileReference; fileEncoding = 4; lastKnownFileType = sourcecode.swift; path = InsightsTableViewController.swift; sourceTree = "<group>"; };
		9A5CA8971B7862B000AE3BA3 /* HandsOnCurrency.swift */ = {isa = PBXFileReference; fileEncoding = 4; lastKnownFileType = sourcecode.swift; path = HandsOnCurrency.swift; sourceTree = "<group>"; };
		9A5DB9911C2A5F63007B85B8 /* UIColor+Extension.swift */ = {isa = PBXFileReference; fileEncoding = 4; lastKnownFileType = sourcecode.swift; path = "UIColor+Extension.swift"; sourceTree = "<group>"; };
		9A801E851B37D62600C409C1 /* CurrencyTableViewCell.swift */ = {isa = PBXFileReference; fileEncoding = 4; lastKnownFileType = sourcecode.swift; path = CurrencyTableViewCell.swift; sourceTree = "<group>"; };
		9A801E8D1B37DFAB00C409C1 /* ConverterTableViewController.swift */ = {isa = PBXFileReference; fileEncoding = 4; lastKnownFileType = sourcecode.swift; path = ConverterTableViewController.swift; sourceTree = "<group>"; };
		9A827C8D1C1D2B9C0025FC5B /* PeriodFloat.swift */ = {isa = PBXFileReference; fileEncoding = 4; lastKnownFileType = sourcecode.swift; path = PeriodFloat.swift; sourceTree = "<group>"; };
		9A827C931C1D3EF50025FC5B /* Date+Extension.swift */ = {isa = PBXFileReference; fileEncoding = 4; lastKnownFileType = sourcecode.swift; path = "Date+Extension.swift"; sourceTree = "<group>"; };
		9A827C951C1D41220025FC5B /* UIViewController+Extension.swift */ = {isa = PBXFileReference; fileEncoding = 4; lastKnownFileType = sourcecode.swift; path = "UIViewController+Extension.swift"; sourceTree = "<group>"; };
		9A827C991C1D708F0025FC5B /* InsightsCategoriesTableViewController.swift */ = {isa = PBXFileReference; fileEncoding = 4; lastKnownFileType = sourcecode.swift; path = InsightsCategoriesTableViewController.swift; sourceTree = "<group>"; };
		9A827C9C1C1D71E00025FC5B /* InsightsCategoryTableViewCell.swift */ = {isa = PBXFileReference; fileEncoding = 4; lastKnownFileType = sourcecode.swift; path = InsightsCategoryTableViewCell.swift; sourceTree = "<group>"; };
		9A827C9E1C1DBE380025FC5B /* TransactionDetailTableViewController.swift */ = {isa = PBXFileReference; fileEncoding = 4; lastKnownFileType = sourcecode.swift; path = TransactionDetailTableViewController.swift; sourceTree = "<group>"; };
		9A91B41B1BCCB8E000964B36 /* NSNumberFormatter+Extension.swift */ = {isa = PBXFileReference; fileEncoding = 4; lastKnownFileType = sourcecode.swift; path = "NSNumberFormatter+Extension.swift"; sourceTree = "<group>"; };
		9A9A27421B3A6F1700526310 /* CurrencyAddTableViewCell.swift */ = {isa = PBXFileReference; fileEncoding = 4; lastKnownFileType = sourcecode.swift; path = CurrencyAddTableViewCell.swift; sourceTree = "<group>"; };
		9A9C918C1B3444E500DE580F /* Calm Money.app */ = {isa = PBXFileReference; explicitFileType = wrapper.application; includeInIndex = 0; path = "Calm Money.app"; sourceTree = BUILT_PRODUCTS_DIR; };
		9A9C91911B3444E500DE580F /* AppDelegate.swift */ = {isa = PBXFileReference; lastKnownFileType = sourcecode.swift; path = AppDelegate.swift; sourceTree = "<group>"; };
		9A9C91961B3444E500DE580F /* NumpadViewController.swift */ = {isa = PBXFileReference; lastKnownFileType = sourcecode.swift; path = NumpadViewController.swift; sourceTree = "<group>"; };
		9A9C91991B3444E500DE580F /* Base */ = {isa = PBXFileReference; lastKnownFileType = file.storyboard; name = Base; path = Base.lproj/Main.storyboard; sourceTree = "<group>"; };
		9A9C919B1B3444E500DE580F /* Images.xcassets */ = {isa = PBXFileReference; lastKnownFileType = folder.assetcatalog; path = Images.xcassets; sourceTree = "<group>"; };
		9AA2E9C01B82240E00367068 /* Transaction.swift */ = {isa = PBXFileReference; fileEncoding = 4; lastKnownFileType = sourcecode.swift; path = Transaction.swift; sourceTree = "<group>"; };
		9AA926861BC3AC5C009D16B3 /* Fabric.framework */ = {isa = PBXFileReference; lastKnownFileType = wrapper.framework; path = Fabric.framework; sourceTree = "<group>"; };
		9AA926871BC3AC5C009D16B3 /* Crashlytics.framework */ = {isa = PBXFileReference; lastKnownFileType = wrapper.framework; path = Crashlytics.framework; sourceTree = "<group>"; };
		9AB4438C1BCA1D9E0005146B /* GraphView.swift */ = {isa = PBXFileReference; fileEncoding = 4; lastKnownFileType = sourcecode.swift; path = GraphView.swift; sourceTree = "<group>"; };
		9ABCE1861C4C9AE700B64BC7 /* TabBarController.swift */ = {isa = PBXFileReference; fileEncoding = 4; lastKnownFileType = sourcecode.swift; path = TabBarController.swift; sourceTree = "<group>"; };
		9AC460BE1BD0AB5B00EEE4A7 /* SummaryView.swift */ = {isa = PBXFileReference; fileEncoding = 4; lastKnownFileType = sourcecode.swift; path = SummaryView.swift; sourceTree = "<group>"; };
		9AC460C71BD0B5B800EEE4A7 /* String+Extension.swift */ = {isa = PBXFileReference; fileEncoding = 4; lastKnownFileType = sourcecode.swift; path = "String+Extension.swift"; sourceTree = "<group>"; };
		9ACC025B1B5162EC00F93A4C /* CountriesTableViewController.swift */ = {isa = PBXFileReference; fileEncoding = 4; lastKnownFileType = sourcecode.swift; path = CountriesTableViewController.swift; sourceTree = "<group>"; usesTabs = 1; };
		9ACDB0051C4F4E3E0053CEE5 /* Category.swift */ = {isa = PBXFileReference; fileEncoding = 4; lastKnownFileType = sourcecode.swift; path = Category.swift; sourceTree = "<group>"; };
		9AD308321BC4DB4D00962DE1 /* TransactionsSummaryView.xib */ = {isa = PBXFileReference; fileEncoding = 4; lastKnownFileType = file.xib; path = TransactionsSummaryView.xib; sourceTree = "<group>"; };
		9AEA34F91B79C4ED009C65FE /* Money.swift */ = {isa = PBXFileReference; fileEncoding = 4; lastKnownFileType = sourcecode.swift; path = Money.swift; sourceTree = "<group>"; };
		9AEDFF5C1C3D1CB900541A23 /* Math.swift */ = {isa = PBXFileReference; fileEncoding = 4; lastKnownFileType = sourcecode.swift; path = Math.swift; sourceTree = "<group>"; };
		9AF5392A1BCBD5E00025A604 /* NSDecimalNumber+Extension.swift */ = {isa = PBXFileReference; fileEncoding = 4; lastKnownFileType = sourcecode.swift; name = "NSDecimalNumber+Extension.swift"; path = "../NSDecimalNumber+Extension.swift"; sourceTree = "<group>"; };
		9AF9E1271B4B6F810076BE69 /* DataModel.xcdatamodel */ = {isa = PBXFileReference; lastKnownFileType = wrapper.xcdatamodel; path = DataModel.xcdatamodel; sourceTree = "<group>"; };
		9AF9E12B1B4B92DD0076BE69 /* Model.swift */ = {isa = PBXFileReference; fileEncoding = 4; lastKnownFileType = sourcecode.swift; path = Model.swift; sourceTree = "<group>"; };
		9AFB007F1B576B0F0062C6AE /* Country.swift */ = {isa = PBXFileReference; fileEncoding = 4; lastKnownFileType = sourcecode.swift; path = Country.swift; sourceTree = "<group>"; };
		9AFB00811B576B100062C6AE /* Currency.swift */ = {isa = PBXFileReference; fileEncoding = 4; lastKnownFileType = sourcecode.swift; path = Currency.swift; sourceTree = "<group>"; };
		9AFE7CA91B82DF2B00B7159B /* TransactionsTableViewController.swift */ = {isa = PBXFileReference; fileEncoding = 4; lastKnownFileType = sourcecode.swift; path = TransactionsTableViewController.swift; sourceTree = "<group>"; };
		9AFE7CAB1B82E78C00B7159B /* TransactionTableViewCell.swift */ = {isa = PBXFileReference; fileEncoding = 4; lastKnownFileType = sourcecode.swift; path = TransactionTableViewCell.swift; sourceTree = "<group>"; };
		A760F060DA945CC37203D260 /* Pods-CrabAppTests.release.xcconfig */ = {isa = PBXFileReference; includeInIndex = 1; lastKnownFileType = text.xcconfig; name = "Pods-CrabAppTests.release.xcconfig"; path = "Pods/Target Support Files/Pods-CrabAppTests/Pods-CrabAppTests.release.xcconfig"; sourceTree = "<group>"; };
		AB65195577648467B0467F8C /* Pods_CalmMoneySnapshots.framework */ = {isa = PBXFileReference; explicitFileType = wrapper.framework; includeInIndex = 0; path = Pods_CalmMoneySnapshots.framework; sourceTree = BUILT_PRODUCTS_DIR; };
		B5B539191076B61FC22AEF37 /* Pods-CalmMoneyTests.debug.xcconfig */ = {isa = PBXFileReference; includeInIndex = 1; lastKnownFileType = text.xcconfig; name = "Pods-CalmMoneyTests.debug.xcconfig"; path = "Pods/Target Support Files/Pods-CalmMoneyTests/Pods-CalmMoneyTests.debug.xcconfig"; sourceTree = "<group>"; };
		BA95DFD31E7C58013E65A271 /* Pods-CalmMoneySnapshots.debug.xcconfig */ = {isa = PBXFileReference; includeInIndex = 1; lastKnownFileType = text.xcconfig; name = "Pods-CalmMoneySnapshots.debug.xcconfig"; path = "Pods/Target Support Files/Pods-CalmMoneySnapshots/Pods-CalmMoneySnapshots.debug.xcconfig"; sourceTree = "<group>"; };
		C97919ECCF491A49B4EF5D05 /* Pods_CrabAppTests.framework */ = {isa = PBXFileReference; explicitFileType = wrapper.framework; includeInIndex = 0; path = Pods_CrabAppTests.framework; sourceTree = BUILT_PRODUCTS_DIR; };
/* End PBXFileReference section */

/* Begin PBXFrameworksBuildPhase section */
		3F0396531DF27E5500252187 /* Frameworks */ = {
			isa = PBXFrameworksBuildPhase;
			buildActionMask = 2147483647;
			files = (
				3F8A5F851E1D2952007D0389 /* Crashlytics.framework in Frameworks */,
				5C9D42DE7ADE443569BEE419 /* Pods_CalmMoneyTests.framework in Frameworks */,
			);
			runOnlyForDeploymentPostprocessing = 0;
		};
		3F03966A1DF27FB000252187 /* Frameworks */ = {
			isa = PBXFrameworksBuildPhase;
			buildActionMask = 2147483647;
			files = (
			);
			runOnlyForDeploymentPostprocessing = 0;
		};
		3FFED5BF1DFEFDA60034320B /* Frameworks */ = {
			isa = PBXFrameworksBuildPhase;
			buildActionMask = 2147483647;
			files = (
				3CC40CDDC3D807066ED95F42 /* Pods_CalmMoneySnapshots.framework in Frameworks */,
			);
			runOnlyForDeploymentPostprocessing = 0;
		};
		9A9C91891B3444E500DE580F /* Frameworks */ = {
			isa = PBXFrameworksBuildPhase;
			buildActionMask = 2147483647;
			files = (
				9AA926891BC3AC5C009D16B3 /* Crashlytics.framework in Frameworks */,
				9AA926881BC3AC5C009D16B3 /* Fabric.framework in Frameworks */,
				764F166406CC9F9B477688CF /* Pods_CrabApp.framework in Frameworks */,
				3F1552011DF2E9E6008985B1 /* StoreKit.framework in Frameworks */,
			);
			runOnlyForDeploymentPostprocessing = 0;
		};
/* End PBXFrameworksBuildPhase section */

/* Begin PBXGroup section */
		103B95BDB29D674460FF2FC0 /* Pods */ = {
			isa = PBXGroup;
			children = (
				7CD2044D09203E70A7019907 /* Pods-CrabApp.debug.xcconfig */,
				5A52882C9FC7A80D4B1A6C54 /* Pods-CrabApp.release.xcconfig */,
				003B777BA873BF18FC4065E6 /* Pods-CrabAppTests.debug.xcconfig */,
				A760F060DA945CC37203D260 /* Pods-CrabAppTests.release.xcconfig */,
				B5B539191076B61FC22AEF37 /* Pods-CalmMoneyTests.debug.xcconfig */,
				1915CD61FEFFC716FBF7DD75 /* Pods-CalmMoneyTests.release.xcconfig */,
				BA95DFD31E7C58013E65A271 /* Pods-CalmMoneySnapshots.debug.xcconfig */,
				58A336D8805E1B3B1B5A6292 /* Pods-CalmMoneySnapshots.release.xcconfig */,
			);
			name = Pods;
			sourceTree = "<group>";
		};
		3F0396571DF27E5500252187 /* CalmMoneyTests */ = {
			isa = PBXGroup;
			children = (
				9A4C04F01C3D733C00B2C754 /* Transaction.swift */,
				9A4C04F21C3D742700B2C754 /* Currency.swift */,
				9ACDB0051C4F4E3E0053CEE5 /* Category.swift */,
				3F0396581DF27E5500252187 /* CalmMoneyTests.swift */,
				3F03965A1DF27E5500252187 /* Info.plist */,
				3F4EDD831DF84C8100B216F4 /* Model.swift */,
			);
			path = CalmMoneyTests;
			sourceTree = "<group>";
		};
		3F03966E1DF27FB000252187 /* CalmMoneyUITests */ = {
			isa = PBXGroup;
			children = (
				3F03966F1DF27FB000252187 /* CalmMoneyUITests.swift */,
				3F0396711DF27FB000252187 /* Info.plist */,
			);
			path = CalmMoneyUITests;
			sourceTree = "<group>";
		};
		3F28688D1D88439D00ACBFF4 /* Backend */ = {
			isa = PBXGroup;
			children = (
				3F28688E1D8843B500ACBFF4 /* Backend.swift */,
			);
			name = Backend;
			sourceTree = "<group>";
		};
		3F31629E1E18EB6800E4CD1A /* Profile */ = {
			isa = PBXGroup;
			children = (
				3FFBACA31D9BC54C005C7924 /* ProfileTableViewController.swift */,
				3F3162A11E18ECC900E4CD1A /* DebugViewController.swift */,
				3F3162A21E18ECC900E4CD1A /* DebugViewController.xib */,
			);
			name = Profile;
			sourceTree = "<group>";
		};
		3FFED5C31DFEFDA60034320B /* CalmMoneySnapshots */ = {
			isa = PBXGroup;
			children = (
				3FFED5CC1DFEFE740034320B /* SnapshotHelper.swift */,
				3FFED5C41DFEFDA60034320B /* CalmMoneySnapshots.swift */,
				3FFED5C61DFEFDA60034320B /* Info.plist */,
			);
			path = CalmMoneySnapshots;
			sourceTree = "<group>";
		};
		8068D767FF3DCEC55E48BD84 /* Frameworks */ = {
			isa = PBXGroup;
			children = (
				3F1552001DF2E9E6008985B1 /* StoreKit.framework */,
				1AAB0B1DEFC5FFEE06399F68 /* Pods_CrabApp.framework */,
				C97919ECCF491A49B4EF5D05 /* Pods_CrabAppTests.framework */,
				2EBA5A4DA87460B872384FB5 /* Pods_CalmMoneyTests.framework */,
				AB65195577648467B0467F8C /* Pods_CalmMoneySnapshots.framework */,
			);
			name = Frameworks;
			sourceTree = "<group>";
		};
		9A27C14E1B8592570087ECDD /* ConverterTable */ = {
			isa = PBXGroup;
			children = (
				9A801E8D1B37DFAB00C409C1 /* ConverterTableViewController.swift */,
				9A41FF221B75A32900E529D1 /* AmountTextField.swift */,
				9A9A27421B3A6F1700526310 /* CurrencyAddTableViewCell.swift */,
				9A801E851B37D62600C409C1 /* CurrencyTableViewCell.swift */,
				3FE2BDDC1DF1C3E2009E4321 /* ConverterNotPurchased.xib */,
			);
			name = ConverterTable;
			sourceTree = "<group>";
		};
		9A27C1511B85928D0087ECDD /* CategorySelect */ = {
			isa = PBXGroup;
			children = (
				9A27C1461B85859A0087ECDD /* CategoriesCollectionViewController.swift */,
				9A27C14A1B8592270087ECDD /* CategoryCollectionViewCell.swift */,
				9A4B72101BF07F7400E19042 /* CategoryAddViewController.swift */,
			);
			name = CategorySelect;
			sourceTree = "<group>";
		};
		9A36FCE01BD91AA600BD81C0 /* AllCurrencies */ = {
			isa = PBXGroup;
			children = (
				9A36FCE51BD9E52300BD81C0 /* AllCurrenciesSearchCell.xib */,
				9A36FCE11BD9E13600BD81C0 /* ResultsTableController.swift */,
				9A04DA101B5CF5A3005230C0 /* AllCurrenciesTableViewController.swift */,
				9A36FCDA1BD91AA000BD81C0 /* AllCurrenciesTableViewCell.swift */,
			);
			name = AllCurrencies;
			sourceTree = "<group>";
		};
		9A827C9B1C1D71B70025FC5B /* Insights */ = {
			isa = PBXGroup;
			children = (
				3F54DDDC1E1A974800C61537 /* InsightsEmptyView.xib */,
				9A4D03AC1C1BD37900327679 /* InsightsTableViewController.swift */,
				9A827C991C1D708F0025FC5B /* InsightsCategoriesTableViewController.swift */,
				9A827C9C1C1D71E00025FC5B /* InsightsCategoryTableViewCell.swift */,
				9AFE7CAB1B82E78C00B7159B /* TransactionTableViewCell.swift */,
				9AFE7CA91B82DF2B00B7159B /* TransactionsTableViewController.swift */,
				9A827C9E1C1DBE380025FC5B /* TransactionDetailTableViewController.swift */,
				3FD5918E1C6B7A0800495C2C /* BudgetTableViewController.swift */,
			);
			name = Insights;
			sourceTree = "<group>";
		};
		9A91B4211BCCB8EF00964B36 /* Extension */ = {
			isa = PBXGroup;
			children = (
				9AF5392A1BCBD5E00025A604 /* NSDecimalNumber+Extension.swift */,
				9A91B41B1BCCB8E000964B36 /* NSNumberFormatter+Extension.swift */,
				9AC460C71BD0B5B800EEE4A7 /* String+Extension.swift */,
				9A827C931C1D3EF50025FC5B /* Date+Extension.swift */,
				9A827C951C1D41220025FC5B /* UIViewController+Extension.swift */,
				9A5DB9911C2A5F63007B85B8 /* UIColor+Extension.swift */,
				9A3C57911C51F3AC001CB79D /* NSLayoutConstraint+Extension.swift */,
				3FE9B35A1D9AB8720077A832 /* Alamofire.Manager+Extension.swift */,
				3FDEC0041DB8FC9B00A6A07D /* UIFont+Extension.swift */,
				3F3F150A1DF5979600CFAF34 /* Dictionary+Extension.swift */,
				3FFB07581DFD29E7004F4514 /* UIImage+Extension.swift */,
			);
			name = Extension;
			sourceTree = "<group>";
		};
		9A9C91831B3444E500DE580F = {
			isa = PBXGroup;
			children = (
				9A9C918E1B3444E500DE580F /* CalmMoney */,
				3F0396571DF27E5500252187 /* CalmMoneyTests */,
				3F03966E1DF27FB000252187 /* CalmMoneyUITests */,
				3FFED5C31DFEFDA60034320B /* CalmMoneySnapshots */,
				9A9C918D1B3444E500DE580F /* Products */,
				9AA926861BC3AC5C009D16B3 /* Fabric.framework */,
				9AA926871BC3AC5C009D16B3 /* Crashlytics.framework */,
				103B95BDB29D674460FF2FC0 /* Pods */,
				8068D767FF3DCEC55E48BD84 /* Frameworks */,
				3F31629D1E18E14D00E4CD1A /* CrabApp copy-Info.plist */,
			);
			sourceTree = "<group>";
			usesTabs = 1;
		};
		9A9C918D1B3444E500DE580F /* Products */ = {
			isa = PBXGroup;
			children = (
				9A9C918C1B3444E500DE580F /* Calm Money.app */,
				3F0396561DF27E5500252187 /* CalmMoneyTests.xctest */,
				3F03966D1DF27FB000252187 /* CalmMoneyUITests.xctest */,
				3FFED5C21DFEFDA60034320B /* CalmMoneySnapshots.xctest */,
			);
			name = Products;
			sourceTree = "<group>";
		};
		9A9C918E1B3444E500DE580F /* CalmMoney */ = {
			isa = PBXGroup;
			children = (
				3FE2BDD61DF1BDD2009E4321 /* Config.plist */,
				9A9C91911B3444E500DE580F /* AppDelegate.swift */,
				9ABCE1861C4C9AE700B64BC7 /* TabBarController.swift */,
				3F28688D1D88439D00ACBFF4 /* Backend */,
				9A91B4211BCCB8EF00964B36 /* Extension */,
				9A827C9B1C1D71B70025FC5B /* Insights */,
				9AC590231C4BCBA900205287 /* NumPad */,
				9A9C91981B3444E500DE580F /* Main.storyboard */,
				3F31629E1E18EB6800E4CD1A /* Profile */,
				3FFB07541DFB093C004F4514 /* TermsViewController.swift */,
				9A43CA171BFD8EBF00D42507 /* SettingsTableViewController.swift */,
				9AD3082D1BC4D70800962DE1 /* TransactionsTable */,
				9ACC025B1B5162EC00F93A4C /* CountriesTableViewController.swift */,
				9A0B11921B4E2D9400BC8BB1 /* Networking.swift */,
				9A9C919B1B3444E500DE580F /* Images.xcassets */,
				9A36FCE01BD91AA600BD81C0 /* AllCurrencies */,
				9A27C1511B85928D0087ECDD /* CategorySelect */,
				9A27C14E1B8592570087ECDD /* ConverterTable */,
				9AEA34FE1B79C55E009C65FE /* Model */,
				9A9C918F1B3444E500DE580F /* Supporting Files */,
				9AF9E1261B4B6F810076BE69 /* DataModel.xcdatamodeld */,
				3F7E50E91D96A0D100EA9911 /* CrabApp-Bridging-Header.h */,
				3F2108BB1E1CC4CA008217DA /* ObjC.h */,
				3F2108BC1E1CC4FC008217DA /* ObjC.m */,
			);
			path = CalmMoney;
			sourceTree = "<group>";
		};
		9A9C918F1B3444E500DE580F /* Supporting Files */ = {
			isa = PBXGroup;
			children = (
				3FD77B8F1E2A8BF300AE1232 /* Info.plist */,
				3F9601481E2A900500890A8A /* InfoPlist.strings */,
				9A3F0FC11C4B5190009F0BA0 /* currencies.json */,
				9A0BE4531BF45266002D6F5F /* categories.json */,
				3F54DDCE1E1A8D4700C61537 /* Localizable.strings */,
			);
			name = "Supporting Files";
			sourceTree = "<group>";
		};
		9AC590231C4BCBA900205287 /* NumPad */ = {
			isa = PBXGroup;
			children = (
				9A9C91961B3444E500DE580F /* NumpadViewController.swift */,
				9A0A82F71C2CFE66005BEE09 /* NumpadView.swift */,
				9A3C57931C537971001CB79D /* CurrencyView.swift */,
				3FE2BDD91DF1C1D6009E4321 /* NumpadNotPurchased.xib */,
			);
			name = NumPad;
			sourceTree = "<group>";
		};
		9AD3082D1BC4D70800962DE1 /* TransactionsTable */ = {
			isa = PBXGroup;
			children = (
				9AB4438C1BCA1D9E0005146B /* GraphView.swift */,
				9AD308321BC4DB4D00962DE1 /* TransactionsSummaryView.xib */,
				9AC460BE1BD0AB5B00EEE4A7 /* SummaryView.swift */,
			);
			name = TransactionsTable;
			sourceTree = "<group>";
		};
		9AEA34FE1B79C55E009C65FE /* Model */ = {
			isa = PBXGroup;
			children = (
				3FE2BDDD1DF1C596009E4321 /* Rater.swift */,
				9A27C1481B8586220087ECDD /* Category.swift */,
				9A5CA8971B7862B000AE3BA3 /* HandsOnCurrency.swift */,
				9AFB00811B576B100062C6AE /* Currency.swift */,
				9AFB007F1B576B0F0062C6AE /* Country.swift */,
				9AEA34F91B79C4ED009C65FE /* Money.swift */,
				9AF9E12B1B4B92DD0076BE69 /* Model.swift */,
				9AA2E9C01B82240E00367068 /* Transaction.swift */,
				9A827C8D1C1D2B9C0025FC5B /* PeriodFloat.swift */,
				3F94E6A31E3CC858005AFBE4 /* PeriodMonth.swift */,
				9AEDFF5C1C3D1CB900541A23 /* Math.swift */,
				3FE2BDCE1DF1B7E3009E4321 /* Purchase.swift */,
				3FE2BDDF1DF1CC20009E4321 /* Config.swift */,
				3FFB07561DFC3701004F4514 /* Alerter.swift */,
			);
			name = Model;
			sourceTree = "<group>";
		};
/* End PBXGroup section */

/* Begin PBXNativeTarget section */
		3F0396551DF27E5500252187 /* CalmMoneyTests */ = {
			isa = PBXNativeTarget;
			buildConfigurationList = 3F03965D1DF27E5500252187 /* Build configuration list for PBXNativeTarget "CalmMoneyTests" */;
			buildPhases = (
				3583736C1B261E31D85D8188 /* [CP] Check Pods Manifest.lock */,
				3F0396521DF27E5500252187 /* Sources */,
				3F0396531DF27E5500252187 /* Frameworks */,
				3F0396541DF27E5500252187 /* Resources */,
				1A0C6EC5B6D54F770DAE144C /* [CP] Embed Pods Frameworks */,
				8420E11F7A014FA423F4CBF5 /* [CP] Copy Pods Resources */,
			);
			buildRules = (
			);
			dependencies = (
				3F03965C1DF27E5500252187 /* PBXTargetDependency */,
			);
			name = CalmMoneyTests;
			productName = CalmMoneyTests;
			productReference = 3F0396561DF27E5500252187 /* CalmMoneyTests.xctest */;
			productType = "com.apple.product-type.bundle.unit-test";
		};
		3F03966C1DF27FB000252187 /* CalmMoneyUITests */ = {
			isa = PBXNativeTarget;
			buildConfigurationList = 3F0396741DF27FB000252187 /* Build configuration list for PBXNativeTarget "CalmMoneyUITests" */;
			buildPhases = (
				3F0396691DF27FB000252187 /* Sources */,
				3F03966A1DF27FB000252187 /* Frameworks */,
				3F03966B1DF27FB000252187 /* Resources */,
			);
			buildRules = (
			);
			dependencies = (
				3F0396731DF27FB000252187 /* PBXTargetDependency */,
			);
			name = CalmMoneyUITests;
			productName = CalmMoneyUITests;
			productReference = 3F03966D1DF27FB000252187 /* CalmMoneyUITests.xctest */;
			productType = "com.apple.product-type.bundle.ui-testing";
		};
		3FFED5C11DFEFDA60034320B /* CalmMoneySnapshots */ = {
			isa = PBXNativeTarget;
			buildConfigurationList = 3FFED5CB1DFEFDA60034320B /* Build configuration list for PBXNativeTarget "CalmMoneySnapshots" */;
			buildPhases = (
				3DB32ADD4301BE47CF171109 /* [CP] Check Pods Manifest.lock */,
				3FFED5BE1DFEFDA60034320B /* Sources */,
				3FFED5BF1DFEFDA60034320B /* Frameworks */,
				3FFED5C01DFEFDA60034320B /* Resources */,
				042635D3FFBBDEE478140A2E /* [CP] Embed Pods Frameworks */,
				196E14F7DC6193072706BB4C /* [CP] Copy Pods Resources */,
			);
			buildRules = (
			);
			dependencies = (
				3FFED5C81DFEFDA60034320B /* PBXTargetDependency */,
			);
			name = CalmMoneySnapshots;
			productName = CalmMoneySnapshots;
			productReference = 3FFED5C21DFEFDA60034320B /* CalmMoneySnapshots.xctest */;
			productType = "com.apple.product-type.bundle.ui-testing";
		};
		9A9C918B1B3444E500DE580F /* CrabApp */ = {
			isa = PBXNativeTarget;
			buildConfigurationList = 9A9C91AE1B3444E500DE580F /* Build configuration list for PBXNativeTarget "CrabApp" */;
			buildPhases = (
				6CCD7C300A6F4C086D9722B1 /* [CP] Check Pods Manifest.lock */,
				9A9C91881B3444E500DE580F /* Sources */,
				9A9C91891B3444E500DE580F /* Frameworks */,
				9A9C918A1B3444E500DE580F /* Resources */,
				9AB80D301B4E39E3007D1B92 /* Embed Frameworks */,
				9AA926811BC3ABF9009D16B3 /* ShellScript */,
				0796E628B4A84CFEE3753537 /* [CP] Embed Pods Frameworks */,
				76FA795F9A3C9D8BC3E2E816 /* [CP] Copy Pods Resources */,
			);
			buildRules = (
			);
			dependencies = (
			);
			name = CrabApp;
			productName = "Finance App for Travellers";
			productReference = 9A9C918C1B3444E500DE580F /* Calm Money.app */;
			productType = "com.apple.product-type.application";
		};
/* End PBXNativeTarget section */

/* Begin PBXProject section */
		9A9C91841B3444E500DE580F /* Project object */ = {
			isa = PBXProject;
			attributes = {
				LastSwiftMigration = 0700;
				LastSwiftUpdateCheck = 0810;
				LastUpgradeCheck = 0810;
				ORGANIZATIONNAME = "Oleg Kubrakov";
				TargetAttributes = {
					3F0396551DF27E5500252187 = {
						CreatedOnToolsVersion = 8.1;
						DevelopmentTeam = Y54725FB3U;
						ProvisioningStyle = Automatic;
						TestTargetID = 9A9C918B1B3444E500DE580F;
					};
					3F03966C1DF27FB000252187 = {
						CreatedOnToolsVersion = 8.1;
						ProvisioningStyle = Automatic;
						TestTargetID = 9A9C918B1B3444E500DE580F;
					};
					3FFED5C11DFEFDA60034320B = {
						CreatedOnToolsVersion = 8.1;
						ProvisioningStyle = Automatic;
						TestTargetID = 9A9C918B1B3444E500DE580F;
					};
					9A9C918B1B3444E500DE580F = {
						CreatedOnToolsVersion = 6.3.2;
						DevelopmentTeam = 64RQC7L2B5;
						LastSwiftMigration = 0800;
						ProvisioningStyle = Manual;
						SystemCapabilities = {
							com.apple.BackgroundModes = {
								enabled = 1;
							};
							com.apple.InAppPurchase = {
								enabled = 1;
							};
						};
					};
				};
			};
			buildConfigurationList = 9A9C91871B3444E500DE580F /* Build configuration list for PBXProject "CalmMoney" */;
			compatibilityVersion = "Xcode 6.3";
			developmentRegion = English;
			hasScannedForEncodings = 0;
			knownRegions = (
				en,
				Base,
				ru,
				de,
			);
			mainGroup = 9A9C91831B3444E500DE580F;
			productRefGroup = 9A9C918D1B3444E500DE580F /* Products */;
			projectDirPath = "";
			projectRoot = "";
			targets = (
				9A9C918B1B3444E500DE580F /* CrabApp */,
				3F0396551DF27E5500252187 /* CalmMoneyTests */,
				3F03966C1DF27FB000252187 /* CalmMoneyUITests */,
				3FFED5C11DFEFDA60034320B /* CalmMoneySnapshots */,
			);
		};
/* End PBXProject section */

/* Begin PBXResourcesBuildPhase section */
		3F0396541DF27E5500252187 /* Resources */ = {
			isa = PBXResourcesBuildPhase;
			buildActionMask = 2147483647;
			files = (
			);
			runOnlyForDeploymentPostprocessing = 0;
		};
		3F03966B1DF27FB000252187 /* Resources */ = {
			isa = PBXResourcesBuildPhase;
			buildActionMask = 2147483647;
			files = (
			);
			runOnlyForDeploymentPostprocessing = 0;
		};
		3FFED5C01DFEFDA60034320B /* Resources */ = {
			isa = PBXResourcesBuildPhase;
			buildActionMask = 2147483647;
			files = (
			);
			runOnlyForDeploymentPostprocessing = 0;
		};
		9A9C918A1B3444E500DE580F /* Resources */ = {
			isa = PBXResourcesBuildPhase;
			buildActionMask = 2147483647;
			files = (
				9A0BE4511BF45266002D6F5F /* categories.json in Resources */,
				3F54DDCC1E1A8D4700C61537 /* Localizable.strings in Resources */,
				3FE2BDD71DF1C1D6009E4321 /* NumpadNotPurchased.xib in Resources */,
				3F9601461E2A900500890A8A /* InfoPlist.strings in Resources */,
				9AD308331BC4DB4D00962DE1 /* TransactionsSummaryView.xib in Resources */,
				9A3F0FC21C4B5190009F0BA0 /* currencies.json in Resources */,
				9A9C919A1B3444E500DE580F /* Main.storyboard in Resources */,
				3F3162A41E18ECC900E4CD1A /* DebugViewController.xib in Resources */,
				3FE2BDDA1DF1C3E2009E4321 /* ConverterNotPurchased.xib in Resources */,
				9A36FCE61BD9E52300BD81C0 /* AllCurrenciesSearchCell.xib in Resources */,
				9A9C919C1B3444E500DE580F /* Images.xcassets in Resources */,
				3F54DDDA1E1A974800C61537 /* InsightsEmptyView.xib in Resources */,
				3FE2BDD41DF1BDD2009E4321 /* Config.plist in Resources */,
			);
			runOnlyForDeploymentPostprocessing = 0;
		};
/* End PBXResourcesBuildPhase section */

/* Begin PBXShellScriptBuildPhase section */
		042635D3FFBBDEE478140A2E /* [CP] Embed Pods Frameworks */ = {
			isa = PBXShellScriptBuildPhase;
			buildActionMask = 2147483647;
			files = (
			);
			inputPaths = (
			);
			name = "[CP] Embed Pods Frameworks";
			outputPaths = (
			);
			runOnlyForDeploymentPostprocessing = 0;
			shellPath = /bin/sh;
			shellScript = "\"${SRCROOT}/Pods/Target Support Files/Pods-CalmMoneySnapshots/Pods-CalmMoneySnapshots-frameworks.sh\"\n";
			showEnvVarsInLog = 0;
		};
		0796E628B4A84CFEE3753537 /* [CP] Embed Pods Frameworks */ = {
			isa = PBXShellScriptBuildPhase;
			buildActionMask = 2147483647;
			files = (
			);
			inputPaths = (
			);
			name = "[CP] Embed Pods Frameworks";
			outputPaths = (
			);
			runOnlyForDeploymentPostprocessing = 0;
			shellPath = /bin/sh;
			shellScript = "\"${SRCROOT}/Pods/Target Support Files/Pods-CrabApp/Pods-CrabApp-frameworks.sh\"\n";
			showEnvVarsInLog = 0;
		};
		196E14F7DC6193072706BB4C /* [CP] Copy Pods Resources */ = {
			isa = PBXShellScriptBuildPhase;
			buildActionMask = 2147483647;
			files = (
			);
			inputPaths = (
			);
			name = "[CP] Copy Pods Resources";
			outputPaths = (
			);
			runOnlyForDeploymentPostprocessing = 0;
			shellPath = /bin/sh;
			shellScript = "\"${SRCROOT}/Pods/Target Support Files/Pods-CalmMoneySnapshots/Pods-CalmMoneySnapshots-resources.sh\"\n";
			showEnvVarsInLog = 0;
		};
		1A0C6EC5B6D54F770DAE144C /* [CP] Embed Pods Frameworks */ = {
			isa = PBXShellScriptBuildPhase;
			buildActionMask = 2147483647;
			files = (
			);
			inputPaths = (
			);
			name = "[CP] Embed Pods Frameworks";
			outputPaths = (
			);
			runOnlyForDeploymentPostprocessing = 0;
			shellPath = /bin/sh;
			shellScript = "\"${SRCROOT}/Pods/Target Support Files/Pods-CalmMoneyTests/Pods-CalmMoneyTests-frameworks.sh\"\n";
			showEnvVarsInLog = 0;
		};
		3583736C1B261E31D85D8188 /* [CP] Check Pods Manifest.lock */ = {
			isa = PBXShellScriptBuildPhase;
			buildActionMask = 2147483647;
			files = (
			);
			inputPaths = (
			);
			name = "[CP] Check Pods Manifest.lock";
			outputPaths = (
			);
			runOnlyForDeploymentPostprocessing = 0;
			shellPath = /bin/sh;
			shellScript = "diff \"${PODS_ROOT}/../Podfile.lock\" \"${PODS_ROOT}/Manifest.lock\" > /dev/null\nif [ $? != 0 ] ; then\n    # print error to STDERR\n    echo \"error: The sandbox is not in sync with the Podfile.lock. Run 'pod install' or update your CocoaPods installation.\" >&2\n    exit 1\nfi\n";
			showEnvVarsInLog = 0;
		};
		3DB32ADD4301BE47CF171109 /* [CP] Check Pods Manifest.lock */ = {
			isa = PBXShellScriptBuildPhase;
			buildActionMask = 2147483647;
			files = (
			);
			inputPaths = (
			);
			name = "[CP] Check Pods Manifest.lock";
			outputPaths = (
			);
			runOnlyForDeploymentPostprocessing = 0;
			shellPath = /bin/sh;
			shellScript = "diff \"${PODS_ROOT}/../Podfile.lock\" \"${PODS_ROOT}/Manifest.lock\" > /dev/null\nif [ $? != 0 ] ; then\n    # print error to STDERR\n    echo \"error: The sandbox is not in sync with the Podfile.lock. Run 'pod install' or update your CocoaPods installation.\" >&2\n    exit 1\nfi\n";
			showEnvVarsInLog = 0;
		};
		6CCD7C300A6F4C086D9722B1 /* [CP] Check Pods Manifest.lock */ = {
			isa = PBXShellScriptBuildPhase;
			buildActionMask = 2147483647;
			files = (
			);
			inputPaths = (
			);
			name = "[CP] Check Pods Manifest.lock";
			outputPaths = (
			);
			runOnlyForDeploymentPostprocessing = 0;
			shellPath = /bin/sh;
			shellScript = "diff \"${PODS_ROOT}/../Podfile.lock\" \"${PODS_ROOT}/Manifest.lock\" > /dev/null\nif [ $? != 0 ] ; then\n    # print error to STDERR\n    echo \"error: The sandbox is not in sync with the Podfile.lock. Run 'pod install' or update your CocoaPods installation.\" >&2\n    exit 1\nfi\n";
			showEnvVarsInLog = 0;
		};
		76FA795F9A3C9D8BC3E2E816 /* [CP] Copy Pods Resources */ = {
			isa = PBXShellScriptBuildPhase;
			buildActionMask = 2147483647;
			files = (
			);
			inputPaths = (
			);
			name = "[CP] Copy Pods Resources";
			outputPaths = (
			);
			runOnlyForDeploymentPostprocessing = 0;
			shellPath = /bin/sh;
			shellScript = "\"${SRCROOT}/Pods/Target Support Files/Pods-CrabApp/Pods-CrabApp-resources.sh\"\n";
			showEnvVarsInLog = 0;
		};
		8420E11F7A014FA423F4CBF5 /* [CP] Copy Pods Resources */ = {
			isa = PBXShellScriptBuildPhase;
			buildActionMask = 2147483647;
			files = (
			);
			inputPaths = (
			);
			name = "[CP] Copy Pods Resources";
			outputPaths = (
			);
			runOnlyForDeploymentPostprocessing = 0;
			shellPath = /bin/sh;
			shellScript = "\"${SRCROOT}/Pods/Target Support Files/Pods-CalmMoneyTests/Pods-CalmMoneyTests-resources.sh\"\n";
			showEnvVarsInLog = 0;
		};
		9AA926811BC3ABF9009D16B3 /* ShellScript */ = {
			isa = PBXShellScriptBuildPhase;
			buildActionMask = 2147483647;
			files = (
			);
			inputPaths = (
			);
			outputPaths = (
			);
			runOnlyForDeploymentPostprocessing = 0;
			shellPath = /bin/sh;
			shellScript = "./Fabric.framework/run 78b1e0e15cded496be7f34340550acd958032292 cd21d2ccadc5ab94b7339702447a750dd6af4bd28c79791f357e741edae4b3b3";
		};
/* End PBXShellScriptBuildPhase section */

/* Begin PBXSourcesBuildPhase section */
		3F0396521DF27E5500252187 /* Sources */ = {
			isa = PBXSourcesBuildPhase;
			buildActionMask = 2147483647;
			files = (
				3F4EDD811DF849D100B216F4 /* Purchase.swift in Sources */,
				3F0396611DF27EBC00252187 /* Currency.swift in Sources */,
				3F0396601DF27EB700252187 /* Transaction.swift in Sources */,
				3F4EDD841DF84C8100B216F4 /* Model.swift in Sources */,
				3F0396591DF27E5500252187 /* CalmMoneyTests.swift in Sources */,
				3F94E6A51E3CC85D005AFBE4 /* PeriodMonth.swift in Sources */,
				3F8A5F861E1D2985007D0389 /* ObjC.m in Sources */,
				3F0396671DF27F5500252187 /* NSNumberFormatter+Extension.swift in Sources */,
				3F4EDD851DF84D0F00B216F4 /* Config.swift in Sources */,
				3F0396661DF27F3200252187 /* NSDecimalNumber+Extension.swift in Sources */,
				3FFB075A1DFDA6CF004F4514 /* String+Extension.swift in Sources */,
				3F0396621DF27EC000252187 /* Category.swift in Sources */,
				3F0396681DF27F5900252187 /* Money.swift in Sources */,
				3F0396651DF27F1A00252187 /* Date+Extension.swift in Sources */,
				3F0396641DF27EF200252187 /* PeriodFloat.swift in Sources */,
				3F0396631DF27EE500252187 /* Math.swift in Sources */,
			);
			runOnlyForDeploymentPostprocessing = 0;
		};
		3F0396691DF27FB000252187 /* Sources */ = {
			isa = PBXSourcesBuildPhase;
			buildActionMask = 2147483647;
			files = (
				3F0396701DF27FB000252187 /* CalmMoneyUITests.swift in Sources */,
			);
			runOnlyForDeploymentPostprocessing = 0;
		};
		3FFED5BE1DFEFDA60034320B /* Sources */ = {
			isa = PBXSourcesBuildPhase;
			buildActionMask = 2147483647;
			files = (
				3FFED5C51DFEFDA60034320B /* CalmMoneySnapshots.swift in Sources */,
				3FFED5CD1DFEFE740034320B /* SnapshotHelper.swift in Sources */,
			);
			runOnlyForDeploymentPostprocessing = 0;
		};
		9A9C91881B3444E500DE580F /* Sources */ = {
			isa = PBXSourcesBuildPhase;
			buildActionMask = 2147483647;
			files = (
				9A4B72111BF07F7400E19042 /* CategoryAddViewController.swift in Sources */,
				9AB4438D1BCA1D9E0005146B /* GraphView.swift in Sources */,
				9AC460BF1BD0AB5B00EEE4A7 /* SummaryView.swift in Sources */,
				9A36FCDB1BD91AA000BD81C0 /* AllCurrenciesTableViewCell.swift in Sources */,
				9A827C9F1C1DBE380025FC5B /* TransactionDetailTableViewController.swift in Sources */,
				3F94E6A41E3CC858005AFBE4 /* PeriodMonth.swift in Sources */,
				9A04DA111B5CF5A3005230C0 /* AllCurrenciesTableViewController.swift in Sources */,
				3FFBACA41D9BC54C005C7924 /* ProfileTableViewController.swift in Sources */,
				9AF9E12C1B4B92DD0076BE69 /* Model.swift in Sources */,
				3FFB07551DFB093C004F4514 /* TermsViewController.swift in Sources */,
				9AA2E9C11B82240E00367068 /* Transaction.swift in Sources */,
				9A0B11931B4E2D9400BC8BB1 /* Networking.swift in Sources */,
				3F2108BD1E1CC4FC008217DA /* ObjC.m in Sources */,
				9AF9E1281B4B6F810076BE69 /* DataModel.xcdatamodeld in Sources */,
				9A9A27431B3A6F1700526310 /* CurrencyAddTableViewCell.swift in Sources */,
				9AFE7CAA1B82DF2B00B7159B /* TransactionsTableViewController.swift in Sources */,
				9A27C14B1B8592270087ECDD /* CategoryCollectionViewCell.swift in Sources */,
				9A3C57941C537972001CB79D /* CurrencyView.swift in Sources */,
				3FE2BDCF1DF1B7E3009E4321 /* Purchase.swift in Sources */,
				9A41FF231B75A32900E529D1 /* AmountTextField.swift in Sources */,
				9AEA34FA1B79C4ED009C65FE /* Money.swift in Sources */,
				9AFE7CAC1B82E78C00B7159B /* TransactionTableViewCell.swift in Sources */,
				9A36FCE21BD9E13600BD81C0 /* ResultsTableController.swift in Sources */,
				3FE9B35B1D9AB8720077A832 /* Alamofire.Manager+Extension.swift in Sources */,
				3FE2BDDE1DF1C596009E4321 /* Rater.swift in Sources */,
				3FDEC0051DB8FC9B00A6A07D /* UIFont+Extension.swift in Sources */,
				9AFB00801B576B0F0062C6AE /* Country.swift in Sources */,
				9A27C1471B85859A0087ECDD /* CategoriesCollectionViewController.swift in Sources */,
				9A801E8E1B37DFAB00C409C1 /* ConverterTableViewController.swift in Sources */,
				9A5CA8981B7862B000AE3BA3 /* HandsOnCurrency.swift in Sources */,
				3FD5918F1C6B7A0800495C2C /* BudgetTableViewController.swift in Sources */,
				3F3F150B1DF5979600CFAF34 /* Dictionary+Extension.swift in Sources */,
				9AFB00821B576B100062C6AE /* Currency.swift in Sources */,
				9A3C57921C51F3AC001CB79D /* NSLayoutConstraint+Extension.swift in Sources */,
				9ABCE1871C4C9AE700B64BC7 /* TabBarController.swift in Sources */,
				9A9C91971B3444E500DE580F /* NumpadViewController.swift in Sources */,
				9A827C8E1C1D2B9C0025FC5B /* PeriodFloat.swift in Sources */,
				3F892D081C5F910700D0DB54 /* UIViewController+Extension.swift in Sources */,
				3FFB07571DFC3701004F4514 /* Alerter.swift in Sources */,
				9A827C9D1C1D71E00025FC5B /* InsightsCategoryTableViewCell.swift in Sources */,
				9A0A82F81C2CFE66005BEE09 /* NumpadView.swift in Sources */,
				9A91B41C1BCCB8E000964B36 /* NSNumberFormatter+Extension.swift in Sources */,
				9A827C9A1C1D708F0025FC5B /* InsightsCategoriesTableViewController.swift in Sources */,
				3F28688F1D8843B500ACBFF4 /* Backend.swift in Sources */,
				3FFB07591DFD29E7004F4514 /* UIImage+Extension.swift in Sources */,
				9A801E861B37D62600C409C1 /* CurrencyTableViewCell.swift in Sources */,
				9AEDFF5D1C3D1CB900541A23 /* Math.swift in Sources */,
				9A9C91921B3444E500DE580F /* AppDelegate.swift in Sources */,
				9AF5392B1BCBD5E00025A604 /* NSDecimalNumber+Extension.swift in Sources */,
				9A4D03AD1C1BD37900327679 /* InsightsTableViewController.swift in Sources */,
				3FE2BDE01DF1CC20009E4321 /* Config.swift in Sources */,
				9A43CA181BFD8EBF00D42507 /* SettingsTableViewController.swift in Sources */,
				3F3162A31E18ECC900E4CD1A /* DebugViewController.swift in Sources */,
				9ACC025C1B5162EC00F93A4C /* CountriesTableViewController.swift in Sources */,
				9AC460C81BD0B5B800EEE4A7 /* String+Extension.swift in Sources */,
				9A5DB9921C2A5F63007B85B8 /* UIColor+Extension.swift in Sources */,
				9A27C1491B8586220087ECDD /* Category.swift in Sources */,
				9A827C941C1D3EF50025FC5B /* Date+Extension.swift in Sources */,
			);
			runOnlyForDeploymentPostprocessing = 0;
		};
/* End PBXSourcesBuildPhase section */

/* Begin PBXTargetDependency section */
		3F03965C1DF27E5500252187 /* PBXTargetDependency */ = {
			isa = PBXTargetDependency;
			target = 9A9C918B1B3444E500DE580F /* CrabApp */;
			targetProxy = 3F03965B1DF27E5500252187 /* PBXContainerItemProxy */;
		};
		3F0396731DF27FB000252187 /* PBXTargetDependency */ = {
			isa = PBXTargetDependency;
			target = 9A9C918B1B3444E500DE580F /* CrabApp */;
			targetProxy = 3F0396721DF27FB000252187 /* PBXContainerItemProxy */;
		};
		3FFED5C81DFEFDA60034320B /* PBXTargetDependency */ = {
			isa = PBXTargetDependency;
			target = 9A9C918B1B3444E500DE580F /* CrabApp */;
			targetProxy = 3FFED5C71DFEFDA60034320B /* PBXContainerItemProxy */;
		};
/* End PBXTargetDependency section */

/* Begin PBXVariantGroup section */
		3F54DDCE1E1A8D4700C61537 /* Localizable.strings */ = {
			isa = PBXVariantGroup;
			children = (
				3F54DDCD1E1A8D4700C61537 /* Base */,
				3F54DDCF1E1A8D4D00C61537 /* en */,
				3F54DDD01E1A8D5000C61537 /* ru */,
				3F7AE6B61E2E12A500FCFB5D /* de */,
			);
			name = Localizable.strings;
			sourceTree = "<group>";
		};
		3F54DDDC1E1A974800C61537 /* InsightsEmptyView.xib */ = {
			isa = PBXVariantGroup;
			children = (
				3F54DDDB1E1A974800C61537 /* Base */,
				3F54DDDE1E1A974D00C61537 /* en */,
				3F54DDE01E1A974F00C61537 /* ru */,
				3F7AE6B01E2E12A500FCFB5D /* de */,
			);
			name = InsightsEmptyView.xib;
			sourceTree = "<group>";
		};
		3F9601481E2A900500890A8A /* InfoPlist.strings */ = {
			isa = PBXVariantGroup;
			children = (
				3F9601471E2A900500890A8A /* Base */,
				3F9601491E2A900600890A8A /* en */,
				3F96014A1E2A900700890A8A /* ru */,
				3F7AE6B41E2E12A500FCFB5D /* de */,
			);
			name = InfoPlist.strings;
			sourceTree = "<group>";
		};
		3FD77B8F1E2A8BF300AE1232 /* Info.plist */ = {
			isa = PBXVariantGroup;
			children = (
				3FD77B8E1E2A8BF300AE1232 /* Base */,
			);
			name = Info.plist;
			sourceTree = "<group>";
		};
		3FE2BDD61DF1BDD2009E4321 /* Config.plist */ = {
			isa = PBXVariantGroup;
			children = (
				3FE2BDD51DF1BDD2009E4321 /* en */,
			);
			name = Config.plist;
			path = ..;
			sourceTree = "<group>";
		};
		3FE2BDD91DF1C1D6009E4321 /* NumpadNotPurchased.xib */ = {
			isa = PBXVariantGroup;
			children = (
				3FE2BDD81DF1C1D6009E4321 /* Base */,
				3F54DDD71E1A964B00C61537 /* en */,
				3F54DDD91E1A964E00C61537 /* ru */,
				3F7AE6B11E2E12A500FCFB5D /* de */,
			);
			name = NumpadNotPurchased.xib;
			sourceTree = "<group>";
		};
		3FE2BDDC1DF1C3E2009E4321 /* ConverterNotPurchased.xib */ = {
			isa = PBXVariantGroup;
			children = (
				3FE2BDDB1DF1C3E2009E4321 /* Base */,
				3F54DDE41E1A97AB00C61537 /* ru */,
				3FFE07DC1E2877F00058E5DD /* en */,
				3F7AE6B31E2E12A500FCFB5D /* de */,
			);
			name = ConverterNotPurchased.xib;
			sourceTree = "<group>";
		};
		9A0BE4531BF45266002D6F5F /* categories.json */ = {
			isa = PBXVariantGroup;
			children = (
				9A0BE4521BF45266002D6F5F /* en */,
				9A0BE4541BF4526E002D6F5F /* ru */,
				3F7AE6B51E2E12A500FCFB5D /* de */,
			);
			name = categories.json;
			path = ..;
			sourceTree = "<group>";
		};
		9A9C91981B3444E500DE580F /* Main.storyboard */ = {
			isa = PBXVariantGroup;
			children = (
				9A9C91991B3444E500DE580F /* Base */,
				3F54DDD21E1A8E4300C61537 /* en */,
				3F54DDD41E1A8E5200C61537 /* ru */,
				3F7AE6B21E2E12A500FCFB5D /* de */,
			);
			name = Main.storyboard;
			sourceTree = "<group>";
		};
/* End PBXVariantGroup section */

/* Begin XCBuildConfiguration section */
		3F03965E1DF27E5500252187 /* Debug */ = {
			isa = XCBuildConfiguration;
			baseConfigurationReference = B5B539191076B61FC22AEF37 /* Pods-CalmMoneyTests.debug.xcconfig */;
			buildSettings = {
				BUNDLE_LOADER = "$(TEST_HOST)";
				CLANG_ANALYZER_NONNULL = YES;
				CLANG_WARN_DOCUMENTATION_COMMENTS = YES;
				CLANG_WARN_SUSPICIOUS_MOVES = YES;
				DEBUG_INFORMATION_FORMAT = dwarf;
				DEVELOPMENT_TEAM = Y54725FB3U;
				FRAMEWORK_SEARCH_PATHS = (
					"$(inherited)",
					"$(PROJECT_DIR)",
				);
				INFOPLIST_FILE = CalmMoneyTests/Info.plist;
				IPHONEOS_DEPLOYMENT_TARGET = 10.1;
				LD_RUNPATH_SEARCH_PATHS = "$(inherited) @executable_path/Frameworks @loader_path/Frameworks";
				PRODUCT_BUNDLE_IDENTIFIER = VC.CalmMoneyTests;
				PRODUCT_NAME = "$(TARGET_NAME)";
				SWIFT_ACTIVE_COMPILATION_CONDITIONS = DEBUG;
				SWIFT_OBJC_BRIDGING_HEADER = "CrabApp-Bridging-Header.h";
				SWIFT_VERSION = 3.0;
				TEST_HOST = "$(BUILT_PRODUCTS_DIR)/Calm Money.app/Calm Money";
			};
			name = Debug;
		};
		3F03965F1DF27E5500252187 /* Release */ = {
			isa = XCBuildConfiguration;
			baseConfigurationReference = 1915CD61FEFFC716FBF7DD75 /* Pods-CalmMoneyTests.release.xcconfig */;
			buildSettings = {
				BUNDLE_LOADER = "$(TEST_HOST)";
				CLANG_ANALYZER_NONNULL = YES;
				CLANG_WARN_DOCUMENTATION_COMMENTS = YES;
				CLANG_WARN_SUSPICIOUS_MOVES = YES;
				DEVELOPMENT_TEAM = Y54725FB3U;
				FRAMEWORK_SEARCH_PATHS = (
					"$(inherited)",
					"$(PROJECT_DIR)",
				);
				INFOPLIST_FILE = CalmMoneyTests/Info.plist;
				IPHONEOS_DEPLOYMENT_TARGET = 10.1;
				LD_RUNPATH_SEARCH_PATHS = "$(inherited) @executable_path/Frameworks @loader_path/Frameworks";
				PRODUCT_BUNDLE_IDENTIFIER = VC.CalmMoneyTests;
				PRODUCT_NAME = "$(TARGET_NAME)";
				SWIFT_OBJC_BRIDGING_HEADER = "CrabApp-Bridging-Header.h";
				SWIFT_VERSION = 3.0;
				TEST_HOST = "$(BUILT_PRODUCTS_DIR)/Calm Money.app/Calm Money";
			};
			name = Release;
		};
		3F0396751DF27FB000252187 /* Debug */ = {
			isa = XCBuildConfiguration;
			buildSettings = {
				CLANG_ANALYZER_NONNULL = YES;
				CLANG_WARN_DOCUMENTATION_COMMENTS = YES;
				CLANG_WARN_SUSPICIOUS_MOVES = YES;
				"CODE_SIGN_IDENTITY[sdk=iphoneos*]" = "iPhone Developer";
				DEBUG_INFORMATION_FORMAT = dwarf;
				DEVELOPMENT_TEAM = "";
				INFOPLIST_FILE = CalmMoneyUITests/Info.plist;
				IPHONEOS_DEPLOYMENT_TARGET = 10.1;
				LD_RUNPATH_SEARCH_PATHS = "$(inherited) @executable_path/Frameworks @loader_path/Frameworks";
				PRODUCT_BUNDLE_IDENTIFIER = VC.CalmMoneyUITests;
				PRODUCT_NAME = "$(TARGET_NAME)";
				SWIFT_ACTIVE_COMPILATION_CONDITIONS = DEBUG;
				SWIFT_VERSION = 3.0;
				TEST_TARGET_NAME = CrabApp;
			};
			name = Debug;
		};
		3F0396761DF27FB000252187 /* Release */ = {
			isa = XCBuildConfiguration;
			buildSettings = {
				CLANG_ANALYZER_NONNULL = YES;
				CLANG_WARN_DOCUMENTATION_COMMENTS = YES;
				CLANG_WARN_SUSPICIOUS_MOVES = YES;
				"CODE_SIGN_IDENTITY[sdk=iphoneos*]" = "iPhone Developer";
				DEVELOPMENT_TEAM = "";
				INFOPLIST_FILE = CalmMoneyUITests/Info.plist;
				IPHONEOS_DEPLOYMENT_TARGET = 10.1;
				LD_RUNPATH_SEARCH_PATHS = "$(inherited) @executable_path/Frameworks @loader_path/Frameworks";
				PRODUCT_BUNDLE_IDENTIFIER = VC.CalmMoneyUITests;
				PRODUCT_NAME = "$(TARGET_NAME)";
				SWIFT_VERSION = 3.0;
				TEST_TARGET_NAME = CrabApp;
			};
			name = Release;
		};
		3FFED5C91DFEFDA60034320B /* Debug */ = {
			isa = XCBuildConfiguration;
			baseConfigurationReference = BA95DFD31E7C58013E65A271 /* Pods-CalmMoneySnapshots.debug.xcconfig */;
			buildSettings = {
				CLANG_ANALYZER_NONNULL = YES;
				CLANG_WARN_DOCUMENTATION_COMMENTS = YES;
				CLANG_WARN_SUSPICIOUS_MOVES = YES;
				"CODE_SIGN_IDENTITY[sdk=iphoneos*]" = "iPhone Developer";
				DEBUG_INFORMATION_FORMAT = dwarf;
				DEVELOPMENT_TEAM = "";
				INFOPLIST_FILE = CalmMoneySnapshots/Info.plist;
				IPHONEOS_DEPLOYMENT_TARGET = 10.1;
				LD_RUNPATH_SEARCH_PATHS = "$(inherited) @executable_path/Frameworks @loader_path/Frameworks";
				PRODUCT_BUNDLE_IDENTIFIER = VC.CalmMoneySnapshots;
				PRODUCT_NAME = "$(TARGET_NAME)";
				PROVISIONING_PROFILE = "";
				PROVISIONING_PROFILE_SPECIFIER = "";
				SWIFT_ACTIVE_COMPILATION_CONDITIONS = DEBUG;
				SWIFT_VERSION = 3.0;
				TEST_TARGET_NAME = CrabApp;
			};
			name = Debug;
		};
		3FFED5CA1DFEFDA60034320B /* Release */ = {
			isa = XCBuildConfiguration;
			baseConfigurationReference = 58A336D8805E1B3B1B5A6292 /* Pods-CalmMoneySnapshots.release.xcconfig */;
			buildSettings = {
				CLANG_ANALYZER_NONNULL = YES;
				CLANG_WARN_DOCUMENTATION_COMMENTS = YES;
				CLANG_WARN_SUSPICIOUS_MOVES = YES;
				"CODE_SIGN_IDENTITY[sdk=iphoneos*]" = "iPhone Developer";
				DEVELOPMENT_TEAM = "";
				INFOPLIST_FILE = CalmMoneySnapshots/Info.plist;
				IPHONEOS_DEPLOYMENT_TARGET = 10.1;
				LD_RUNPATH_SEARCH_PATHS = "$(inherited) @executable_path/Frameworks @loader_path/Frameworks";
				PRODUCT_BUNDLE_IDENTIFIER = VC.CalmMoneySnapshots;
				PRODUCT_NAME = "$(TARGET_NAME)";
				PROVISIONING_PROFILE = "";
				PROVISIONING_PROFILE_SPECIFIER = "";
				SWIFT_VERSION = 3.0;
				TEST_TARGET_NAME = CrabApp;
			};
			name = Release;
		};
		9A9C91AC1B3444E500DE580F /* Debug */ = {
			isa = XCBuildConfiguration;
			buildSettings = {
				ALWAYS_SEARCH_USER_PATHS = NO;
				CLANG_ANALYZER_LOCALIZABILITY_NONLOCALIZED = YES;
				CLANG_CXX_LANGUAGE_STANDARD = "gnu++0x";
				CLANG_CXX_LIBRARY = "libc++";
				CLANG_ENABLE_MODULES = YES;
				CLANG_ENABLE_OBJC_ARC = YES;
				CLANG_WARN_BOOL_CONVERSION = YES;
				CLANG_WARN_CONSTANT_CONVERSION = YES;
				CLANG_WARN_DIRECT_OBJC_ISA_USAGE = YES_ERROR;
				CLANG_WARN_EMPTY_BODY = YES;
				CLANG_WARN_ENUM_CONVERSION = YES;
				CLANG_WARN_INFINITE_RECURSION = YES;
				CLANG_WARN_INT_CONVERSION = YES;
				CLANG_WARN_OBJC_ROOT_CLASS = YES_ERROR;
				CLANG_WARN_SUSPICIOUS_MOVE = YES;
				CLANG_WARN_UNREACHABLE_CODE = YES;
				CLANG_WARN__DUPLICATE_METHOD_MATCH = YES;
				"CODE_SIGN_IDENTITY[sdk=iphoneos*]" = "iPhone Developer";
				COPY_PHASE_STRIP = NO;
				DEBUG_INFORMATION_FORMAT = "dwarf-with-dsym";
				ENABLE_STRICT_OBJC_MSGSEND = YES;
				ENABLE_TESTABILITY = YES;
				GCC_C_LANGUAGE_STANDARD = gnu99;
				GCC_DYNAMIC_NO_PIC = NO;
				GCC_NO_COMMON_BLOCKS = YES;
				GCC_OPTIMIZATION_LEVEL = 0;
				GCC_PREPROCESSOR_DEFINITIONS = (
					"DEBUG=1",
					"$(inherited)",
				);
				GCC_SYMBOLS_PRIVATE_EXTERN = NO;
				GCC_WARN_64_TO_32_BIT_CONVERSION = YES;
				GCC_WARN_ABOUT_RETURN_TYPE = YES_ERROR;
				GCC_WARN_UNDECLARED_SELECTOR = YES;
				GCC_WARN_UNINITIALIZED_AUTOS = YES_AGGRESSIVE;
				GCC_WARN_UNUSED_FUNCTION = YES;
				GCC_WARN_UNUSED_VARIABLE = YES;
				IPHONEOS_DEPLOYMENT_TARGET = 9.0;
				MTL_ENABLE_DEBUG_INFO = YES;
				ONLY_ACTIVE_ARCH = YES;
				PRODUCT_NAME = "Calm Money";
				SDKROOT = iphoneos;
				SWIFT_OPTIMIZATION_LEVEL = "-Onone";
			};
			name = Debug;
		};
		9A9C91AD1B3444E500DE580F /* Release */ = {
			isa = XCBuildConfiguration;
			buildSettings = {
				ALWAYS_SEARCH_USER_PATHS = NO;
				CLANG_ANALYZER_LOCALIZABILITY_NONLOCALIZED = YES;
				CLANG_CXX_LANGUAGE_STANDARD = "gnu++0x";
				CLANG_CXX_LIBRARY = "libc++";
				CLANG_ENABLE_MODULES = YES;
				CLANG_ENABLE_OBJC_ARC = YES;
				CLANG_WARN_BOOL_CONVERSION = YES;
				CLANG_WARN_CONSTANT_CONVERSION = YES;
				CLANG_WARN_DIRECT_OBJC_ISA_USAGE = YES_ERROR;
				CLANG_WARN_EMPTY_BODY = YES;
				CLANG_WARN_ENUM_CONVERSION = YES;
				CLANG_WARN_INFINITE_RECURSION = YES;
				CLANG_WARN_INT_CONVERSION = YES;
				CLANG_WARN_OBJC_ROOT_CLASS = YES_ERROR;
				CLANG_WARN_SUSPICIOUS_MOVE = YES;
				CLANG_WARN_UNREACHABLE_CODE = YES;
				CLANG_WARN__DUPLICATE_METHOD_MATCH = YES;
				"CODE_SIGN_IDENTITY[sdk=iphoneos*]" = "iPhone Developer";
				COPY_PHASE_STRIP = NO;
				DEBUG_INFORMATION_FORMAT = "dwarf-with-dsym";
				ENABLE_NS_ASSERTIONS = NO;
				ENABLE_STRICT_OBJC_MSGSEND = YES;
				GCC_C_LANGUAGE_STANDARD = gnu99;
				GCC_NO_COMMON_BLOCKS = YES;
				GCC_WARN_64_TO_32_BIT_CONVERSION = YES;
				GCC_WARN_ABOUT_RETURN_TYPE = YES_ERROR;
				GCC_WARN_UNDECLARED_SELECTOR = YES;
				GCC_WARN_UNINITIALIZED_AUTOS = YES_AGGRESSIVE;
				GCC_WARN_UNUSED_FUNCTION = YES;
				GCC_WARN_UNUSED_VARIABLE = YES;
				IPHONEOS_DEPLOYMENT_TARGET = 9.0;
				MTL_ENABLE_DEBUG_INFO = NO;
				PRODUCT_NAME = "Calm Money";
				SDKROOT = iphoneos;
				SWIFT_OPTIMIZATION_LEVEL = "-Owholemodule";
				VALIDATE_PRODUCT = YES;
			};
			name = Release;
		};
		9A9C91AF1B3444E500DE580F /* Debug */ = {
			isa = XCBuildConfiguration;
			baseConfigurationReference = 7CD2044D09203E70A7019907 /* Pods-CrabApp.debug.xcconfig */;
			buildSettings = {
				ASSETCATALOG_COMPILER_APPICON_NAME = AppIcon;
				CLANG_ENABLE_MODULES = YES;
				CODE_SIGN_IDENTITY = "iPhone Developer";
				"CODE_SIGN_IDENTITY[sdk=iphoneos*]" = "iPhone Developer";
				DEVELOPMENT_TEAM = 64RQC7L2B5;
				FRAMEWORK_SEARCH_PATHS = (
					"$(inherited)",
					"$(PROJECT_DIR)",
				);
				INFOPLIST_FILE = "$(SRCROOT)/CalmMoney/Info.plist";
				IPHONEOS_DEPLOYMENT_TARGET = 9.0;
				LD_RUNPATH_SEARCH_PATHS = "$(inherited) @executable_path/Frameworks";
				PRODUCT_BUNDLE_IDENTIFIER = com.surfingcathk.calmmoney.master;
				PRODUCT_NAME = "Calm Money";
				PROVISIONING_PROFILE = "67873f43-4709-4236-8bfb-a938e17eefd5";
				PROVISIONING_PROFILE_SPECIFIER = "Calm Money dev";
				SWIFT_INCLUDE_PATHS = "";
				SWIFT_OBJC_BRIDGING_HEADER = "CrabApp-Bridging-Header.h";
				SWIFT_OPTIMIZATION_LEVEL = "-Onone";
				SWIFT_VERSION = 3.0;
				TARGETED_DEVICE_FAMILY = "1,2";
			};
			name = Debug;
		};
		9A9C91B01B3444E500DE580F /* Release */ = {
			isa = XCBuildConfiguration;
			baseConfigurationReference = 5A52882C9FC7A80D4B1A6C54 /* Pods-CrabApp.release.xcconfig */;
			buildSettings = {
				ASSETCATALOG_COMPILER_APPICON_NAME = AppIcon;
				CLANG_ENABLE_MODULES = YES;
				CODE_SIGN_IDENTITY = "iPhone Developer";
				"CODE_SIGN_IDENTITY[sdk=iphoneos*]" = "iPhone Distribution";
				DEVELOPMENT_TEAM = 64RQC7L2B5;
				FRAMEWORK_SEARCH_PATHS = (
					"$(inherited)",
					"$(PROJECT_DIR)",
				);
				INFOPLIST_FILE = "$(SRCROOT)/CalmMoney/Info.plist";
				IPHONEOS_DEPLOYMENT_TARGET = 9.0;
				LD_RUNPATH_SEARCH_PATHS = "$(inherited) @executable_path/Frameworks";
				PRODUCT_BUNDLE_IDENTIFIER = com.surfingcathk.calmmoney.master;
				PRODUCT_NAME = "Calm Money";
				PROVISIONING_PROFILE = "d6290783-c04f-4868-b30a-27944d8ac3e3";
				PROVISIONING_PROFILE_SPECIFIER = "Calm Money Prod";
				SWIFT_INCLUDE_PATHS = "";
				SWIFT_OBJC_BRIDGING_HEADER = "CrabApp-Bridging-Header.h";
				SWIFT_VERSION = 3.0;
				TARGETED_DEVICE_FAMILY = "1,2";
			};
			name = Release;
		};
/* End XCBuildConfiguration section */

/* Begin XCConfigurationList section */
		3F03965D1DF27E5500252187 /* Build configuration list for PBXNativeTarget "CalmMoneyTests" */ = {
			isa = XCConfigurationList;
			buildConfigurations = (
				3F03965E1DF27E5500252187 /* Debug */,
				3F03965F1DF27E5500252187 /* Release */,
			);
			defaultConfigurationIsVisible = 0;
			defaultConfigurationName = Release;
		};
		3F0396741DF27FB000252187 /* Build configuration list for PBXNativeTarget "CalmMoneyUITests" */ = {
			isa = XCConfigurationList;
			buildConfigurations = (
				3F0396751DF27FB000252187 /* Debug */,
				3F0396761DF27FB000252187 /* Release */,
			);
			defaultConfigurationIsVisible = 0;
			defaultConfigurationName = Release;
		};
		3FFED5CB1DFEFDA60034320B /* Build configuration list for PBXNativeTarget "CalmMoneySnapshots" */ = {
			isa = XCConfigurationList;
			buildConfigurations = (
				3FFED5C91DFEFDA60034320B /* Debug */,
				3FFED5CA1DFEFDA60034320B /* Release */,
			);
			defaultConfigurationIsVisible = 0;
			defaultConfigurationName = Release;
		};
		9A9C91871B3444E500DE580F /* Build configuration list for PBXProject "CalmMoney" */ = {
			isa = XCConfigurationList;
			buildConfigurations = (
				9A9C91AC1B3444E500DE580F /* Debug */,
				9A9C91AD1B3444E500DE580F /* Release */,
			);
			defaultConfigurationIsVisible = 0;
			defaultConfigurationName = Release;
		};
		9A9C91AE1B3444E500DE580F /* Build configuration list for PBXNativeTarget "CrabApp" */ = {
			isa = XCConfigurationList;
			buildConfigurations = (
				9A9C91AF1B3444E500DE580F /* Debug */,
				9A9C91B01B3444E500DE580F /* Release */,
			);
			defaultConfigurationIsVisible = 0;
			defaultConfigurationName = Release;
		};
/* End XCConfigurationList section */

/* Begin XCVersionGroup section */
		9AF9E1261B4B6F810076BE69 /* DataModel.xcdatamodeld */ = {
			isa = XCVersionGroup;
			children = (
				9AF9E1271B4B6F810076BE69 /* DataModel.xcdatamodel */,
			);
			currentVersion = 9AF9E1271B4B6F810076BE69 /* DataModel.xcdatamodel */;
			path = DataModel.xcdatamodeld;
			sourceTree = "<group>";
			versionGroupType = wrapper.xcdatamodel;
		};
/* End XCVersionGroup section */
	};
	rootObject = 9A9C91841B3444E500DE580F /* Project object */;
}
