// !$*UTF8*$!
{
	archiveVersion = 1;
	classes = {
	};
	objectVersion = 46;
	objects = {

/* Begin PBXBuildFile section */
		9A04DA111B5CF5A3005230C0 /* AllCurrenciesTableViewController.swift in Sources */ = {isa = PBXBuildFile; fileRef = 9A04DA101B5CF5A3005230C0 /* AllCurrenciesTableViewController.swift */; };
		9A0B11931B4E2D9400BC8BB1 /* Networking.swift in Sources */ = {isa = PBXBuildFile; fileRef = 9A0B11921B4E2D9400BC8BB1 /* Networking.swift */; };
		9A41FF231B75A32900E529D1 /* AmountTextField.swift in Sources */ = {isa = PBXBuildFile; fileRef = 9A41FF221B75A32900E529D1 /* AmountTextField.swift */; };
		9A5CA8981B7862B000AE3BA3 /* HandsOnCurrency.swift in Sources */ = {isa = PBXBuildFile; fileRef = 9A5CA8971B7862B000AE3BA3 /* HandsOnCurrency.swift */; };
		9A801E861B37D62600C409C1 /* CurrencyTableViewCell.swift in Sources */ = {isa = PBXBuildFile; fileRef = 9A801E851B37D62600C409C1 /* CurrencyTableViewCell.swift */; };
		9A801E8E1B37DFAB00C409C1 /* CurrenciesTableViewController.swift in Sources */ = {isa = PBXBuildFile; fileRef = 9A801E8D1B37DFAB00C409C1 /* CurrenciesTableViewController.swift */; };
		9A9A27431B3A6F1700526310 /* CurrencyAddTableViewCell.swift in Sources */ = {isa = PBXBuildFile; fileRef = 9A9A27421B3A6F1700526310 /* CurrencyAddTableViewCell.swift */; };
		9A9C91921B3444E500DE580F /* AppDelegate.swift in Sources */ = {isa = PBXBuildFile; fileRef = 9A9C91911B3444E500DE580F /* AppDelegate.swift */; };
		9A9C91971B3444E500DE580F /* ViewController.swift in Sources */ = {isa = PBXBuildFile; fileRef = 9A9C91961B3444E500DE580F /* ViewController.swift */; };
		9A9C919A1B3444E500DE580F /* Main.storyboard in Resources */ = {isa = PBXBuildFile; fileRef = 9A9C91981B3444E500DE580F /* Main.storyboard */; };
		9A9C919C1B3444E500DE580F /* Images.xcassets in Resources */ = {isa = PBXBuildFile; fileRef = 9A9C919B1B3444E500DE580F /* Images.xcassets */; };
		9A9C91AB1B3444E500DE580F /* Finance_App_for_TravellersTests.swift in Sources */ = {isa = PBXBuildFile; fileRef = 9A9C91AA1B3444E500DE580F /* Finance_App_for_TravellersTests.swift */; };
		9AB80D2C1B4E39E3007D1B92 /* Alamofire.framework in Frameworks */ = {isa = PBXBuildFile; fileRef = 9AB80D251B4E39B1007D1B92 /* Alamofire.framework */; };
		9AB80D2D1B4E39E3007D1B92 /* Alamofire.framework in Embed Frameworks */ = {isa = PBXBuildFile; fileRef = 9AB80D251B4E39B1007D1B92 /* Alamofire.framework */; settings = {ATTRIBUTES = (CodeSignOnCopy, RemoveHeadersOnCopy, ); }; };
		9ACC025C1B5162EC00F93A4C /* CountriesTableViewController.swift in Sources */ = {isa = PBXBuildFile; fileRef = 9ACC025B1B5162EC00F93A4C /* CountriesTableViewController.swift */; };
		9AE403C71B74669500143932 /* Media.xcassets in Resources */ = {isa = PBXBuildFile; fileRef = 9AE403C61B74669500143932 /* Media.xcassets */; };
		9AE403C91B74671A00143932 /* currencies.json in Resources */ = {isa = PBXBuildFile; fileRef = 9AE403C81B74671A00143932 /* currencies.json */; };
		9AEA34FA1B79C4ED009C65FE /* Money.swift in Sources */ = {isa = PBXBuildFile; fileRef = 9AEA34F91B79C4ED009C65FE /* Money.swift */; };
		9AF9E1281B4B6F810076BE69 /* DataModel.xcdatamodeld in Sources */ = {isa = PBXBuildFile; fileRef = 9AF9E1261B4B6F810076BE69 /* DataModel.xcdatamodeld */; };
		9AF9E12C1B4B92DD0076BE69 /* CurrencyModel.swift in Sources */ = {isa = PBXBuildFile; fileRef = 9AF9E12B1B4B92DD0076BE69 /* CurrencyModel.swift */; };
		9AFB00801B576B0F0062C6AE /* Country.swift in Sources */ = {isa = PBXBuildFile; fileRef = 9AFB007F1B576B0F0062C6AE /* Country.swift */; };
		9AFB00821B576B100062C6AE /* Currency.swift in Sources */ = {isa = PBXBuildFile; fileRef = 9AFB00811B576B100062C6AE /* Currency.swift */; };
/* End PBXBuildFile section */

/* Begin PBXContainerItemProxy section */
		9A9C91A51B3444E500DE580F /* PBXContainerItemProxy */ = {
			isa = PBXContainerItemProxy;
			containerPortal = 9A9C91841B3444E500DE580F /* Project object */;
			proxyType = 1;
			remoteGlobalIDString = 9A9C918B1B3444E500DE580F;
			remoteInfo = "Finance App for Travellers";
		};
		9AB80D241B4E39B1007D1B92 /* PBXContainerItemProxy */ = {
			isa = PBXContainerItemProxy;
			containerPortal = 9AB80D1D1B4E39B1007D1B92 /* Alamofire.xcodeproj */;
			proxyType = 2;
			remoteGlobalIDString = F8111E3319A95C8B0040E7D1;
			remoteInfo = "Alamofire iOS";
		};
		9AB80D261B4E39B1007D1B92 /* PBXContainerItemProxy */ = {
			isa = PBXContainerItemProxy;
			containerPortal = 9AB80D1D1B4E39B1007D1B92 /* Alamofire.xcodeproj */;
			proxyType = 2;
			remoteGlobalIDString = 4DD67C0B1A5C55C900ED2280;
			remoteInfo = "Alamofire OSX";
		};
		9AB80D281B4E39B1007D1B92 /* PBXContainerItemProxy */ = {
			isa = PBXContainerItemProxy;
			containerPortal = 9AB80D1D1B4E39B1007D1B92 /* Alamofire.xcodeproj */;
			proxyType = 2;
			remoteGlobalIDString = F8111E3E19A95C8B0040E7D1;
			remoteInfo = "Alamofire iOS Tests";
		};
		9AB80D2A1B4E39B1007D1B92 /* PBXContainerItemProxy */ = {
			isa = PBXContainerItemProxy;
			containerPortal = 9AB80D1D1B4E39B1007D1B92 /* Alamofire.xcodeproj */;
			proxyType = 2;
			remoteGlobalIDString = F829C6B21A7A94F100A2CD59;
			remoteInfo = "Alamofire OSX Tests";
		};
		9AB80D2E1B4E39E3007D1B92 /* PBXContainerItemProxy */ = {
			isa = PBXContainerItemProxy;
			containerPortal = 9AB80D1D1B4E39B1007D1B92 /* Alamofire.xcodeproj */;
			proxyType = 1;
			remoteGlobalIDString = F8111E3219A95C8B0040E7D1;
			remoteInfo = "Alamofire iOS";
		};
/* End PBXContainerItemProxy section */

/* Begin PBXCopyFilesBuildPhase section */
		9AB80D301B4E39E3007D1B92 /* Embed Frameworks */ = {
			isa = PBXCopyFilesBuildPhase;
			buildActionMask = 2147483647;
			dstPath = "";
			dstSubfolderSpec = 10;
			files = (
				9AB80D2D1B4E39E3007D1B92 /* Alamofire.framework in Embed Frameworks */,
			);
			name = "Embed Frameworks";
			runOnlyForDeploymentPostprocessing = 0;
		};
/* End PBXCopyFilesBuildPhase section */

/* Begin PBXFileReference section */
		9A04DA101B5CF5A3005230C0 /* AllCurrenciesTableViewController.swift */ = {isa = PBXFileReference; fileEncoding = 4; lastKnownFileType = sourcecode.swift; path = AllCurrenciesTableViewController.swift; sourceTree = "<group>"; };
		9A0B11921B4E2D9400BC8BB1 /* Networking.swift */ = {isa = PBXFileReference; fileEncoding = 4; lastKnownFileType = sourcecode.swift; path = Networking.swift; sourceTree = "<group>"; usesTabs = 1; };
		9A41FF221B75A32900E529D1 /* AmountTextField.swift */ = {isa = PBXFileReference; fileEncoding = 4; lastKnownFileType = sourcecode.swift; path = AmountTextField.swift; sourceTree = "<group>"; };
		9A5CA8971B7862B000AE3BA3 /* HandsOnCurrency.swift */ = {isa = PBXFileReference; fileEncoding = 4; lastKnownFileType = sourcecode.swift; path = HandsOnCurrency.swift; sourceTree = "<group>"; };
		9A801E851B37D62600C409C1 /* CurrencyTableViewCell.swift */ = {isa = PBXFileReference; fileEncoding = 4; lastKnownFileType = sourcecode.swift; path = CurrencyTableViewCell.swift; sourceTree = "<group>"; };
		9A801E8D1B37DFAB00C409C1 /* CurrenciesTableViewController.swift */ = {isa = PBXFileReference; fileEncoding = 4; lastKnownFileType = sourcecode.swift; path = CurrenciesTableViewController.swift; sourceTree = "<group>"; };
		9A9A27421B3A6F1700526310 /* CurrencyAddTableViewCell.swift */ = {isa = PBXFileReference; fileEncoding = 4; lastKnownFileType = sourcecode.swift; path = CurrencyAddTableViewCell.swift; sourceTree = "<group>"; };
		9A9C918C1B3444E500DE580F /* Finance App for Travellers.app */ = {isa = PBXFileReference; explicitFileType = wrapper.application; includeInIndex = 0; path = "Finance App for Travellers.app"; sourceTree = BUILT_PRODUCTS_DIR; };
		9A9C91901B3444E500DE580F /* Info.plist */ = {isa = PBXFileReference; lastKnownFileType = text.plist.xml; path = Info.plist; sourceTree = "<group>"; };
		9A9C91911B3444E500DE580F /* AppDelegate.swift */ = {isa = PBXFileReference; lastKnownFileType = sourcecode.swift; path = AppDelegate.swift; sourceTree = "<group>"; };
		9A9C91961B3444E500DE580F /* ViewController.swift */ = {isa = PBXFileReference; lastKnownFileType = sourcecode.swift; path = ViewController.swift; sourceTree = "<group>"; };
		9A9C91991B3444E500DE580F /* Base */ = {isa = PBXFileReference; lastKnownFileType = file.storyboard; name = Base; path = Base.lproj/Main.storyboard; sourceTree = "<group>"; };
		9A9C919B1B3444E500DE580F /* Images.xcassets */ = {isa = PBXFileReference; lastKnownFileType = folder.assetcatalog; path = Images.xcassets; sourceTree = "<group>"; };
		9A9C91A41B3444E500DE580F /* Finance App for TravellersTests.xctest */ = {isa = PBXFileReference; explicitFileType = wrapper.cfbundle; includeInIndex = 0; path = "Finance App for TravellersTests.xctest"; sourceTree = BUILT_PRODUCTS_DIR; };
		9A9C91A91B3444E500DE580F /* Info.plist */ = {isa = PBXFileReference; lastKnownFileType = text.plist.xml; path = Info.plist; sourceTree = "<group>"; };
		9A9C91AA1B3444E500DE580F /* Finance_App_for_TravellersTests.swift */ = {isa = PBXFileReference; lastKnownFileType = sourcecode.swift; path = Finance_App_for_TravellersTests.swift; sourceTree = "<group>"; };
		9AB80D1D1B4E39B1007D1B92 /* Alamofire.xcodeproj */ = {isa = PBXFileReference; lastKnownFileType = "wrapper.pb-project"; name = Alamofire.xcodeproj; path = "Alamofire-master/Alamofire.xcodeproj"; sourceTree = "<group>"; };
		9ACC025A1B5130D500F93A4C /* ru */ = {isa = PBXFileReference; lastKnownFileType = text.plist.strings; name = ru; path = ru.lproj/Main.strings; sourceTree = "<group>"; };
		9ACC025B1B5162EC00F93A4C /* CountriesTableViewController.swift */ = {isa = PBXFileReference; fileEncoding = 4; lastKnownFileType = sourcecode.swift; path = CountriesTableViewController.swift; sourceTree = "<group>"; usesTabs = 1; };
		9AE403C61B74669500143932 /* Media.xcassets */ = {isa = PBXFileReference; lastKnownFileType = folder.assetcatalog; path = Media.xcassets; sourceTree = "<group>"; };
		9AE403C81B74671A00143932 /* currencies.json */ = {isa = PBXFileReference; fileEncoding = 4; lastKnownFileType = text.json; name = currencies.json; path = ../../currencies.json; sourceTree = "<group>"; };
		9AEA34F91B79C4ED009C65FE /* Money.swift */ = {isa = PBXFileReference; fileEncoding = 4; lastKnownFileType = sourcecode.swift; path = Money.swift; sourceTree = "<group>"; };
		9AF9E1271B4B6F810076BE69 /* DataModel.xcdatamodel */ = {isa = PBXFileReference; lastKnownFileType = wrapper.xcdatamodel; path = DataModel.xcdatamodel; sourceTree = "<group>"; };
		9AF9E12B1B4B92DD0076BE69 /* CurrencyModel.swift */ = {isa = PBXFileReference; fileEncoding = 4; lastKnownFileType = sourcecode.swift; path = CurrencyModel.swift; sourceTree = "<group>"; };
		9AFB007F1B576B0F0062C6AE /* Country.swift */ = {isa = PBXFileReference; fileEncoding = 4; lastKnownFileType = sourcecode.swift; path = Country.swift; sourceTree = "<group>"; };
		9AFB00811B576B100062C6AE /* Currency.swift */ = {isa = PBXFileReference; fileEncoding = 4; lastKnownFileType = sourcecode.swift; path = Currency.swift; sourceTree = "<group>"; };
/* End PBXFileReference section */

/* Begin PBXFrameworksBuildPhase section */
		9A9C91891B3444E500DE580F /* Frameworks */ = {
			isa = PBXFrameworksBuildPhase;
			buildActionMask = 2147483647;
			files = (
				9AB80D2C1B4E39E3007D1B92 /* Alamofire.framework in Frameworks */,
			);
			runOnlyForDeploymentPostprocessing = 0;
		};
		9A9C91A11B3444E500DE580F /* Frameworks */ = {
			isa = PBXFrameworksBuildPhase;
			buildActionMask = 2147483647;
			files = (
			);
			runOnlyForDeploymentPostprocessing = 0;
		};
/* End PBXFrameworksBuildPhase section */

/* Begin PBXGroup section */
		9A9C91831B3444E500DE580F = {
			isa = PBXGroup;
			children = (
				9AB80D1D1B4E39B1007D1B92 /* Alamofire.xcodeproj */,
				9A9C918E1B3444E500DE580F /* Finance App for Travellers */,
				9A9C91A71B3444E500DE580F /* Finance App for TravellersTests */,
				9A9C918D1B3444E500DE580F /* Products */,
			);
			sourceTree = "<group>";
			usesTabs = 1;
		};
		9A9C918D1B3444E500DE580F /* Products */ = {
			isa = PBXGroup;
			children = (
				9A9C918C1B3444E500DE580F /* Finance App for Travellers.app */,
				9A9C91A41B3444E500DE580F /* Finance App for TravellersTests.xctest */,
			);
			name = Products;
			sourceTree = "<group>";
		};
		9A9C918E1B3444E500DE580F /* Finance App for Travellers */ = {
			isa = PBXGroup;
			children = (
				9A9C91911B3444E500DE580F /* AppDelegate.swift */,
				9A9C91961B3444E500DE580F /* ViewController.swift */,
				9A9C91981B3444E500DE580F /* Main.storyboard */,
				9A41FF221B75A32900E529D1 /* AmountTextField.swift */,
				9A9A27421B3A6F1700526310 /* CurrencyAddTableViewCell.swift */,
				9A801E851B37D62600C409C1 /* CurrencyTableViewCell.swift */,
				9A801E8D1B37DFAB00C409C1 /* CurrenciesTableViewController.swift */,
				9ACC025B1B5162EC00F93A4C /* CountriesTableViewController.swift */,
				9A04DA101B5CF5A3005230C0 /* AllCurrenciesTableViewController.swift */,
				9A0B11921B4E2D9400BC8BB1 /* Networking.swift */,
				9A9C919B1B3444E500DE580F /* Images.xcassets */,
				9AEA34FE1B79C55E009C65FE /* Model */,
				9A9C918F1B3444E500DE580F /* Supporting Files */,
				9AF9E1261B4B6F810076BE69 /* DataModel.xcdatamodeld */,
			);
			path = "Finance App for Travellers";
			sourceTree = "<group>";
		};
		9A9C918F1B3444E500DE580F /* Supporting Files */ = {
			isa = PBXGroup;
			children = (
				9A9C91901B3444E500DE580F /* Info.plist */,
				9AE403C61B74669500143932 /* Media.xcassets */,
				9AE403C81B74671A00143932 /* currencies.json */,
			);
			name = "Supporting Files";
			sourceTree = "<group>";
		};
		9A9C91A71B3444E500DE580F /* Finance App for TravellersTests */ = {
			isa = PBXGroup;
			children = (
				9A9C91AA1B3444E500DE580F /* Finance_App_for_TravellersTests.swift */,
				9A9C91A81B3444E500DE580F /* Supporting Files */,
			);
			path = "Finance App for TravellersTests";
			sourceTree = "<group>";
		};
		9A9C91A81B3444E500DE580F /* Supporting Files */ = {
			isa = PBXGroup;
			children = (
				9A9C91A91B3444E500DE580F /* Info.plist */,
			);
			name = "Supporting Files";
			sourceTree = "<group>";
		};
		9AB80D1E1B4E39B1007D1B92 /* Products */ = {
			isa = PBXGroup;
			children = (
				9AB80D251B4E39B1007D1B92 /* Alamofire.framework */,
				9AB80D271B4E39B1007D1B92 /* Alamofire.framework */,
				9AB80D291B4E39B1007D1B92 /* Alamofire iOS Tests.xctest */,
				9AB80D2B1B4E39B1007D1B92 /* Alamofire OSX Tests.xctest */,
			);
			name = Products;
			sourceTree = "<group>";
		};
		9AEA34FE1B79C55E009C65FE /* Model */ = {
			isa = PBXGroup;
			children = (
				9A5CA8971B7862B000AE3BA3 /* HandsOnCurrency.swift */,
				9AFB00811B576B100062C6AE /* Currency.swift */,
				9AFB007F1B576B0F0062C6AE /* Country.swift */,
				9AEA34F91B79C4ED009C65FE /* Money.swift */,
				9AF9E12B1B4B92DD0076BE69 /* CurrencyModel.swift */,
			);
			name = Model;
			sourceTree = "<group>";
		};
/* End PBXGroup section */

/* Begin PBXNativeTarget section */
		9A9C918B1B3444E500DE580F /* Finance App for Travellers */ = {
			isa = PBXNativeTarget;
			buildConfigurationList = 9A9C91AE1B3444E500DE580F /* Build configuration list for PBXNativeTarget "Finance App for Travellers" */;
			buildPhases = (
				9A9C91881B3444E500DE580F /* Sources */,
				9A9C91891B3444E500DE580F /* Frameworks */,
				9A9C918A1B3444E500DE580F /* Resources */,
				9AB80D301B4E39E3007D1B92 /* Embed Frameworks */,
			);
			buildRules = (
			);
			dependencies = (
				9AB80D2F1B4E39E3007D1B92 /* PBXTargetDependency */,
			);
			name = "Finance App for Travellers";
			productName = "Finance App for Travellers";
			productReference = 9A9C918C1B3444E500DE580F /* Finance App for Travellers.app */;
			productType = "com.apple.product-type.application";
		};
		9A9C91A31B3444E500DE580F /* Finance App for TravellersTests */ = {
			isa = PBXNativeTarget;
			buildConfigurationList = 9A9C91B11B3444E500DE580F /* Build configuration list for PBXNativeTarget "Finance App for TravellersTests" */;
			buildPhases = (
				9A9C91A01B3444E500DE580F /* Sources */,
				9A9C91A11B3444E500DE580F /* Frameworks */,
				9A9C91A21B3444E500DE580F /* Resources */,
			);
			buildRules = (
			);
			dependencies = (
				9A9C91A61B3444E500DE580F /* PBXTargetDependency */,
			);
			name = "Finance App for TravellersTests";
			productName = "Finance App for TravellersTests";
			productReference = 9A9C91A41B3444E500DE580F /* Finance App for TravellersTests.xctest */;
			productType = "com.apple.product-type.bundle.unit-test";
		};
/* End PBXNativeTarget section */

/* Begin PBXProject section */
		9A9C91841B3444E500DE580F /* Project object */ = {
			isa = PBXProject;
			attributes = {
				LastUpgradeCheck = 0630;
				ORGANIZATIONNAME = "Oleg Kubrakov";
				TargetAttributes = {
					9A9C918B1B3444E500DE580F = {
						CreatedOnToolsVersion = 6.3.2;
						DevelopmentTeam = 3V868FP58Z;
					};
					9A9C91A31B3444E500DE580F = {
						CreatedOnToolsVersion = 6.3.2;
						TestTargetID = 9A9C918B1B3444E500DE580F;
					};
				};
			};
			buildConfigurationList = 9A9C91871B3444E500DE580F /* Build configuration list for PBXProject "Finance App for Travellers" */;
			compatibilityVersion = "Xcode 3.2";
			developmentRegion = English;
			hasScannedForEncodings = 0;
			knownRegions = (
				en,
				Base,
			);
			mainGroup = 9A9C91831B3444E500DE580F;
			productRefGroup = 9A9C918D1B3444E500DE580F /* Products */;
			projectDirPath = "";
			projectReferences = (
				{
					ProductGroup = 9AB80D1E1B4E39B1007D1B92 /* Products */;
					ProjectRef = 9AB80D1D1B4E39B1007D1B92 /* Alamofire.xcodeproj */;
				},
			);
			projectRoot = "";
			targets = (
				9A9C918B1B3444E500DE580F /* Finance App for Travellers */,
				9A9C91A31B3444E500DE580F /* Finance App for TravellersTests */,
			);
		};
/* End PBXProject section */

/* Begin PBXReferenceProxy section */
		9AB80D251B4E39B1007D1B92 /* Alamofire.framework */ = {
			isa = PBXReferenceProxy;
			fileType = wrapper.framework;
			path = Alamofire.framework;
			remoteRef = 9AB80D241B4E39B1007D1B92 /* PBXContainerItemProxy */;
			sourceTree = BUILT_PRODUCTS_DIR;
		};
		9AB80D271B4E39B1007D1B92 /* Alamofire.framework */ = {
			isa = PBXReferenceProxy;
			fileType = wrapper.framework;
			path = Alamofire.framework;
			remoteRef = 9AB80D261B4E39B1007D1B92 /* PBXContainerItemProxy */;
			sourceTree = BUILT_PRODUCTS_DIR;
		};
		9AB80D291B4E39B1007D1B92 /* Alamofire iOS Tests.xctest */ = {
			isa = PBXReferenceProxy;
			fileType = wrapper.cfbundle;
			path = "Alamofire iOS Tests.xctest";
			remoteRef = 9AB80D281B4E39B1007D1B92 /* PBXContainerItemProxy */;
			sourceTree = BUILT_PRODUCTS_DIR;
		};
		9AB80D2B1B4E39B1007D1B92 /* Alamofire OSX Tests.xctest */ = {
			isa = PBXReferenceProxy;
			fileType = wrapper.cfbundle;
			path = "Alamofire OSX Tests.xctest";
			remoteRef = 9AB80D2A1B4E39B1007D1B92 /* PBXContainerItemProxy */;
			sourceTree = BUILT_PRODUCTS_DIR;
		};
/* End PBXReferenceProxy section */

/* Begin PBXResourcesBuildPhase section */
		9A9C918A1B3444E500DE580F /* Resources */ = {
			isa = PBXResourcesBuildPhase;
			buildActionMask = 2147483647;
			files = (
				9A9C919A1B3444E500DE580F /* Main.storyboard in Resources */,
				9AE403C71B74669500143932 /* Media.xcassets in Resources */,
				9AE403C91B74671A00143932 /* currencies.json in Resources */,
				9A9C919C1B3444E500DE580F /* Images.xcassets in Resources */,
			);
			runOnlyForDeploymentPostprocessing = 0;
		};
		9A9C91A21B3444E500DE580F /* Resources */ = {
			isa = PBXResourcesBuildPhase;
			buildActionMask = 2147483647;
			files = (
			);
			runOnlyForDeploymentPostprocessing = 0;
		};
/* End PBXResourcesBuildPhase section */

/* Begin PBXSourcesBuildPhase section */
		9A9C91881B3444E500DE580F /* Sources */ = {
			isa = PBXSourcesBuildPhase;
			buildActionMask = 2147483647;
			files = (
				9A04DA111B5CF5A3005230C0 /* AllCurrenciesTableViewController.swift in Sources */,
				9AF9E12C1B4B92DD0076BE69 /* CurrencyModel.swift in Sources */,
				9A0B11931B4E2D9400BC8BB1 /* Networking.swift in Sources */,
				9AF9E1281B4B6F810076BE69 /* DataModel.xcdatamodeld in Sources */,
				9A9A27431B3A6F1700526310 /* CurrencyAddTableViewCell.swift in Sources */,
				9A41FF231B75A32900E529D1 /* AmountTextField.swift in Sources */,
				9AEA34FA1B79C4ED009C65FE /* Money.swift in Sources */,
				9AFB00801B576B0F0062C6AE /* Country.swift in Sources */,
				9A801E8E1B37DFAB00C409C1 /* CurrenciesTableViewController.swift in Sources */,
				9A5CA8981B7862B000AE3BA3 /* HandsOnCurrency.swift in Sources */,
				9AFB00821B576B100062C6AE /* Currency.swift in Sources */,
				9A9C91971B3444E500DE580F /* ViewController.swift in Sources */,
				9A801E861B37D62600C409C1 /* CurrencyTableViewCell.swift in Sources */,
				9A9C91921B3444E500DE580F /* AppDelegate.swift in Sources */,
				9ACC025C1B5162EC00F93A4C /* CountriesTableViewController.swift in Sources */,
			);
			runOnlyForDeploymentPostprocessing = 0;
		};
		9A9C91A01B3444E500DE580F /* Sources */ = {
			isa = PBXSourcesBuildPhase;
			buildActionMask = 2147483647;
			files = (
				9A9C91AB1B3444E500DE580F /* Finance_App_for_TravellersTests.swift in Sources */,
			);
			runOnlyForDeploymentPostprocessing = 0;
		};
/* End PBXSourcesBuildPhase section */

/* Begin PBXTargetDependency section */
		9A9C91A61B3444E500DE580F /* PBXTargetDependency */ = {
			isa = PBXTargetDependency;
			target = 9A9C918B1B3444E500DE580F /* Finance App for Travellers */;
			targetProxy = 9A9C91A51B3444E500DE580F /* PBXContainerItemProxy */;
		};
		9AB80D2F1B4E39E3007D1B92 /* PBXTargetDependency */ = {
			isa = PBXTargetDependency;
			name = "Alamofire iOS";
			targetProxy = 9AB80D2E1B4E39E3007D1B92 /* PBXContainerItemProxy */;
		};
/* End PBXTargetDependency section */

/* Begin PBXVariantGroup section */
		9A9C91981B3444E500DE580F /* Main.storyboard */ = {
			isa = PBXVariantGroup;
			children = (
				9A9C91991B3444E500DE580F /* Base */,
				9ACC025A1B5130D500F93A4C /* ru */,
			);
			name = Main.storyboard;
			sourceTree = "<group>";
		};
/* End PBXVariantGroup section */

/* Begin XCBuildConfiguration section */
		9A9C91AC1B3444E500DE580F /* Debug */ = {
			isa = XCBuildConfiguration;
			buildSettings = {
				ALWAYS_SEARCH_USER_PATHS = NO;
				CLANG_CXX_LANGUAGE_STANDARD = "gnu++0x";
				CLANG_CXX_LIBRARY = "libc++";
				CLANG_ENABLE_MODULES = YES;
				CLANG_ENABLE_OBJC_ARC = YES;
				CLANG_WARN_BOOL_CONVERSION = YES;
				CLANG_WARN_CONSTANT_CONVERSION = YES;
				CLANG_WARN_DIRECT_OBJC_ISA_USAGE = YES_ERROR;
				CLANG_WARN_EMPTY_BODY = YES;
				CLANG_WARN_ENUM_CONVERSION = YES;
				CLANG_WARN_INT_CONVERSION = YES;
				CLANG_WARN_OBJC_ROOT_CLASS = YES_ERROR;
				CLANG_WARN_UNREACHABLE_CODE = YES;
				CLANG_WARN__DUPLICATE_METHOD_MATCH = YES;
				"CODE_SIGN_IDENTITY[sdk=iphoneos*]" = "iPhone Developer";
				COPY_PHASE_STRIP = NO;
				DEBUG_INFORMATION_FORMAT = "dwarf-with-dsym";
				ENABLE_STRICT_OBJC_MSGSEND = YES;
				GCC_C_LANGUAGE_STANDARD = gnu99;
				GCC_DYNAMIC_NO_PIC = NO;
				GCC_NO_COMMON_BLOCKS = YES;
				GCC_OPTIMIZATION_LEVEL = 0;
				GCC_PREPROCESSOR_DEFINITIONS = (
					"DEBUG=1",
					"$(inherited)",
				);
				GCC_SYMBOLS_PRIVATE_EXTERN = NO;
				GCC_WARN_64_TO_32_BIT_CONVERSION = YES;
				GCC_WARN_ABOUT_RETURN_TYPE = YES_ERROR;
				GCC_WARN_UNDECLARED_SELECTOR = YES;
				GCC_WARN_UNINITIALIZED_AUTOS = YES_AGGRESSIVE;
				GCC_WARN_UNUSED_FUNCTION = YES;
				GCC_WARN_UNUSED_VARIABLE = YES;
				IPHONEOS_DEPLOYMENT_TARGET = 8.3;
				MTL_ENABLE_DEBUG_INFO = YES;
				ONLY_ACTIVE_ARCH = YES;
				SDKROOT = iphoneos;
				SWIFT_OPTIMIZATION_LEVEL = "-Onone";
			};
			name = Debug;
		};
		9A9C91AD1B3444E500DE580F /* Release */ = {
			isa = XCBuildConfiguration;
			buildSettings = {
				ALWAYS_SEARCH_USER_PATHS = NO;
				CLANG_CXX_LANGUAGE_STANDARD = "gnu++0x";
				CLANG_CXX_LIBRARY = "libc++";
				CLANG_ENABLE_MODULES = YES;
				CLANG_ENABLE_OBJC_ARC = YES;
				CLANG_WARN_BOOL_CONVERSION = YES;
				CLANG_WARN_CONSTANT_CONVERSION = YES;
				CLANG_WARN_DIRECT_OBJC_ISA_USAGE = YES_ERROR;
				CLANG_WARN_EMPTY_BODY = YES;
				CLANG_WARN_ENUM_CONVERSION = YES;
				CLANG_WARN_INT_CONVERSION = YES;
				CLANG_WARN_OBJC_ROOT_CLASS = YES_ERROR;
				CLANG_WARN_UNREACHABLE_CODE = YES;
				CLANG_WARN__DUPLICATE_METHOD_MATCH = YES;
				"CODE_SIGN_IDENTITY[sdk=iphoneos*]" = "iPhone Developer";
				COPY_PHASE_STRIP = NO;
				DEBUG_INFORMATION_FORMAT = "dwarf-with-dsym";
				ENABLE_NS_ASSERTIONS = NO;
				ENABLE_STRICT_OBJC_MSGSEND = YES;
				GCC_C_LANGUAGE_STANDARD = gnu99;
				GCC_NO_COMMON_BLOCKS = YES;
				GCC_WARN_64_TO_32_BIT_CONVERSION = YES;
				GCC_WARN_ABOUT_RETURN_TYPE = YES_ERROR;
				GCC_WARN_UNDECLARED_SELECTOR = YES;
				GCC_WARN_UNINITIALIZED_AUTOS = YES_AGGRESSIVE;
				GCC_WARN_UNUSED_FUNCTION = YES;
				GCC_WARN_UNUSED_VARIABLE = YES;
				IPHONEOS_DEPLOYMENT_TARGET = 8.3;
				MTL_ENABLE_DEBUG_INFO = NO;
				SDKROOT = iphoneos;
				VALIDATE_PRODUCT = YES;
			};
			name = Release;
		};
		9A9C91AF1B3444E500DE580F /* Debug */ = {
			isa = XCBuildConfiguration;
			buildSettings = {
				ASSETCATALOG_COMPILER_APPICON_NAME = AppIcon;
				CODE_SIGN_IDENTITY = "iPhone Developer";
				"CODE_SIGN_IDENTITY[sdk=iphoneos*]" = "iPhone Developer";
				INFOPLIST_FILE = "Finance App for Travellers/Info.plist";
				LD_RUNPATH_SEARCH_PATHS = "$(inherited) @executable_path/Frameworks";
				PRODUCT_NAME = "$(TARGET_NAME)";
				PROVISIONING_PROFILE = "";
				TARGETED_DEVICE_FAMILY = 1;
			};
			name = Debug;
		};
		9A9C91B01B3444E500DE580F /* Release */ = {
			isa = XCBuildConfiguration;
			buildSettings = {
				ASSETCATALOG_COMPILER_APPICON_NAME = AppIcon;
				CODE_SIGN_IDENTITY = "iPhone Developer";
				"CODE_SIGN_IDENTITY[sdk=iphoneos*]" = "iPhone Developer";
				INFOPLIST_FILE = "Finance App for Travellers/Info.plist";
				LD_RUNPATH_SEARCH_PATHS = "$(inherited) @executable_path/Frameworks";
				PRODUCT_NAME = "$(TARGET_NAME)";
				PROVISIONING_PROFILE = "";
				TARGETED_DEVICE_FAMILY = 1;
			};
			name = Release;
		};
		9A9C91B21B3444E500DE580F /* Debug */ = {
			isa = XCBuildConfiguration;
			buildSettings = {
				BUNDLE_LOADER = "$(TEST_HOST)";
				FRAMEWORK_SEARCH_PATHS = (
					"$(SDKROOT)/Developer/Library/Frameworks",
					"$(inherited)",
				);
				GCC_PREPROCESSOR_DEFINITIONS = (
					"DEBUG=1",
					"$(inherited)",
				);
				INFOPLIST_FILE = "Finance App for TravellersTests/Info.plist";
				LD_RUNPATH_SEARCH_PATHS = "$(inherited) @executable_path/Frameworks @loader_path/Frameworks";
				PRODUCT_NAME = "$(TARGET_NAME)";
				TEST_HOST = "$(BUILT_PRODUCTS_DIR)/Finance App for Travellers.app/Finance App for Travellers";
			};
			name = Debug;
		};
		9A9C91B31B3444E500DE580F /* Release */ = {
			isa = XCBuildConfiguration;
			buildSettings = {
				BUNDLE_LOADER = "$(TEST_HOST)";
				FRAMEWORK_SEARCH_PATHS = (
					"$(SDKROOT)/Developer/Library/Frameworks",
					"$(inherited)",
				);
				INFOPLIST_FILE = "Finance App for TravellersTests/Info.plist";
				LD_RUNPATH_SEARCH_PATHS = "$(inherited) @executable_path/Frameworks @loader_path/Frameworks";
				PRODUCT_NAME = "$(TARGET_NAME)";
				TEST_HOST = "$(BUILT_PRODUCTS_DIR)/Finance App for Travellers.app/Finance App for Travellers";
			};
			name = Release;
		};
/* End XCBuildConfiguration section */

/* Begin XCConfigurationList section */
		9A9C91871B3444E500DE580F /* Build configuration list for PBXProject "Finance App for Travellers" */ = {
			isa = XCConfigurationList;
			buildConfigurations = (
				9A9C91AC1B3444E500DE580F /* Debug */,
				9A9C91AD1B3444E500DE580F /* Release */,
			);
			defaultConfigurationIsVisible = 0;
			defaultConfigurationName = Release;
		};
		9A9C91AE1B3444E500DE580F /* Build configuration list for PBXNativeTarget "Finance App for Travellers" */ = {
			isa = XCConfigurationList;
			buildConfigurations = (
				9A9C91AF1B3444E500DE580F /* Debug */,
				9A9C91B01B3444E500DE580F /* Release */,
			);
			defaultConfigurationIsVisible = 0;
			defaultConfigurationName = Release;
		};
		9A9C91B11B3444E500DE580F /* Build configuration list for PBXNativeTarget "Finance App for TravellersTests" */ = {
			isa = XCConfigurationList;
			buildConfigurations = (
				9A9C91B21B3444E500DE580F /* Debug */,
				9A9C91B31B3444E500DE580F /* Release */,
			);
			defaultConfigurationIsVisible = 0;
			defaultConfigurationName = Release;
		};
/* End XCConfigurationList section */

/* Begin XCVersionGroup section */
		9AF9E1261B4B6F810076BE69 /* DataModel.xcdatamodeld */ = {
			isa = XCVersionGroup;
			children = (
				9AF9E1271B4B6F810076BE69 /* DataModel.xcdatamodel */,
			);
			currentVersion = 9AF9E1271B4B6F810076BE69 /* DataModel.xcdatamodel */;
			path = DataModel.xcdatamodeld;
			sourceTree = "<group>";
			versionGroupType = wrapper.xcdatamodel;
		};
/* End XCVersionGroup section */
	};
	rootObject = 9A9C91841B3444E500DE580F /* Project object */;
}
