// !$*UTF8*$!
{
	archiveVersion = 1;
	classes = {
	};
	objectVersion = 47;
	objects = {

/* Begin PBXBuildFile section */
		09AE3CC6B5B2F44ED3204A81 /* Pods_CrabAppTests.framework in Frameworks */ = {isa = PBXBuildFile; fileRef = C97919ECCF491A49B4EF5D05 /* Pods_CrabAppTests.framework */; };
		3F1E94E01DE9BB6200D2832D /* NotPurchased.xib in Resources */ = {isa = PBXBuildFile; fileRef = 3F1E94DF1DE9BB6200D2832D /* NotPurchased.xib */; };
		3F28688F1D8843B500ACBFF4 /* Backend.swift in Sources */ = {isa = PBXBuildFile; fileRef = 3F28688E1D8843B500ACBFF4 /* Backend.swift */; };
		3F892D081C5F910700D0DB54 /* UIViewController+Extension.swift in Sources */ = {isa = PBXBuildFile; fileRef = 9A827C951C1D41220025FC5B /* UIViewController+Extension.swift */; };
		3FD5918F1C6B7A0800495C2C /* BudgetTableViewController.swift in Sources */ = {isa = PBXBuildFile; fileRef = 3FD5918E1C6B7A0800495C2C /* BudgetTableViewController.swift */; };
		3FDEC0051DB8FC9B00A6A07D /* UIFont+Extension.swift in Sources */ = {isa = PBXBuildFile; fileRef = 3FDEC0041DB8FC9B00A6A07D /* UIFont+Extension.swift */; };
		3FE2BDC71DF19CBF009E4321 /* CrabAppUITests.swift in Sources */ = {isa = PBXBuildFile; fileRef = 3FE2BDC61DF19CBF009E4321 /* CrabAppUITests.swift */; };
		3FE9B35B1D9AB8720077A832 /* Alamofire.Manager+Extension.swift in Sources */ = {isa = PBXBuildFile; fileRef = 3FE9B35A1D9AB8720077A832 /* Alamofire.Manager+Extension.swift */; };
		3FFBACA41D9BC54C005C7924 /* ProfileTableViewController.swift in Sources */ = {isa = PBXBuildFile; fileRef = 3FFBACA31D9BC54C005C7924 /* ProfileTableViewController.swift */; };
		764F166406CC9F9B477688CF /* Pods_CrabApp.framework in Frameworks */ = {isa = PBXBuildFile; fileRef = 1AAB0B1DEFC5FFEE06399F68 /* Pods_CrabApp.framework */; };
		9A04DA111B5CF5A3005230C0 /* AllCurrenciesTableViewController.swift in Sources */ = {isa = PBXBuildFile; fileRef = 9A04DA101B5CF5A3005230C0 /* AllCurrenciesTableViewController.swift */; };
		9A0A82F81C2CFE66005BEE09 /* NumpadView.swift in Sources */ = {isa = PBXBuildFile; fileRef = 9A0A82F71C2CFE66005BEE09 /* NumpadView.swift */; };
		9A0B11931B4E2D9400BC8BB1 /* Networking.swift in Sources */ = {isa = PBXBuildFile; fileRef = 9A0B11921B4E2D9400BC8BB1 /* Networking.swift */; };
		9A0BA91E1BC3981500CE0AF1 /* Sound.swift in Sources */ = {isa = PBXBuildFile; fileRef = 9A0BA91D1BC3981500CE0AF1 /* Sound.swift */; };
		9A0BE4511BF45266002D6F5F /* categories.json in Resources */ = {isa = PBXBuildFile; fileRef = 9A0BE4531BF45266002D6F5F /* categories.json */; };
		9A27C1471B85859A0087ECDD /* CategoriesCollectionViewController.swift in Sources */ = {isa = PBXBuildFile; fileRef = 9A27C1461B85859A0087ECDD /* CategoriesCollectionViewController.swift */; };
		9A27C1491B8586220087ECDD /* Category.swift in Sources */ = {isa = PBXBuildFile; fileRef = 9A27C1481B8586220087ECDD /* Category.swift */; };
		9A27C14B1B8592270087ECDD /* CategoryCollectionViewCell.swift in Sources */ = {isa = PBXBuildFile; fileRef = 9A27C14A1B8592270087ECDD /* CategoryCollectionViewCell.swift */; };
		9A36FCDB1BD91AA000BD81C0 /* AllCurrenciesTableViewCell.swift in Sources */ = {isa = PBXBuildFile; fileRef = 9A36FCDA1BD91AA000BD81C0 /* AllCurrenciesTableViewCell.swift */; };
		9A36FCE21BD9E13600BD81C0 /* ResultsTableController.swift in Sources */ = {isa = PBXBuildFile; fileRef = 9A36FCE11BD9E13600BD81C0 /* ResultsTableController.swift */; };
		9A36FCE61BD9E52300BD81C0 /* AllCurrenciesSearchCell.xib in Resources */ = {isa = PBXBuildFile; fileRef = 9A36FCE51BD9E52300BD81C0 /* AllCurrenciesSearchCell.xib */; };
		9A3C57921C51F3AC001CB79D /* NSLayoutConstraint+Extension.swift in Sources */ = {isa = PBXBuildFile; fileRef = 9A3C57911C51F3AC001CB79D /* NSLayoutConstraint+Extension.swift */; };
		9A3C57941C537972001CB79D /* CurrencyView.swift in Sources */ = {isa = PBXBuildFile; fileRef = 9A3C57931C537971001CB79D /* CurrencyView.swift */; };
		9A3F0FC21C4B5190009F0BA0 /* currencies.json in Resources */ = {isa = PBXBuildFile; fileRef = 9A3F0FC11C4B5190009F0BA0 /* currencies.json */; };
		9A41FF231B75A32900E529D1 /* AmountTextField.swift in Sources */ = {isa = PBXBuildFile; fileRef = 9A41FF221B75A32900E529D1 /* AmountTextField.swift */; };
		9A43CA181BFD8EBF00D42507 /* SettingsTableViewController.swift in Sources */ = {isa = PBXBuildFile; fileRef = 9A43CA171BFD8EBF00D42507 /* SettingsTableViewController.swift */; };
		9A4B72111BF07F7400E19042 /* CategoryAddViewController.swift in Sources */ = {isa = PBXBuildFile; fileRef = 9A4B72101BF07F7400E19042 /* CategoryAddViewController.swift */; };
		9A4C04F11C3D733C00B2C754 /* Transaction.swift in Sources */ = {isa = PBXBuildFile; fileRef = 9A4C04F01C3D733C00B2C754 /* Transaction.swift */; };
		9A4C04F31C3D742700B2C754 /* Currency.swift in Sources */ = {isa = PBXBuildFile; fileRef = 9A4C04F21C3D742700B2C754 /* Currency.swift */; };
		9A4D03AD1C1BD37900327679 /* InsightsTableViewController.swift in Sources */ = {isa = PBXBuildFile; fileRef = 9A4D03AC1C1BD37900327679 /* InsightsTableViewController.swift */; };
		9A5CA8981B7862B000AE3BA3 /* HandsOnCurrency.swift in Sources */ = {isa = PBXBuildFile; fileRef = 9A5CA8971B7862B000AE3BA3 /* HandsOnCurrency.swift */; };
		9A5DB9921C2A5F63007B85B8 /* UIColor+Extension.swift in Sources */ = {isa = PBXBuildFile; fileRef = 9A5DB9911C2A5F63007B85B8 /* UIColor+Extension.swift */; };
		9A801E861B37D62600C409C1 /* CurrencyTableViewCell.swift in Sources */ = {isa = PBXBuildFile; fileRef = 9A801E851B37D62600C409C1 /* CurrencyTableViewCell.swift */; };
		9A801E8E1B37DFAB00C409C1 /* ConverterTableViewController.swift in Sources */ = {isa = PBXBuildFile; fileRef = 9A801E8D1B37DFAB00C409C1 /* ConverterTableViewController.swift */; };
		9A827C8E1C1D2B9C0025FC5B /* Period.swift in Sources */ = {isa = PBXBuildFile; fileRef = 9A827C8D1C1D2B9C0025FC5B /* Period.swift */; };
		9A827C941C1D3EF50025FC5B /* Date+Extension.swift in Sources */ = {isa = PBXBuildFile; fileRef = 9A827C931C1D3EF50025FC5B /* Date+Extension.swift */; };
		9A827C9A1C1D708F0025FC5B /* InsightsCategoriesTableViewController.swift in Sources */ = {isa = PBXBuildFile; fileRef = 9A827C991C1D708F0025FC5B /* InsightsCategoriesTableViewController.swift */; };
		9A827C9D1C1D71E00025FC5B /* InsightsCategoryTableViewCell.swift in Sources */ = {isa = PBXBuildFile; fileRef = 9A827C9C1C1D71E00025FC5B /* InsightsCategoryTableViewCell.swift */; };
		9A827C9F1C1DBE380025FC5B /* TransactionDetailTableViewController.swift in Sources */ = {isa = PBXBuildFile; fileRef = 9A827C9E1C1DBE380025FC5B /* TransactionDetailTableViewController.swift */; };
		9A87AB241C55D7CD00021339 /* FiraSans-Book.otf in Resources */ = {isa = PBXBuildFile; fileRef = 9A87AB231C55D7CD00021339 /* FiraSans-Book.otf */; };
		9A8B45701C3D39700037D137 /* HandsOnCurrency.swift in Sources */ = {isa = PBXBuildFile; fileRef = 9A5CA8971B7862B000AE3BA3 /* HandsOnCurrency.swift */; };
		9A8B45721C3D39700037D137 /* Country.swift in Sources */ = {isa = PBXBuildFile; fileRef = 9AFB007F1B576B0F0062C6AE /* Country.swift */; };
		9A8B45731C3D39700037D137 /* Money.swift in Sources */ = {isa = PBXBuildFile; fileRef = 9AEA34F91B79C4ED009C65FE /* Money.swift */; };
		9A8B45741C3D39700037D137 /* Period.swift in Sources */ = {isa = PBXBuildFile; fileRef = 9A827C8D1C1D2B9C0025FC5B /* Period.swift */; };
		9A8B45751C3D39C60037D137 /* Date+Extension.swift in Sources */ = {isa = PBXBuildFile; fileRef = 9A827C931C1D3EF50025FC5B /* Date+Extension.swift */; };
		9A8B45761C3D39D70037D137 /* NSDecimalNumber+Extension.swift in Sources */ = {isa = PBXBuildFile; fileRef = 9AF5392A1BCBD5E00025A604 /* NSDecimalNumber+Extension.swift */; };
		9A8B45771C3D39D70037D137 /* NSNumberFormatter+Extension.swift in Sources */ = {isa = PBXBuildFile; fileRef = 9A91B41B1BCCB8E000964B36 /* NSNumberFormatter+Extension.swift */; };
		9A8B45781C3D39D70037D137 /* String+Extension.swift in Sources */ = {isa = PBXBuildFile; fileRef = 9AC460C71BD0B5B800EEE4A7 /* String+Extension.swift */; };
		9A8B457D1C3D3B940037D137 /* currencies.json in Resources */ = {isa = PBXBuildFile; fileRef = 9A8B457C1C3D3B940037D137 /* currencies.json */; };
		9A8B45831C3D48A70037D137 /* categories.json in Resources */ = {isa = PBXBuildFile; fileRef = 9A8B45821C3D48A70037D137 /* categories.json */; };
		9A8B45851C3D48DB0037D137 /* transactions.json in Resources */ = {isa = PBXBuildFile; fileRef = 9A8B45841C3D48DB0037D137 /* transactions.json */; };
		9A91B41C1BCCB8E000964B36 /* NSNumberFormatter+Extension.swift in Sources */ = {isa = PBXBuildFile; fileRef = 9A91B41B1BCCB8E000964B36 /* NSNumberFormatter+Extension.swift */; };
		9A9A27431B3A6F1700526310 /* CurrencyAddTableViewCell.swift in Sources */ = {isa = PBXBuildFile; fileRef = 9A9A27421B3A6F1700526310 /* CurrencyAddTableViewCell.swift */; };
		9A9C91921B3444E500DE580F /* AppDelegate.swift in Sources */ = {isa = PBXBuildFile; fileRef = 9A9C91911B3444E500DE580F /* AppDelegate.swift */; };
		9A9C91971B3444E500DE580F /* NumpadViewController.swift in Sources */ = {isa = PBXBuildFile; fileRef = 9A9C91961B3444E500DE580F /* NumpadViewController.swift */; };
		9A9C919A1B3444E500DE580F /* Main.storyboard in Resources */ = {isa = PBXBuildFile; fileRef = 9A9C91981B3444E500DE580F /* Main.storyboard */; };
		9A9C919C1B3444E500DE580F /* Images.xcassets in Resources */ = {isa = PBXBuildFile; fileRef = 9A9C919B1B3444E500DE580F /* Images.xcassets */; };
		9A9C91AB1B3444E500DE580F /* Finance_App_for_TravellersTests.swift in Sources */ = {isa = PBXBuildFile; fileRef = 9A9C91AA1B3444E500DE580F /* Finance_App_for_TravellersTests.swift */; };
		9AA2E9C11B82240E00367068 /* Transaction.swift in Sources */ = {isa = PBXBuildFile; fileRef = 9AA2E9C01B82240E00367068 /* Transaction.swift */; };
		9AA926881BC3AC5C009D16B3 /* Fabric.framework in Frameworks */ = {isa = PBXBuildFile; fileRef = 9AA926861BC3AC5C009D16B3 /* Fabric.framework */; };
		9AA926891BC3AC5C009D16B3 /* Crashlytics.framework in Frameworks */ = {isa = PBXBuildFile; fileRef = 9AA926871BC3AC5C009D16B3 /* Crashlytics.framework */; };
		9AB4438D1BCA1D9E0005146B /* GraphView.swift in Sources */ = {isa = PBXBuildFile; fileRef = 9AB4438C1BCA1D9E0005146B /* GraphView.swift */; };
		9ABCE1871C4C9AE700B64BC7 /* TabBarController.swift in Sources */ = {isa = PBXBuildFile; fileRef = 9ABCE1861C4C9AE700B64BC7 /* TabBarController.swift */; };
		9AC460BD1BCFE27B00EEE4A7 /* tap-mellow.aif in Resources */ = {isa = PBXBuildFile; fileRef = 9AC460B81BCFAF1500EEE4A7 /* tap-mellow.aif */; };
		9AC460BF1BD0AB5B00EEE4A7 /* SummaryView.swift in Sources */ = {isa = PBXBuildFile; fileRef = 9AC460BE1BD0AB5B00EEE4A7 /* SummaryView.swift */; };
		9AC460C21BD0B47100EEE4A7 /* Localizable.strings in Resources */ = {isa = PBXBuildFile; fileRef = 9AC460C41BD0B47100EEE4A7 /* Localizable.strings */; };
		9AC460C81BD0B5B800EEE4A7 /* String+Extension.swift in Sources */ = {isa = PBXBuildFile; fileRef = 9AC460C71BD0B5B800EEE4A7 /* String+Extension.swift */; };
		9ACC025C1B5162EC00F93A4C /* CountriesTableViewController.swift in Sources */ = {isa = PBXBuildFile; fileRef = 9ACC025B1B5162EC00F93A4C /* CountriesTableViewController.swift */; };
		9ACDB0061C4F4E3E0053CEE5 /* Category.swift in Sources */ = {isa = PBXBuildFile; fileRef = 9ACDB0051C4F4E3E0053CEE5 /* Category.swift */; };
		9AD308331BC4DB4D00962DE1 /* TransactionsSummaryView.xib in Resources */ = {isa = PBXBuildFile; fileRef = 9AD308321BC4DB4D00962DE1 /* TransactionsSummaryView.xib */; };
		9ADC27F81C4A27890053E77F /* InsightsEmptyView.xib in Resources */ = {isa = PBXBuildFile; fileRef = 9ADC27F71C4A27890053E77F /* InsightsEmptyView.xib */; };
		9ADC27FB1C4A30970053E77F /* Currencies.strings in Resources */ = {isa = PBXBuildFile; fileRef = 9ADC27FD1C4A30970053E77F /* Currencies.strings */; };
		9AEA34FA1B79C4ED009C65FE /* Money.swift in Sources */ = {isa = PBXBuildFile; fileRef = 9AEA34F91B79C4ED009C65FE /* Money.swift */; };
		9AEDFF5D1C3D1CB900541A23 /* Math.swift in Sources */ = {isa = PBXBuildFile; fileRef = 9AEDFF5C1C3D1CB900541A23 /* Math.swift */; };
		9AEDFF5E1C3D1F4600541A23 /* Math.swift in Sources */ = {isa = PBXBuildFile; fileRef = 9AEDFF5C1C3D1CB900541A23 /* Math.swift */; };
		9AF5392B1BCBD5E00025A604 /* NSDecimalNumber+Extension.swift in Sources */ = {isa = PBXBuildFile; fileRef = 9AF5392A1BCBD5E00025A604 /* NSDecimalNumber+Extension.swift */; };
		9AF9E1281B4B6F810076BE69 /* DataModel.xcdatamodeld in Sources */ = {isa = PBXBuildFile; fileRef = 9AF9E1261B4B6F810076BE69 /* DataModel.xcdatamodeld */; };
		9AF9E12C1B4B92DD0076BE69 /* Model.swift in Sources */ = {isa = PBXBuildFile; fileRef = 9AF9E12B1B4B92DD0076BE69 /* Model.swift */; };
		9AFB00801B576B0F0062C6AE /* Country.swift in Sources */ = {isa = PBXBuildFile; fileRef = 9AFB007F1B576B0F0062C6AE /* Country.swift */; };
		9AFB00821B576B100062C6AE /* Currency.swift in Sources */ = {isa = PBXBuildFile; fileRef = 9AFB00811B576B100062C6AE /* Currency.swift */; };
		9AFE7CAA1B82DF2B00B7159B /* TransactionsTableViewController.swift in Sources */ = {isa = PBXBuildFile; fileRef = 9AFE7CA91B82DF2B00B7159B /* TransactionsTableViewController.swift */; };
		9AFE7CAC1B82E78C00B7159B /* TransactionTableViewCell.swift in Sources */ = {isa = PBXBuildFile; fileRef = 9AFE7CAB1B82E78C00B7159B /* TransactionTableViewCell.swift */; };
/* End PBXBuildFile section */

/* Begin PBXContainerItemProxy section */
		3FE2BDC91DF19CBF009E4321 /* PBXContainerItemProxy */ = {
			isa = PBXContainerItemProxy;
			containerPortal = 9A9C91841B3444E500DE580F /* Project object */;
			proxyType = 1;
			remoteGlobalIDString = 9A9C918B1B3444E500DE580F;
			remoteInfo = CrabApp;
		};
		9A9C91A51B3444E500DE580F /* PBXContainerItemProxy */ = {
			isa = PBXContainerItemProxy;
			containerPortal = 9A9C91841B3444E500DE580F /* Project object */;
			proxyType = 1;
			remoteGlobalIDString = 9A9C918B1B3444E500DE580F;
			remoteInfo = "Finance App for Travellers";
		};
/* End PBXContainerItemProxy section */

/* Begin PBXCopyFilesBuildPhase section */
		9AB80D301B4E39E3007D1B92 /* Embed Frameworks */ = {
			isa = PBXCopyFilesBuildPhase;
			buildActionMask = 2147483647;
			dstPath = "";
			dstSubfolderSpec = 10;
			files = (
			);
			name = "Embed Frameworks";
			runOnlyForDeploymentPostprocessing = 0;
		};
/* End PBXCopyFilesBuildPhase section */

/* Begin PBXFileReference section */
		003B777BA873BF18FC4065E6 /* Pods-CrabAppTests.debug.xcconfig */ = {isa = PBXFileReference; includeInIndex = 1; lastKnownFileType = text.xcconfig; name = "Pods-CrabAppTests.debug.xcconfig"; path = "Pods/Target Support Files/Pods-CrabAppTests/Pods-CrabAppTests.debug.xcconfig"; sourceTree = "<group>"; };
		1AAB0B1DEFC5FFEE06399F68 /* Pods_CrabApp.framework */ = {isa = PBXFileReference; explicitFileType = wrapper.framework; includeInIndex = 0; path = Pods_CrabApp.framework; sourceTree = BUILT_PRODUCTS_DIR; };
		3F1E94DF1DE9BB6200D2832D /* NotPurchased.xib */ = {isa = PBXFileReference; fileEncoding = 4; lastKnownFileType = file.xib; path = NotPurchased.xib; sourceTree = "<group>"; };
		3F28688E1D8843B500ACBFF4 /* Backend.swift */ = {isa = PBXFileReference; fileEncoding = 4; lastKnownFileType = sourcecode.swift; path = Backend.swift; sourceTree = "<group>"; };
		3F7E50E91D96A0D100EA9911 /* CrabApp-Bridging-Header.h */ = {isa = PBXFileReference; lastKnownFileType = sourcecode.c.h; name = "CrabApp-Bridging-Header.h"; path = "../CrabApp-Bridging-Header.h"; sourceTree = "<group>"; };
		3FD5918E1C6B7A0800495C2C /* BudgetTableViewController.swift */ = {isa = PBXFileReference; fileEncoding = 4; lastKnownFileType = sourcecode.swift; path = BudgetTableViewController.swift; sourceTree = "<group>"; };
		3FDEC0041DB8FC9B00A6A07D /* UIFont+Extension.swift */ = {isa = PBXFileReference; fileEncoding = 4; lastKnownFileType = sourcecode.swift; path = "UIFont+Extension.swift"; sourceTree = "<group>"; };
		3FE2BDC41DF19CBF009E4321 /* CrabAppUITests.xctest */ = {isa = PBXFileReference; explicitFileType = wrapper.cfbundle; includeInIndex = 0; path = CrabAppUITests.xctest; sourceTree = BUILT_PRODUCTS_DIR; };
		3FE2BDC61DF19CBF009E4321 /* CrabAppUITests.swift */ = {isa = PBXFileReference; lastKnownFileType = sourcecode.swift; path = CrabAppUITests.swift; sourceTree = "<group>"; };
		3FE2BDC81DF19CBF009E4321 /* Info.plist */ = {isa = PBXFileReference; lastKnownFileType = text.plist.xml; path = Info.plist; sourceTree = "<group>"; };
		3FE9B35A1D9AB8720077A832 /* Alamofire.Manager+Extension.swift */ = {isa = PBXFileReference; fileEncoding = 4; lastKnownFileType = sourcecode.swift; path = "Alamofire.Manager+Extension.swift"; sourceTree = "<group>"; };
		3FFBACA31D9BC54C005C7924 /* ProfileTableViewController.swift */ = {isa = PBXFileReference; fileEncoding = 4; lastKnownFileType = sourcecode.swift; path = ProfileTableViewController.swift; sourceTree = "<group>"; };
		5A52882C9FC7A80D4B1A6C54 /* Pods-CrabApp.release.xcconfig */ = {isa = PBXFileReference; includeInIndex = 1; lastKnownFileType = text.xcconfig; name = "Pods-CrabApp.release.xcconfig"; path = "Pods/Target Support Files/Pods-CrabApp/Pods-CrabApp.release.xcconfig"; sourceTree = "<group>"; };
		7CD2044D09203E70A7019907 /* Pods-CrabApp.debug.xcconfig */ = {isa = PBXFileReference; includeInIndex = 1; lastKnownFileType = text.xcconfig; name = "Pods-CrabApp.debug.xcconfig"; path = "Pods/Target Support Files/Pods-CrabApp/Pods-CrabApp.debug.xcconfig"; sourceTree = "<group>"; };
		9A04DA101B5CF5A3005230C0 /* AllCurrenciesTableViewController.swift */ = {isa = PBXFileReference; fileEncoding = 4; lastKnownFileType = sourcecode.swift; path = AllCurrenciesTableViewController.swift; sourceTree = "<group>"; };
		9A0A82F71C2CFE66005BEE09 /* NumpadView.swift */ = {isa = PBXFileReference; fileEncoding = 4; lastKnownFileType = sourcecode.swift; path = NumpadView.swift; sourceTree = "<group>"; };
		9A0B11921B4E2D9400BC8BB1 /* Networking.swift */ = {isa = PBXFileReference; fileEncoding = 4; lastKnownFileType = sourcecode.swift; path = Networking.swift; sourceTree = "<group>"; usesTabs = 1; };
		9A0BA91D1BC3981500CE0AF1 /* Sound.swift */ = {isa = PBXFileReference; fileEncoding = 4; lastKnownFileType = sourcecode.swift; path = Sound.swift; sourceTree = "<group>"; };
		9A0BE4521BF45266002D6F5F /* en */ = {isa = PBXFileReference; lastKnownFileType = text.json; name = en; path = en.lproj/categories.json; sourceTree = "<group>"; };
		9A0BE4541BF4526E002D6F5F /* ru */ = {isa = PBXFileReference; lastKnownFileType = text.json; name = ru; path = ru.lproj/categories.json; sourceTree = "<group>"; };
		9A27C1461B85859A0087ECDD /* CategoriesCollectionViewController.swift */ = {isa = PBXFileReference; fileEncoding = 4; lastKnownFileType = sourcecode.swift; path = CategoriesCollectionViewController.swift; sourceTree = "<group>"; };
		9A27C1481B8586220087ECDD /* Category.swift */ = {isa = PBXFileReference; fileEncoding = 4; lastKnownFileType = sourcecode.swift; path = Category.swift; sourceTree = "<group>"; };
		9A27C14A1B8592270087ECDD /* CategoryCollectionViewCell.swift */ = {isa = PBXFileReference; fileEncoding = 4; lastKnownFileType = sourcecode.swift; path = CategoryCollectionViewCell.swift; sourceTree = "<group>"; };
		9A36FCDA1BD91AA000BD81C0 /* AllCurrenciesTableViewCell.swift */ = {isa = PBXFileReference; fileEncoding = 4; lastKnownFileType = sourcecode.swift; path = AllCurrenciesTableViewCell.swift; sourceTree = "<group>"; };
		9A36FCE11BD9E13600BD81C0 /* ResultsTableController.swift */ = {isa = PBXFileReference; fileEncoding = 4; lastKnownFileType = sourcecode.swift; path = ResultsTableController.swift; sourceTree = "<group>"; };
		9A36FCE51BD9E52300BD81C0 /* AllCurrenciesSearchCell.xib */ = {isa = PBXFileReference; fileEncoding = 4; lastKnownFileType = file.xib; path = AllCurrenciesSearchCell.xib; sourceTree = "<group>"; };
		9A3C57911C51F3AC001CB79D /* NSLayoutConstraint+Extension.swift */ = {isa = PBXFileReference; fileEncoding = 4; lastKnownFileType = sourcecode.swift; path = "NSLayoutConstraint+Extension.swift"; sourceTree = "<group>"; };
		9A3C57931C537971001CB79D /* CurrencyView.swift */ = {isa = PBXFileReference; fileEncoding = 4; lastKnownFileType = sourcecode.swift; path = CurrencyView.swift; sourceTree = "<group>"; };
		9A3F0FC11C4B5190009F0BA0 /* currencies.json */ = {isa = PBXFileReference; fileEncoding = 4; lastKnownFileType = text.json; path = currencies.json; sourceTree = "<group>"; };
		9A41FF221B75A32900E529D1 /* AmountTextField.swift */ = {isa = PBXFileReference; fileEncoding = 4; lastKnownFileType = sourcecode.swift; path = AmountTextField.swift; sourceTree = "<group>"; };
		9A43CA171BFD8EBF00D42507 /* SettingsTableViewController.swift */ = {isa = PBXFileReference; fileEncoding = 4; lastKnownFileType = sourcecode.swift; path = SettingsTableViewController.swift; sourceTree = "<group>"; };
		9A4B72101BF07F7400E19042 /* CategoryAddViewController.swift */ = {isa = PBXFileReference; fileEncoding = 4; lastKnownFileType = sourcecode.swift; path = CategoryAddViewController.swift; sourceTree = "<group>"; };
		9A4C04F01C3D733C00B2C754 /* Transaction.swift */ = {isa = PBXFileReference; fileEncoding = 4; lastKnownFileType = sourcecode.swift; path = Transaction.swift; sourceTree = "<group>"; };
		9A4C04F21C3D742700B2C754 /* Currency.swift */ = {isa = PBXFileReference; fileEncoding = 4; lastKnownFileType = sourcecode.swift; path = Currency.swift; sourceTree = "<group>"; };
		9A4D03AC1C1BD37900327679 /* InsightsTableViewController.swift */ = {isa = PBXFileReference; fileEncoding = 4; lastKnownFileType = sourcecode.swift; path = InsightsTableViewController.swift; sourceTree = "<group>"; };
		9A5CA8971B7862B000AE3BA3 /* HandsOnCurrency.swift */ = {isa = PBXFileReference; fileEncoding = 4; lastKnownFileType = sourcecode.swift; path = HandsOnCurrency.swift; sourceTree = "<group>"; };
		9A5DB9911C2A5F63007B85B8 /* UIColor+Extension.swift */ = {isa = PBXFileReference; fileEncoding = 4; lastKnownFileType = sourcecode.swift; path = "UIColor+Extension.swift"; sourceTree = "<group>"; };
		9A801E851B37D62600C409C1 /* CurrencyTableViewCell.swift */ = {isa = PBXFileReference; fileEncoding = 4; lastKnownFileType = sourcecode.swift; path = CurrencyTableViewCell.swift; sourceTree = "<group>"; };
		9A801E8D1B37DFAB00C409C1 /* ConverterTableViewController.swift */ = {isa = PBXFileReference; fileEncoding = 4; lastKnownFileType = sourcecode.swift; path = ConverterTableViewController.swift; sourceTree = "<group>"; };
		9A827C8D1C1D2B9C0025FC5B /* Period.swift */ = {isa = PBXFileReference; fileEncoding = 4; lastKnownFileType = sourcecode.swift; path = Period.swift; sourceTree = "<group>"; };
		9A827C931C1D3EF50025FC5B /* Date+Extension.swift */ = {isa = PBXFileReference; fileEncoding = 4; lastKnownFileType = sourcecode.swift; path = "Date+Extension.swift"; sourceTree = "<group>"; };
		9A827C951C1D41220025FC5B /* UIViewController+Extension.swift */ = {isa = PBXFileReference; fileEncoding = 4; lastKnownFileType = sourcecode.swift; path = "UIViewController+Extension.swift"; sourceTree = "<group>"; };
		9A827C991C1D708F0025FC5B /* InsightsCategoriesTableViewController.swift */ = {isa = PBXFileReference; fileEncoding = 4; lastKnownFileType = sourcecode.swift; path = InsightsCategoriesTableViewController.swift; sourceTree = "<group>"; };
		9A827C9C1C1D71E00025FC5B /* InsightsCategoryTableViewCell.swift */ = {isa = PBXFileReference; fileEncoding = 4; lastKnownFileType = sourcecode.swift; path = InsightsCategoryTableViewCell.swift; sourceTree = "<group>"; };
		9A827C9E1C1DBE380025FC5B /* TransactionDetailTableViewController.swift */ = {isa = PBXFileReference; fileEncoding = 4; lastKnownFileType = sourcecode.swift; path = TransactionDetailTableViewController.swift; sourceTree = "<group>"; };
		9A87AB231C55D7CD00021339 /* FiraSans-Book.otf */ = {isa = PBXFileReference; lastKnownFileType = file; path = "FiraSans-Book.otf"; sourceTree = "<group>"; };
		9A8B457C1C3D3B940037D137 /* currencies.json */ = {isa = PBXFileReference; fileEncoding = 4; lastKnownFileType = text.json; path = currencies.json; sourceTree = "<group>"; };
		9A8B45821C3D48A70037D137 /* categories.json */ = {isa = PBXFileReference; fileEncoding = 4; lastKnownFileType = text.json; path = categories.json; sourceTree = "<group>"; };
		9A8B45841C3D48DB0037D137 /* transactions.json */ = {isa = PBXFileReference; fileEncoding = 4; lastKnownFileType = text.json; path = transactions.json; sourceTree = "<group>"; };
		9A91B41B1BCCB8E000964B36 /* NSNumberFormatter+Extension.swift */ = {isa = PBXFileReference; fileEncoding = 4; lastKnownFileType = sourcecode.swift; path = "NSNumberFormatter+Extension.swift"; sourceTree = "<group>"; };
		9A9A27421B3A6F1700526310 /* CurrencyAddTableViewCell.swift */ = {isa = PBXFileReference; fileEncoding = 4; lastKnownFileType = sourcecode.swift; path = CurrencyAddTableViewCell.swift; sourceTree = "<group>"; };
		9A9C918C1B3444E500DE580F /* CrabApp.app */ = {isa = PBXFileReference; explicitFileType = wrapper.application; includeInIndex = 0; path = CrabApp.app; sourceTree = BUILT_PRODUCTS_DIR; };
		9A9C91901B3444E500DE580F /* Info.plist */ = {isa = PBXFileReference; lastKnownFileType = text.plist.xml; path = Info.plist; sourceTree = "<group>"; };
		9A9C91911B3444E500DE580F /* AppDelegate.swift */ = {isa = PBXFileReference; lastKnownFileType = sourcecode.swift; path = AppDelegate.swift; sourceTree = "<group>"; };
		9A9C91961B3444E500DE580F /* NumpadViewController.swift */ = {isa = PBXFileReference; lastKnownFileType = sourcecode.swift; path = NumpadViewController.swift; sourceTree = "<group>"; };
		9A9C91991B3444E500DE580F /* Base */ = {isa = PBXFileReference; lastKnownFileType = file.storyboard; name = Base; path = Base.lproj/Main.storyboard; sourceTree = "<group>"; };
		9A9C919B1B3444E500DE580F /* Images.xcassets */ = {isa = PBXFileReference; lastKnownFileType = folder.assetcatalog; path = Images.xcassets; sourceTree = "<group>"; };
		9A9C91A41B3444E500DE580F /* CrabApp.xctest */ = {isa = PBXFileReference; explicitFileType = wrapper.cfbundle; includeInIndex = 0; path = CrabApp.xctest; sourceTree = BUILT_PRODUCTS_DIR; };
		9A9C91A91B3444E500DE580F /* Info.plist */ = {isa = PBXFileReference; lastKnownFileType = text.plist.xml; path = Info.plist; sourceTree = "<group>"; };
		9A9C91AA1B3444E500DE580F /* Finance_App_for_TravellersTests.swift */ = {isa = PBXFileReference; lastKnownFileType = sourcecode.swift; path = Finance_App_for_TravellersTests.swift; sourceTree = "<group>"; };
		9AA2E9C01B82240E00367068 /* Transaction.swift */ = {isa = PBXFileReference; fileEncoding = 4; lastKnownFileType = sourcecode.swift; path = Transaction.swift; sourceTree = "<group>"; };
		9AA926861BC3AC5C009D16B3 /* Fabric.framework */ = {isa = PBXFileReference; lastKnownFileType = wrapper.framework; path = Fabric.framework; sourceTree = "<group>"; };
		9AA926871BC3AC5C009D16B3 /* Crashlytics.framework */ = {isa = PBXFileReference; lastKnownFileType = wrapper.framework; path = Crashlytics.framework; sourceTree = "<group>"; };
		9AB4438C1BCA1D9E0005146B /* GraphView.swift */ = {isa = PBXFileReference; fileEncoding = 4; lastKnownFileType = sourcecode.swift; path = GraphView.swift; sourceTree = "<group>"; };
		9ABCE1861C4C9AE700B64BC7 /* TabBarController.swift */ = {isa = PBXFileReference; fileEncoding = 4; lastKnownFileType = sourcecode.swift; path = TabBarController.swift; sourceTree = "<group>"; };
		9AC460B81BCFAF1500EEE4A7 /* tap-mellow.aif */ = {isa = PBXFileReference; lastKnownFileType = file; path = "tap-mellow.aif"; sourceTree = "<group>"; };
		9AC460BE1BD0AB5B00EEE4A7 /* SummaryView.swift */ = {isa = PBXFileReference; fileEncoding = 4; lastKnownFileType = sourcecode.swift; path = SummaryView.swift; sourceTree = "<group>"; };
		9AC460C51BD0B47A00EEE4A7 /* en */ = {isa = PBXFileReference; lastKnownFileType = text.plist.strings; name = en; path = en.lproj/Localizable.strings; sourceTree = "<group>"; };
		9AC460C61BD0B49C00EEE4A7 /* ru */ = {isa = PBXFileReference; lastKnownFileType = text.plist.strings; name = ru; path = ru.lproj/Localizable.strings; sourceTree = "<group>"; };
		9AC460C71BD0B5B800EEE4A7 /* String+Extension.swift */ = {isa = PBXFileReference; fileEncoding = 4; lastKnownFileType = sourcecode.swift; path = "String+Extension.swift"; sourceTree = "<group>"; };
		9AC590251C4BD40700205287 /* en */ = {isa = PBXFileReference; lastKnownFileType = text.plist.strings; name = en; path = en.lproj/Main.strings; sourceTree = "<group>"; };
		9ACC025A1B5130D500F93A4C /* ru */ = {isa = PBXFileReference; lastKnownFileType = text.plist.strings; name = ru; path = ru.lproj/Main.strings; sourceTree = "<group>"; };
		9ACC025B1B5162EC00F93A4C /* CountriesTableViewController.swift */ = {isa = PBXFileReference; fileEncoding = 4; lastKnownFileType = sourcecode.swift; path = CountriesTableViewController.swift; sourceTree = "<group>"; usesTabs = 1; };
		9ACDB0051C4F4E3E0053CEE5 /* Category.swift */ = {isa = PBXFileReference; fileEncoding = 4; lastKnownFileType = sourcecode.swift; path = Category.swift; sourceTree = "<group>"; };
		9AD308321BC4DB4D00962DE1 /* TransactionsSummaryView.xib */ = {isa = PBXFileReference; fileEncoding = 4; lastKnownFileType = file.xib; path = TransactionsSummaryView.xib; sourceTree = "<group>"; };
		9ADC27F71C4A27890053E77F /* InsightsEmptyView.xib */ = {isa = PBXFileReference; fileEncoding = 4; lastKnownFileType = file.xib; path = InsightsEmptyView.xib; sourceTree = "<group>"; };
		9ADC27FC1C4A30970053E77F /* en */ = {isa = PBXFileReference; lastKnownFileType = text.plist.strings; name = en; path = en.lproj/Currencies.strings; sourceTree = "<group>"; };
		9ADC27FE1C4A30990053E77F /* ru */ = {isa = PBXFileReference; lastKnownFileType = text.plist.strings; name = ru; path = ru.lproj/Currencies.strings; sourceTree = "<group>"; };
		9AEA34F91B79C4ED009C65FE /* Money.swift */ = {isa = PBXFileReference; fileEncoding = 4; lastKnownFileType = sourcecode.swift; path = Money.swift; sourceTree = "<group>"; };
		9AEDFF5C1C3D1CB900541A23 /* Math.swift */ = {isa = PBXFileReference; fileEncoding = 4; lastKnownFileType = sourcecode.swift; path = Math.swift; sourceTree = "<group>"; };
		9AF5392A1BCBD5E00025A604 /* NSDecimalNumber+Extension.swift */ = {isa = PBXFileReference; fileEncoding = 4; lastKnownFileType = sourcecode.swift; name = "NSDecimalNumber+Extension.swift"; path = "../NSDecimalNumber+Extension.swift"; sourceTree = "<group>"; };
		9AF9E1271B4B6F810076BE69 /* DataModel.xcdatamodel */ = {isa = PBXFileReference; lastKnownFileType = wrapper.xcdatamodel; path = DataModel.xcdatamodel; sourceTree = "<group>"; };
		9AF9E12B1B4B92DD0076BE69 /* Model.swift */ = {isa = PBXFileReference; fileEncoding = 4; lastKnownFileType = sourcecode.swift; path = Model.swift; sourceTree = "<group>"; };
		9AFB007F1B576B0F0062C6AE /* Country.swift */ = {isa = PBXFileReference; fileEncoding = 4; lastKnownFileType = sourcecode.swift; path = Country.swift; sourceTree = "<group>"; };
		9AFB00811B576B100062C6AE /* Currency.swift */ = {isa = PBXFileReference; fileEncoding = 4; lastKnownFileType = sourcecode.swift; path = Currency.swift; sourceTree = "<group>"; };
		9AFE7CA91B82DF2B00B7159B /* TransactionsTableViewController.swift */ = {isa = PBXFileReference; fileEncoding = 4; lastKnownFileType = sourcecode.swift; path = TransactionsTableViewController.swift; sourceTree = "<group>"; };
		9AFE7CAB1B82E78C00B7159B /* TransactionTableViewCell.swift */ = {isa = PBXFileReference; fileEncoding = 4; lastKnownFileType = sourcecode.swift; path = TransactionTableViewCell.swift; sourceTree = "<group>"; };
		A760F060DA945CC37203D260 /* Pods-CrabAppTests.release.xcconfig */ = {isa = PBXFileReference; includeInIndex = 1; lastKnownFileType = text.xcconfig; name = "Pods-CrabAppTests.release.xcconfig"; path = "Pods/Target Support Files/Pods-CrabAppTests/Pods-CrabAppTests.release.xcconfig"; sourceTree = "<group>"; };
		C97919ECCF491A49B4EF5D05 /* Pods_CrabAppTests.framework */ = {isa = PBXFileReference; explicitFileType = wrapper.framework; includeInIndex = 0; path = Pods_CrabAppTests.framework; sourceTree = BUILT_PRODUCTS_DIR; };
/* End PBXFileReference section */

/* Begin PBXFrameworksBuildPhase section */
		3FE2BDC11DF19CBF009E4321 /* Frameworks */ = {
			isa = PBXFrameworksBuildPhase;
			buildActionMask = 2147483647;
			files = (
			);
			runOnlyForDeploymentPostprocessing = 0;
		};
		9A9C91891B3444E500DE580F /* Frameworks */ = {
			isa = PBXFrameworksBuildPhase;
			buildActionMask = 2147483647;
			files = (
				9AA926891BC3AC5C009D16B3 /* Crashlytics.framework in Frameworks */,
				9AA926881BC3AC5C009D16B3 /* Fabric.framework in Frameworks */,
				764F166406CC9F9B477688CF /* Pods_CrabApp.framework in Frameworks */,
			);
			runOnlyForDeploymentPostprocessing = 0;
		};
		9A9C91A11B3444E500DE580F /* Frameworks */ = {
			isa = PBXFrameworksBuildPhase;
			buildActionMask = 2147483647;
			files = (
				09AE3CC6B5B2F44ED3204A81 /* Pods_CrabAppTests.framework in Frameworks */,
			);
			runOnlyForDeploymentPostprocessing = 0;
		};
/* End PBXFrameworksBuildPhase section */

/* Begin PBXGroup section */
		103B95BDB29D674460FF2FC0 /* Pods */ = {
			isa = PBXGroup;
			children = (
				7CD2044D09203E70A7019907 /* Pods-CrabApp.debug.xcconfig */,
				5A52882C9FC7A80D4B1A6C54 /* Pods-CrabApp.release.xcconfig */,
				003B777BA873BF18FC4065E6 /* Pods-CrabAppTests.debug.xcconfig */,
				A760F060DA945CC37203D260 /* Pods-CrabAppTests.release.xcconfig */,
			);
			name = Pods;
			sourceTree = "<group>";
		};
		3F28688D1D88439D00ACBFF4 /* Backend */ = {
			isa = PBXGroup;
			children = (
				3F28688E1D8843B500ACBFF4 /* Backend.swift */,
			);
			name = Backend;
			sourceTree = "<group>";
		};
		3FE2BDC51DF19CBF009E4321 /* CrabAppUITests */ = {
			isa = PBXGroup;
			children = (
				3FE2BDC61DF19CBF009E4321 /* CrabAppUITests.swift */,
				3FE2BDC81DF19CBF009E4321 /* Info.plist */,
			);
			path = CrabAppUITests;
			sourceTree = "<group>";
		};
		8068D767FF3DCEC55E48BD84 /* Frameworks */ = {
			isa = PBXGroup;
			children = (
				1AAB0B1DEFC5FFEE06399F68 /* Pods_CrabApp.framework */,
				C97919ECCF491A49B4EF5D05 /* Pods_CrabAppTests.framework */,
			);
			name = Frameworks;
			sourceTree = "<group>";
		};
		9A27C14E1B8592570087ECDD /* ConverterTable */ = {
			isa = PBXGroup;
			children = (
				9A801E8D1B37DFAB00C409C1 /* ConverterTableViewController.swift */,
				9A41FF221B75A32900E529D1 /* AmountTextField.swift */,
				9A9A27421B3A6F1700526310 /* CurrencyAddTableViewCell.swift */,
				9A801E851B37D62600C409C1 /* CurrencyTableViewCell.swift */,
				3F1E94DF1DE9BB6200D2832D /* NotPurchased.xib */,
			);
			name = ConverterTable;
			sourceTree = "<group>";
		};
		9A27C1511B85928D0087ECDD /* CategorySelect */ = {
			isa = PBXGroup;
			children = (
				9A27C1461B85859A0087ECDD /* CategoriesCollectionViewController.swift */,
				9A27C14A1B8592270087ECDD /* CategoryCollectionViewCell.swift */,
				9A4B72101BF07F7400E19042 /* CategoryAddViewController.swift */,
			);
			name = CategorySelect;
			sourceTree = "<group>";
		};
		9A36FCE01BD91AA600BD81C0 /* AllCurrencies */ = {
			isa = PBXGroup;
			children = (
				9A36FCE51BD9E52300BD81C0 /* AllCurrenciesSearchCell.xib */,
				9A36FCE11BD9E13600BD81C0 /* ResultsTableController.swift */,
				9A04DA101B5CF5A3005230C0 /* AllCurrenciesTableViewController.swift */,
				9A36FCDA1BD91AA000BD81C0 /* AllCurrenciesTableViewCell.swift */,
			);
			name = AllCurrencies;
			sourceTree = "<group>";
		};
		9A827C9B1C1D71B70025FC5B /* Insights */ = {
			isa = PBXGroup;
			children = (
				9ADC27F71C4A27890053E77F /* InsightsEmptyView.xib */,
				9A4D03AC1C1BD37900327679 /* InsightsTableViewController.swift */,
				9A827C991C1D708F0025FC5B /* InsightsCategoriesTableViewController.swift */,
				9A827C9C1C1D71E00025FC5B /* InsightsCategoryTableViewCell.swift */,
				9AFE7CAB1B82E78C00B7159B /* TransactionTableViewCell.swift */,
				9AFE7CA91B82DF2B00B7159B /* TransactionsTableViewController.swift */,
				9A827C9E1C1DBE380025FC5B /* TransactionDetailTableViewController.swift */,
				3FD5918E1C6B7A0800495C2C /* BudgetTableViewController.swift */,
			);
			name = Insights;
			sourceTree = "<group>";
		};
		9A91B4211BCCB8EF00964B36 /* Extension */ = {
			isa = PBXGroup;
			children = (
				9AF5392A1BCBD5E00025A604 /* NSDecimalNumber+Extension.swift */,
				9A91B41B1BCCB8E000964B36 /* NSNumberFormatter+Extension.swift */,
				9AC460C71BD0B5B800EEE4A7 /* String+Extension.swift */,
				9A827C931C1D3EF50025FC5B /* Date+Extension.swift */,
				9A827C951C1D41220025FC5B /* UIViewController+Extension.swift */,
				9A5DB9911C2A5F63007B85B8 /* UIColor+Extension.swift */,
				9A3C57911C51F3AC001CB79D /* NSLayoutConstraint+Extension.swift */,
				3FE9B35A1D9AB8720077A832 /* Alamofire.Manager+Extension.swift */,
				3FDEC0041DB8FC9B00A6A07D /* UIFont+Extension.swift */,
			);
			name = Extension;
			sourceTree = "<group>";
		};
		9A9C91831B3444E500DE580F = {
			isa = PBXGroup;
			children = (
				9A9C918E1B3444E500DE580F /* Finance App for Travellers */,
				9A9C91A71B3444E500DE580F /* Finance App for TravellersTests */,
				3FE2BDC51DF19CBF009E4321 /* CrabAppUITests */,
				9A9C918D1B3444E500DE580F /* Products */,
				9AA926861BC3AC5C009D16B3 /* Fabric.framework */,
				9AA926871BC3AC5C009D16B3 /* Crashlytics.framework */,
				103B95BDB29D674460FF2FC0 /* Pods */,
				8068D767FF3DCEC55E48BD84 /* Frameworks */,
			);
			sourceTree = "<group>";
			usesTabs = 1;
		};
		9A9C918D1B3444E500DE580F /* Products */ = {
			isa = PBXGroup;
			children = (
				9A9C918C1B3444E500DE580F /* CrabApp.app */,
				9A9C91A41B3444E500DE580F /* CrabApp.xctest */,
				3FE2BDC41DF19CBF009E4321 /* CrabAppUITests.xctest */,
			);
			name = Products;
			sourceTree = "<group>";
		};
		9A9C918E1B3444E500DE580F /* Finance App for Travellers */ = {
			isa = PBXGroup;
			children = (
				3F28688D1D88439D00ACBFF4 /* Backend */,
				9A9C91911B3444E500DE580F /* AppDelegate.swift */,
				9ABCE1861C4C9AE700B64BC7 /* TabBarController.swift */,
				9A91B4211BCCB8EF00964B36 /* Extension */,
				9A827C9B1C1D71B70025FC5B /* Insights */,
				9AC590231C4BCBA900205287 /* NumPad */,
				9A0BA91D1BC3981500CE0AF1 /* Sound.swift */,
				9A9C91981B3444E500DE580F /* Main.storyboard */,
				3FFBACA31D9BC54C005C7924 /* ProfileTableViewController.swift */,
				9A43CA171BFD8EBF00D42507 /* SettingsTableViewController.swift */,
				9AD3082D1BC4D70800962DE1 /* TransactionsTable */,
				9ACC025B1B5162EC00F93A4C /* CountriesTableViewController.swift */,
				9A0B11921B4E2D9400BC8BB1 /* Networking.swift */,
				9A9C919B1B3444E500DE580F /* Images.xcassets */,
				9A36FCE01BD91AA600BD81C0 /* AllCurrencies */,
				9A27C1511B85928D0087ECDD /* CategorySelect */,
				9A27C14E1B8592570087ECDD /* ConverterTable */,
				9AEA34FE1B79C55E009C65FE /* Model */,
				9A9C918F1B3444E500DE580F /* Supporting Files */,
				9AF9E1261B4B6F810076BE69 /* DataModel.xcdatamodeld */,
				3F7E50E91D96A0D100EA9911 /* CrabApp-Bridging-Header.h */,
			);
			path = "Finance App for Travellers";
			sourceTree = "<group>";
		};
		9A9C918F1B3444E500DE580F /* Supporting Files */ = {
			isa = PBXGroup;
			children = (
				9A87AB231C55D7CD00021339 /* FiraSans-Book.otf */,
				9AC460C41BD0B47100EEE4A7 /* Localizable.strings */,
				9AC460B81BCFAF1500EEE4A7 /* tap-mellow.aif */,
				9A9C91901B3444E500DE580F /* Info.plist */,
				9A3F0FC11C4B5190009F0BA0 /* currencies.json */,
				9A0BE4531BF45266002D6F5F /* categories.json */,
				9ADC27FD1C4A30970053E77F /* Currencies.strings */,
			);
			name = "Supporting Files";
			sourceTree = "<group>";
		};
		9A9C91A71B3444E500DE580F /* Finance App for TravellersTests */ = {
			isa = PBXGroup;
			children = (
				9A9C91AA1B3444E500DE580F /* Finance_App_for_TravellersTests.swift */,
				9A4C04F01C3D733C00B2C754 /* Transaction.swift */,
				9A4C04F21C3D742700B2C754 /* Currency.swift */,
				9A9C91A81B3444E500DE580F /* Supporting Files */,
				9ACDB0051C4F4E3E0053CEE5 /* Category.swift */,
			);
			path = "Finance App for TravellersTests";
			sourceTree = "<group>";
		};
		9A9C91A81B3444E500DE580F /* Supporting Files */ = {
			isa = PBXGroup;
			children = (
				9A9C91A91B3444E500DE580F /* Info.plist */,
				9A8B457C1C3D3B940037D137 /* currencies.json */,
				9A8B45821C3D48A70037D137 /* categories.json */,
				9A8B45841C3D48DB0037D137 /* transactions.json */,
			);
			name = "Supporting Files";
			sourceTree = "<group>";
		};
		9AC590231C4BCBA900205287 /* NumPad */ = {
			isa = PBXGroup;
			children = (
				9A9C91961B3444E500DE580F /* NumpadViewController.swift */,
				9A0A82F71C2CFE66005BEE09 /* NumpadView.swift */,
				9A3C57931C537971001CB79D /* CurrencyView.swift */,
			);
			name = NumPad;
			sourceTree = "<group>";
		};
		9AD3082D1BC4D70800962DE1 /* TransactionsTable */ = {
			isa = PBXGroup;
			children = (
				9AB4438C1BCA1D9E0005146B /* GraphView.swift */,
				9AD308321BC4DB4D00962DE1 /* TransactionsSummaryView.xib */,
				9AC460BE1BD0AB5B00EEE4A7 /* SummaryView.swift */,
			);
			name = TransactionsTable;
			sourceTree = "<group>";
		};
		9AEA34FE1B79C55E009C65FE /* Model */ = {
			isa = PBXGroup;
			children = (
				9A27C1481B8586220087ECDD /* Category.swift */,
				9A5CA8971B7862B000AE3BA3 /* HandsOnCurrency.swift */,
				9AFB00811B576B100062C6AE /* Currency.swift */,
				9AFB007F1B576B0F0062C6AE /* Country.swift */,
				9AEA34F91B79C4ED009C65FE /* Money.swift */,
				9AF9E12B1B4B92DD0076BE69 /* Model.swift */,
				9AA2E9C01B82240E00367068 /* Transaction.swift */,
				9A827C8D1C1D2B9C0025FC5B /* Period.swift */,
				9AEDFF5C1C3D1CB900541A23 /* Math.swift */,
			);
			name = Model;
			sourceTree = "<group>";
		};
/* End PBXGroup section */

/* Begin PBXNativeTarget section */
		3FE2BDC31DF19CBF009E4321 /* CrabAppUITests */ = {
			isa = PBXNativeTarget;
			buildConfigurationList = 3FE2BDCB1DF19CBF009E4321 /* Build configuration list for PBXNativeTarget "CrabAppUITests" */;
			buildPhases = (
				3FE2BDC01DF19CBF009E4321 /* Sources */,
				3FE2BDC11DF19CBF009E4321 /* Frameworks */,
				3FE2BDC21DF19CBF009E4321 /* Resources */,
			);
			buildRules = (
			);
			dependencies = (
				3FE2BDCA1DF19CBF009E4321 /* PBXTargetDependency */,
			);
			name = CrabAppUITests;
			productName = CrabAppUITests;
			productReference = 3FE2BDC41DF19CBF009E4321 /* CrabAppUITests.xctest */;
			productType = "com.apple.product-type.bundle.ui-testing";
		};
		9A9C918B1B3444E500DE580F /* CrabApp */ = {
			isa = PBXNativeTarget;
			buildConfigurationList = 9A9C91AE1B3444E500DE580F /* Build configuration list for PBXNativeTarget "CrabApp" */;
			buildPhases = (
				6CCD7C300A6F4C086D9722B1 /* [CP] Check Pods Manifest.lock */,
				9A9C91881B3444E500DE580F /* Sources */,
				9A9C91891B3444E500DE580F /* Frameworks */,
				9A9C918A1B3444E500DE580F /* Resources */,
				9AB80D301B4E39E3007D1B92 /* Embed Frameworks */,
				9AA926811BC3ABF9009D16B3 /* ShellScript */,
				0796E628B4A84CFEE3753537 /* [CP] Embed Pods Frameworks */,
				76FA795F9A3C9D8BC3E2E816 /* [CP] Copy Pods Resources */,
			);
			buildRules = (
			);
			dependencies = (
			);
			name = CrabApp;
			productName = "Finance App for Travellers";
			productReference = 9A9C918C1B3444E500DE580F /* CrabApp.app */;
			productType = "com.apple.product-type.application";
		};
		9A9C91A31B3444E500DE580F /* CrabAppTests */ = {
			isa = PBXNativeTarget;
			buildConfigurationList = 9A9C91B11B3444E500DE580F /* Build configuration list for PBXNativeTarget "CrabAppTests" */;
			buildPhases = (
				56F3492B8EDEFF8EBBA44A35 /* [CP] Check Pods Manifest.lock */,
				9A9C91A01B3444E500DE580F /* Sources */,
				9A9C91A11B3444E500DE580F /* Frameworks */,
				9A9C91A21B3444E500DE580F /* Resources */,
				5964492A8776037E49C986B3 /* [CP] Embed Pods Frameworks */,
				4708ED8AA3217FE30C2D8D44 /* [CP] Copy Pods Resources */,
			);
			buildRules = (
			);
			dependencies = (
				9A9C91A61B3444E500DE580F /* PBXTargetDependency */,
			);
			name = CrabAppTests;
			productName = "Finance App for TravellersTests";
			productReference = 9A9C91A41B3444E500DE580F /* CrabApp.xctest */;
			productType = "com.apple.product-type.bundle.unit-test";
		};
/* End PBXNativeTarget section */

/* Begin PBXProject section */
		9A9C91841B3444E500DE580F /* Project object */ = {
			isa = PBXProject;
			attributes = {
				LastSwiftMigration = 0700;
				LastSwiftUpdateCheck = 0810;
				LastUpgradeCheck = 0810;
				ORGANIZATIONNAME = "Oleg Kubrakov";
				TargetAttributes = {
					3FE2BDC31DF19CBF009E4321 = {
						CreatedOnToolsVersion = 8.1;
						DevelopmentTeam = R8F58LM7GS;
						ProvisioningStyle = Automatic;
						TestTargetID = 9A9C918B1B3444E500DE580F;
					};
					9A9C918B1B3444E500DE580F = {
						CreatedOnToolsVersion = 6.3.2;
						DevelopmentTeam = NF8ZZ5VT6T;
						LastSwiftMigration = 0800;
						SystemCapabilities = {
							com.apple.BackgroundModes = {
								enabled = 1;
							};
						};
					};
					9A9C91A31B3444E500DE580F = {
						CreatedOnToolsVersion = 6.3.2;
						LastSwiftMigration = 0800;
						TestTargetID = 9A9C918B1B3444E500DE580F;
					};
				};
			};
			buildConfigurationList = 9A9C91871B3444E500DE580F /* Build configuration list for PBXProject "CrabApp" */;
			compatibilityVersion = "Xcode 6.3";
			developmentRegion = English;
			hasScannedForEncodings = 0;
			knownRegions = (
				en,
				Base,
				ru,
			);
			mainGroup = 9A9C91831B3444E500DE580F;
			productRefGroup = 9A9C918D1B3444E500DE580F /* Products */;
			projectDirPath = "";
			projectRoot = "";
			targets = (
				9A9C918B1B3444E500DE580F /* CrabApp */,
				9A9C91A31B3444E500DE580F /* CrabAppTests */,
				3FE2BDC31DF19CBF009E4321 /* CrabAppUITests */,
			);
		};
/* End PBXProject section */

/* Begin PBXResourcesBuildPhase section */
		3FE2BDC21DF19CBF009E4321 /* Resources */ = {
			isa = PBXResourcesBuildPhase;
			buildActionMask = 2147483647;
			files = (
			);
			runOnlyForDeploymentPostprocessing = 0;
		};
		9A9C918A1B3444E500DE580F /* Resources */ = {
			isa = PBXResourcesBuildPhase;
			buildActionMask = 2147483647;
			files = (
				9AC460BD1BCFE27B00EEE4A7 /* tap-mellow.aif in Resources */,
				9A0BE4511BF45266002D6F5F /* categories.json in Resources */,
				9AD308331BC4DB4D00962DE1 /* TransactionsSummaryView.xib in Resources */,
				9A3F0FC21C4B5190009F0BA0 /* currencies.json in Resources */,
				9ADC27FB1C4A30970053E77F /* Currencies.strings in Resources */,
				9AC460C21BD0B47100EEE4A7 /* Localizable.strings in Resources */,
				9A9C919A1B3444E500DE580F /* Main.storyboard in Resources */,
				3F1E94E01DE9BB6200D2832D /* NotPurchased.xib in Resources */,
				9A36FCE61BD9E52300BD81C0 /* AllCurrenciesSearchCell.xib in Resources */,
				9A9C919C1B3444E500DE580F /* Images.xcassets in Resources */,
				9A87AB241C55D7CD00021339 /* FiraSans-Book.otf in Resources */,
				9ADC27F81C4A27890053E77F /* InsightsEmptyView.xib in Resources */,
			);
			runOnlyForDeploymentPostprocessing = 0;
		};
		9A9C91A21B3444E500DE580F /* Resources */ = {
			isa = PBXResourcesBuildPhase;
			buildActionMask = 2147483647;
			files = (
				9A8B45831C3D48A70037D137 /* categories.json in Resources */,
				9A8B45851C3D48DB0037D137 /* transactions.json in Resources */,
				9A8B457D1C3D3B940037D137 /* currencies.json in Resources */,
			);
			runOnlyForDeploymentPostprocessing = 0;
		};
/* End PBXResourcesBuildPhase section */

/* Begin PBXShellScriptBuildPhase section */
		0796E628B4A84CFEE3753537 /* [CP] Embed Pods Frameworks */ = {
			isa = PBXShellScriptBuildPhase;
			buildActionMask = 2147483647;
			files = (
			);
			inputPaths = (
			);
			name = "[CP] Embed Pods Frameworks";
			outputPaths = (
			);
			runOnlyForDeploymentPostprocessing = 0;
			shellPath = /bin/sh;
			shellScript = "\"${SRCROOT}/Pods/Target Support Files/Pods-CrabApp/Pods-CrabApp-frameworks.sh\"\n";
			showEnvVarsInLog = 0;
		};
		4708ED8AA3217FE30C2D8D44 /* [CP] Copy Pods Resources */ = {
			isa = PBXShellScriptBuildPhase;
			buildActionMask = 2147483647;
			files = (
			);
			inputPaths = (
			);
			name = "[CP] Copy Pods Resources";
			outputPaths = (
			);
			runOnlyForDeploymentPostprocessing = 0;
			shellPath = /bin/sh;
			shellScript = "\"${SRCROOT}/Pods/Target Support Files/Pods-CrabAppTests/Pods-CrabAppTests-resources.sh\"\n";
			showEnvVarsInLog = 0;
		};
		56F3492B8EDEFF8EBBA44A35 /* [CP] Check Pods Manifest.lock */ = {
			isa = PBXShellScriptBuildPhase;
			buildActionMask = 2147483647;
			files = (
			);
			inputPaths = (
			);
			name = "[CP] Check Pods Manifest.lock";
			outputPaths = (
			);
			runOnlyForDeploymentPostprocessing = 0;
			shellPath = /bin/sh;
			shellScript = "diff \"${PODS_ROOT}/../Podfile.lock\" \"${PODS_ROOT}/Manifest.lock\" > /dev/null\nif [ $? != 0 ] ; then\n    # print error to STDERR\n    echo \"error: The sandbox is not in sync with the Podfile.lock. Run 'pod install' or update your CocoaPods installation.\" >&2\n    exit 1\nfi\n";
			showEnvVarsInLog = 0;
		};
		5964492A8776037E49C986B3 /* [CP] Embed Pods Frameworks */ = {
			isa = PBXShellScriptBuildPhase;
			buildActionMask = 2147483647;
			files = (
			);
			inputPaths = (
			);
			name = "[CP] Embed Pods Frameworks";
			outputPaths = (
			);
			runOnlyForDeploymentPostprocessing = 0;
			shellPath = /bin/sh;
			shellScript = "\"${SRCROOT}/Pods/Target Support Files/Pods-CrabAppTests/Pods-CrabAppTests-frameworks.sh\"\n";
			showEnvVarsInLog = 0;
		};
		6CCD7C300A6F4C086D9722B1 /* [CP] Check Pods Manifest.lock */ = {
			isa = PBXShellScriptBuildPhase;
			buildActionMask = 2147483647;
			files = (
			);
			inputPaths = (
			);
			name = "[CP] Check Pods Manifest.lock";
			outputPaths = (
			);
			runOnlyForDeploymentPostprocessing = 0;
			shellPath = /bin/sh;
			shellScript = "diff \"${PODS_ROOT}/../Podfile.lock\" \"${PODS_ROOT}/Manifest.lock\" > /dev/null\nif [ $? != 0 ] ; then\n    # print error to STDERR\n    echo \"error: The sandbox is not in sync with the Podfile.lock. Run 'pod install' or update your CocoaPods installation.\" >&2\n    exit 1\nfi\n";
			showEnvVarsInLog = 0;
		};
		76FA795F9A3C9D8BC3E2E816 /* [CP] Copy Pods Resources */ = {
			isa = PBXShellScriptBuildPhase;
			buildActionMask = 2147483647;
			files = (
			);
			inputPaths = (
			);
			name = "[CP] Copy Pods Resources";
			outputPaths = (
			);
			runOnlyForDeploymentPostprocessing = 0;
			shellPath = /bin/sh;
			shellScript = "\"${SRCROOT}/Pods/Target Support Files/Pods-CrabApp/Pods-CrabApp-resources.sh\"\n";
			showEnvVarsInLog = 0;
		};
		9AA926811BC3ABF9009D16B3 /* ShellScript */ = {
			isa = PBXShellScriptBuildPhase;
			buildActionMask = 2147483647;
			files = (
			);
			inputPaths = (
			);
			outputPaths = (
			);
			runOnlyForDeploymentPostprocessing = 0;
			shellPath = /bin/sh;
			shellScript = "./Fabric.framework/run 78b1e0e15cded496be7f34340550acd958032292 cd21d2ccadc5ab94b7339702447a750dd6af4bd28c79791f357e741edae4b3b3";
		};
/* End PBXShellScriptBuildPhase section */

/* Begin PBXSourcesBuildPhase section */
		3FE2BDC01DF19CBF009E4321 /* Sources */ = {
			isa = PBXSourcesBuildPhase;
			buildActionMask = 2147483647;
			files = (
				3FE2BDC71DF19CBF009E4321 /* CrabAppUITests.swift in Sources */,
			);
			runOnlyForDeploymentPostprocessing = 0;
		};
		9A9C91881B3444E500DE580F /* Sources */ = {
			isa = PBXSourcesBuildPhase;
			buildActionMask = 2147483647;
			files = (
				9A4B72111BF07F7400E19042 /* CategoryAddViewController.swift in Sources */,
				9AB4438D1BCA1D9E0005146B /* GraphView.swift in Sources */,
				9AC460BF1BD0AB5B00EEE4A7 /* SummaryView.swift in Sources */,
				9A36FCDB1BD91AA000BD81C0 /* AllCurrenciesTableViewCell.swift in Sources */,
				9A827C9F1C1DBE380025FC5B /* TransactionDetailTableViewController.swift in Sources */,
				9A04DA111B5CF5A3005230C0 /* AllCurrenciesTableViewController.swift in Sources */,
				3FFBACA41D9BC54C005C7924 /* ProfileTableViewController.swift in Sources */,
				9AF9E12C1B4B92DD0076BE69 /* Model.swift in Sources */,
				9AA2E9C11B82240E00367068 /* Transaction.swift in Sources */,
				9A0B11931B4E2D9400BC8BB1 /* Networking.swift in Sources */,
				9AF9E1281B4B6F810076BE69 /* DataModel.xcdatamodeld in Sources */,
				9A9A27431B3A6F1700526310 /* CurrencyAddTableViewCell.swift in Sources */,
				9A0BA91E1BC3981500CE0AF1 /* Sound.swift in Sources */,
				9AFE7CAA1B82DF2B00B7159B /* TransactionsTableViewController.swift in Sources */,
				9A27C14B1B8592270087ECDD /* CategoryCollectionViewCell.swift in Sources */,
				9A3C57941C537972001CB79D /* CurrencyView.swift in Sources */,
				9A41FF231B75A32900E529D1 /* AmountTextField.swift in Sources */,
				9AEA34FA1B79C4ED009C65FE /* Money.swift in Sources */,
				9AFE7CAC1B82E78C00B7159B /* TransactionTableViewCell.swift in Sources */,
				9A36FCE21BD9E13600BD81C0 /* ResultsTableController.swift in Sources */,
				3FE9B35B1D9AB8720077A832 /* Alamofire.Manager+Extension.swift in Sources */,
				3FDEC0051DB8FC9B00A6A07D /* UIFont+Extension.swift in Sources */,
				9AFB00801B576B0F0062C6AE /* Country.swift in Sources */,
				9A27C1471B85859A0087ECDD /* CategoriesCollectionViewController.swift in Sources */,
				9A801E8E1B37DFAB00C409C1 /* ConverterTableViewController.swift in Sources */,
				9A5CA8981B7862B000AE3BA3 /* HandsOnCurrency.swift in Sources */,
				3FD5918F1C6B7A0800495C2C /* BudgetTableViewController.swift in Sources */,
				9AFB00821B576B100062C6AE /* Currency.swift in Sources */,
				9A3C57921C51F3AC001CB79D /* NSLayoutConstraint+Extension.swift in Sources */,
				9ABCE1871C4C9AE700B64BC7 /* TabBarController.swift in Sources */,
				9A9C91971B3444E500DE580F /* NumpadViewController.swift in Sources */,
				9A827C8E1C1D2B9C0025FC5B /* Period.swift in Sources */,
				3F892D081C5F910700D0DB54 /* UIViewController+Extension.swift in Sources */,
				9A827C9D1C1D71E00025FC5B /* InsightsCategoryTableViewCell.swift in Sources */,
				9A0A82F81C2CFE66005BEE09 /* NumpadView.swift in Sources */,
				9A91B41C1BCCB8E000964B36 /* NSNumberFormatter+Extension.swift in Sources */,
				9A827C9A1C1D708F0025FC5B /* InsightsCategoriesTableViewController.swift in Sources */,
				3F28688F1D8843B500ACBFF4 /* Backend.swift in Sources */,
				9A801E861B37D62600C409C1 /* CurrencyTableViewCell.swift in Sources */,
				9AEDFF5D1C3D1CB900541A23 /* Math.swift in Sources */,
				9A9C91921B3444E500DE580F /* AppDelegate.swift in Sources */,
				9AF5392B1BCBD5E00025A604 /* NSDecimalNumber+Extension.swift in Sources */,
				9A4D03AD1C1BD37900327679 /* InsightsTableViewController.swift in Sources */,
				9A43CA181BFD8EBF00D42507 /* SettingsTableViewController.swift in Sources */,
				9ACC025C1B5162EC00F93A4C /* CountriesTableViewController.swift in Sources */,
				9AC460C81BD0B5B800EEE4A7 /* String+Extension.swift in Sources */,
				9A5DB9921C2A5F63007B85B8 /* UIColor+Extension.swift in Sources */,
				9A27C1491B8586220087ECDD /* Category.swift in Sources */,
				9A827C941C1D3EF50025FC5B /* Date+Extension.swift in Sources */,
			);
			runOnlyForDeploymentPostprocessing = 0;
		};
		9A9C91A01B3444E500DE580F /* Sources */ = {
			isa = PBXSourcesBuildPhase;
			buildActionMask = 2147483647;
			files = (
				9A8B45741C3D39700037D137 /* Period.swift in Sources */,
				9A8B45771C3D39D70037D137 /* NSNumberFormatter+Extension.swift in Sources */,
				9A8B45761C3D39D70037D137 /* NSDecimalNumber+Extension.swift in Sources */,
				9A9C91AB1B3444E500DE580F /* Finance_App_for_TravellersTests.swift in Sources */,
				9A4C04F11C3D733C00B2C754 /* Transaction.swift in Sources */,
				9A8B45731C3D39700037D137 /* Money.swift in Sources */,
				9A8B45781C3D39D70037D137 /* String+Extension.swift in Sources */,
				9A8B45751C3D39C60037D137 /* Date+Extension.swift in Sources */,
				9A8B45721C3D39700037D137 /* Country.swift in Sources */,
				9A4C04F31C3D742700B2C754 /* Currency.swift in Sources */,
				9A8B45701C3D39700037D137 /* HandsOnCurrency.swift in Sources */,
				9AEDFF5E1C3D1F4600541A23 /* Math.swift in Sources */,
				9ACDB0061C4F4E3E0053CEE5 /* Category.swift in Sources */,
			);
			runOnlyForDeploymentPostprocessing = 0;
		};
/* End PBXSourcesBuildPhase section */

/* Begin PBXTargetDependency section */
		3FE2BDCA1DF19CBF009E4321 /* PBXTargetDependency */ = {
			isa = PBXTargetDependency;
			target = 9A9C918B1B3444E500DE580F /* CrabApp */;
			targetProxy = 3FE2BDC91DF19CBF009E4321 /* PBXContainerItemProxy */;
		};
		9A9C91A61B3444E500DE580F /* PBXTargetDependency */ = {
			isa = PBXTargetDependency;
			target = 9A9C918B1B3444E500DE580F /* CrabApp */;
			targetProxy = 9A9C91A51B3444E500DE580F /* PBXContainerItemProxy */;
		};
/* End PBXTargetDependency section */

/* Begin PBXVariantGroup section */
		9A0BE4531BF45266002D6F5F /* categories.json */ = {
			isa = PBXVariantGroup;
			children = (
				9A0BE4521BF45266002D6F5F /* en */,
				9A0BE4541BF4526E002D6F5F /* ru */,
			);
			name = categories.json;
			path = ..;
			sourceTree = "<group>";
		};
		9A9C91981B3444E500DE580F /* Main.storyboard */ = {
			isa = PBXVariantGroup;
			children = (
				9A9C91991B3444E500DE580F /* Base */,
				9ACC025A1B5130D500F93A4C /* ru */,
				9AC590251C4BD40700205287 /* en */,
			);
			name = Main.storyboard;
			sourceTree = "<group>";
		};
		9AC460C41BD0B47100EEE4A7 /* Localizable.strings */ = {
			isa = PBXVariantGroup;
			children = (
				9AC460C51BD0B47A00EEE4A7 /* en */,
				9AC460C61BD0B49C00EEE4A7 /* ru */,
			);
			name = Localizable.strings;
			path = ..;
			sourceTree = "<group>";
		};
		9ADC27FD1C4A30970053E77F /* Currencies.strings */ = {
			isa = PBXVariantGroup;
			children = (
				9ADC27FC1C4A30970053E77F /* en */,
				9ADC27FE1C4A30990053E77F /* ru */,
			);
			name = Currencies.strings;
			sourceTree = "<group>";
		};
/* End PBXVariantGroup section */

/* Begin XCBuildConfiguration section */
		3FE2BDCC1DF19CBF009E4321 /* Debug */ = {
			isa = XCBuildConfiguration;
			buildSettings = {
				CLANG_ANALYZER_NONNULL = YES;
				CLANG_WARN_DOCUMENTATION_COMMENTS = YES;
				CLANG_WARN_SUSPICIOUS_MOVES = YES;
				DEBUG_INFORMATION_FORMAT = dwarf;
				DEVELOPMENT_TEAM = R8F58LM7GS;
				INFOPLIST_FILE = CrabAppUITests/Info.plist;
				IPHONEOS_DEPLOYMENT_TARGET = 10.1;
				LD_RUNPATH_SEARCH_PATHS = "$(inherited) @executable_path/Frameworks @loader_path/Frameworks";
				PRODUCT_BUNDLE_IDENTIFIER = VC.CrabAppUITests;
				PRODUCT_NAME = "$(TARGET_NAME)";
				SWIFT_ACTIVE_COMPILATION_CONDITIONS = DEBUG;
				SWIFT_VERSION = 3.0;
				TEST_TARGET_NAME = CrabApp;
			};
			name = Debug;
		};
		3FE2BDCD1DF19CBF009E4321 /* Release */ = {
			isa = XCBuildConfiguration;
			buildSettings = {
				CLANG_ANALYZER_NONNULL = YES;
				CLANG_WARN_DOCUMENTATION_COMMENTS = YES;
				CLANG_WARN_SUSPICIOUS_MOVES = YES;
				DEVELOPMENT_TEAM = R8F58LM7GS;
				INFOPLIST_FILE = CrabAppUITests/Info.plist;
				IPHONEOS_DEPLOYMENT_TARGET = 10.1;
				LD_RUNPATH_SEARCH_PATHS = "$(inherited) @executable_path/Frameworks @loader_path/Frameworks";
				PRODUCT_BUNDLE_IDENTIFIER = VC.CrabAppUITests;
				PRODUCT_NAME = "$(TARGET_NAME)";
				SWIFT_VERSION = 3.0;
				TEST_TARGET_NAME = CrabApp;
			};
			name = Release;
		};
		9A9C91AC1B3444E500DE580F /* Debug */ = {
			isa = XCBuildConfiguration;
			buildSettings = {
				ALWAYS_SEARCH_USER_PATHS = NO;
				CLANG_ANALYZER_LOCALIZABILITY_NONLOCALIZED = YES;
				CLANG_CXX_LANGUAGE_STANDARD = "gnu++0x";
				CLANG_CXX_LIBRARY = "libc++";
				CLANG_ENABLE_MODULES = YES;
				CLANG_ENABLE_OBJC_ARC = YES;
				CLANG_WARN_BOOL_CONVERSION = YES;
				CLANG_WARN_CONSTANT_CONVERSION = YES;
				CLANG_WARN_DIRECT_OBJC_ISA_USAGE = YES_ERROR;
				CLANG_WARN_EMPTY_BODY = YES;
				CLANG_WARN_ENUM_CONVERSION = YES;
				CLANG_WARN_INFINITE_RECURSION = YES;
				CLANG_WARN_INT_CONVERSION = YES;
				CLANG_WARN_OBJC_ROOT_CLASS = YES_ERROR;
				CLANG_WARN_SUSPICIOUS_MOVE = YES;
				CLANG_WARN_UNREACHABLE_CODE = YES;
				CLANG_WARN__DUPLICATE_METHOD_MATCH = YES;
				"CODE_SIGN_IDENTITY[sdk=iphoneos*]" = "iPhone Developer";
				COPY_PHASE_STRIP = NO;
				DEBUG_INFORMATION_FORMAT = "dwarf-with-dsym";
				ENABLE_STRICT_OBJC_MSGSEND = YES;
				ENABLE_TESTABILITY = YES;
				GCC_C_LANGUAGE_STANDARD = gnu99;
				GCC_DYNAMIC_NO_PIC = NO;
				GCC_NO_COMMON_BLOCKS = YES;
				GCC_OPTIMIZATION_LEVEL = 0;
				GCC_PREPROCESSOR_DEFINITIONS = (
					"DEBUG=1",
					"$(inherited)",
				);
				GCC_SYMBOLS_PRIVATE_EXTERN = NO;
				GCC_WARN_64_TO_32_BIT_CONVERSION = YES;
				GCC_WARN_ABOUT_RETURN_TYPE = YES_ERROR;
				GCC_WARN_UNDECLARED_SELECTOR = YES;
				GCC_WARN_UNINITIALIZED_AUTOS = YES_AGGRESSIVE;
				GCC_WARN_UNUSED_FUNCTION = YES;
				GCC_WARN_UNUSED_VARIABLE = YES;
				IPHONEOS_DEPLOYMENT_TARGET = 9.0;
				MTL_ENABLE_DEBUG_INFO = YES;
				ONLY_ACTIVE_ARCH = YES;
				SDKROOT = iphoneos;
				SWIFT_OPTIMIZATION_LEVEL = "-Onone";
			};
			name = Debug;
		};
		9A9C91AD1B3444E500DE580F /* Release */ = {
			isa = XCBuildConfiguration;
			buildSettings = {
				ALWAYS_SEARCH_USER_PATHS = NO;
				CLANG_ANALYZER_LOCALIZABILITY_NONLOCALIZED = YES;
				CLANG_CXX_LANGUAGE_STANDARD = "gnu++0x";
				CLANG_CXX_LIBRARY = "libc++";
				CLANG_ENABLE_MODULES = YES;
				CLANG_ENABLE_OBJC_ARC = YES;
				CLANG_WARN_BOOL_CONVERSION = YES;
				CLANG_WARN_CONSTANT_CONVERSION = YES;
				CLANG_WARN_DIRECT_OBJC_ISA_USAGE = YES_ERROR;
				CLANG_WARN_EMPTY_BODY = YES;
				CLANG_WARN_ENUM_CONVERSION = YES;
				CLANG_WARN_INFINITE_RECURSION = YES;
				CLANG_WARN_INT_CONVERSION = YES;
				CLANG_WARN_OBJC_ROOT_CLASS = YES_ERROR;
				CLANG_WARN_SUSPICIOUS_MOVE = YES;
				CLANG_WARN_UNREACHABLE_CODE = YES;
				CLANG_WARN__DUPLICATE_METHOD_MATCH = YES;
				"CODE_SIGN_IDENTITY[sdk=iphoneos*]" = "iPhone Developer";
				COPY_PHASE_STRIP = NO;
				DEBUG_INFORMATION_FORMAT = "dwarf-with-dsym";
				ENABLE_NS_ASSERTIONS = NO;
				ENABLE_STRICT_OBJC_MSGSEND = YES;
				GCC_C_LANGUAGE_STANDARD = gnu99;
				GCC_NO_COMMON_BLOCKS = YES;
				GCC_WARN_64_TO_32_BIT_CONVERSION = YES;
				GCC_WARN_ABOUT_RETURN_TYPE = YES_ERROR;
				GCC_WARN_UNDECLARED_SELECTOR = YES;
				GCC_WARN_UNINITIALIZED_AUTOS = YES_AGGRESSIVE;
				GCC_WARN_UNUSED_FUNCTION = YES;
				GCC_WARN_UNUSED_VARIABLE = YES;
				IPHONEOS_DEPLOYMENT_TARGET = 9.0;
				MTL_ENABLE_DEBUG_INFO = NO;
				SDKROOT = iphoneos;
				SWIFT_OPTIMIZATION_LEVEL = "-Owholemodule";
				VALIDATE_PRODUCT = YES;
			};
			name = Release;
		};
		9A9C91AF1B3444E500DE580F /* Debug */ = {
			isa = XCBuildConfiguration;
			baseConfigurationReference = 7CD2044D09203E70A7019907 /* Pods-CrabApp.debug.xcconfig */;
			buildSettings = {
				ALWAYS_EMBED_SWIFT_STANDARD_LIBRARIES = YES;
				ASSETCATALOG_COMPILER_APPICON_NAME = AppIcon;
				CLANG_ENABLE_MODULES = YES;
				CODE_SIGN_IDENTITY = "iPhone Developer";
				"CODE_SIGN_IDENTITY[sdk=iphoneos*]" = "iPhone Developer";
				FRAMEWORK_SEARCH_PATHS = (
					"$(inherited)",
					"$(PROJECT_DIR)",
				);
				INFOPLIST_FILE = "Finance App for Travellers/Info.plist";
				IPHONEOS_DEPLOYMENT_TARGET = 9.0;
				LD_RUNPATH_SEARCH_PATHS = "$(inherited) @executable_path/Frameworks";
				PRODUCT_BUNDLE_IDENTIFIER = kubrakov.CrabApp;
				PRODUCT_NAME = CrabApp;
				PROVISIONING_PROFILE = "";
				SWIFT_OBJC_BRIDGING_HEADER = "CrabApp-Bridging-Header.h";
				SWIFT_OPTIMIZATION_LEVEL = "-Onone";
				SWIFT_VERSION = 3.0;
				TARGETED_DEVICE_FAMILY = "1,2";
			};
			name = Debug;
		};
		9A9C91B01B3444E500DE580F /* Release */ = {
			isa = XCBuildConfiguration;
			baseConfigurationReference = 5A52882C9FC7A80D4B1A6C54 /* Pods-CrabApp.release.xcconfig */;
			buildSettings = {
				ALWAYS_EMBED_SWIFT_STANDARD_LIBRARIES = YES;
				ASSETCATALOG_COMPILER_APPICON_NAME = AppIcon;
				CLANG_ENABLE_MODULES = YES;
				CODE_SIGN_IDENTITY = "iPhone Developer";
				"CODE_SIGN_IDENTITY[sdk=iphoneos*]" = "iPhone Developer";
				FRAMEWORK_SEARCH_PATHS = (
					"$(inherited)",
					"$(PROJECT_DIR)",
				);
				INFOPLIST_FILE = "Finance App for Travellers/Info.plist";
				IPHONEOS_DEPLOYMENT_TARGET = 9.0;
				LD_RUNPATH_SEARCH_PATHS = "$(inherited) @executable_path/Frameworks";
				PRODUCT_BUNDLE_IDENTIFIER = kubrakov.CrabApp;
				PRODUCT_NAME = CrabApp;
				PROVISIONING_PROFILE = "";
				SWIFT_OBJC_BRIDGING_HEADER = "CrabApp-Bridging-Header.h";
				SWIFT_VERSION = 3.0;
				TARGETED_DEVICE_FAMILY = "1,2";
			};
			name = Release;
		};
		9A9C91B21B3444E500DE580F /* Debug */ = {
			isa = XCBuildConfiguration;
			baseConfigurationReference = 003B777BA873BF18FC4065E6 /* Pods-CrabAppTests.debug.xcconfig */;
			buildSettings = {
				BUNDLE_LOADER = "$(TEST_HOST)";
				FRAMEWORK_SEARCH_PATHS = (
					"$(SDKROOT)/Developer/Library/Frameworks",
					"$(inherited)",
				);
				GCC_PREPROCESSOR_DEFINITIONS = (
					"DEBUG=1",
					"$(inherited)",
				);
				INFOPLIST_FILE = "Finance App for TravellersTests/Info.plist";
				LD_RUNPATH_SEARCH_PATHS = "$(inherited) @executable_path/Frameworks @loader_path/Frameworks";
				PRODUCT_BUNDLE_IDENTIFIER = "kubrakov.$(PRODUCT_NAME:rfc1034identifier)";
				PRODUCT_NAME = CrabApp;
				SWIFT_VERSION = 3.0;
				TEST_HOST = "$(BUILT_PRODUCTS_DIR)/CrabApp.app/CrabApp";
			};
			name = Debug;
		};
		9A9C91B31B3444E500DE580F /* Release */ = {
			isa = XCBuildConfiguration;
			baseConfigurationReference = A760F060DA945CC37203D260 /* Pods-CrabAppTests.release.xcconfig */;
			buildSettings = {
				BUNDLE_LOADER = "$(TEST_HOST)";
				FRAMEWORK_SEARCH_PATHS = (
					"$(SDKROOT)/Developer/Library/Frameworks",
					"$(inherited)",
				);
				INFOPLIST_FILE = "Finance App for TravellersTests/Info.plist";
				LD_RUNPATH_SEARCH_PATHS = "$(inherited) @executable_path/Frameworks @loader_path/Frameworks";
				PRODUCT_BUNDLE_IDENTIFIER = "kubrakov.$(PRODUCT_NAME:rfc1034identifier)";
				PRODUCT_NAME = CrabApp;
				SWIFT_VERSION = 3.0;
				TEST_HOST = "$(BUILT_PRODUCTS_DIR)/CrabApp.app/CrabApp";
			};
			name = Release;
		};
/* End XCBuildConfiguration section */

/* Begin XCConfigurationList section */
		3FE2BDCB1DF19CBF009E4321 /* Build configuration list for PBXNativeTarget "CrabAppUITests" */ = {
			isa = XCConfigurationList;
			buildConfigurations = (
				3FE2BDCC1DF19CBF009E4321 /* Debug */,
				3FE2BDCD1DF19CBF009E4321 /* Release */,
			);
			defaultConfigurationIsVisible = 0;
		};
		9A9C91871B3444E500DE580F /* Build configuration list for PBXProject "CrabApp" */ = {
			isa = XCConfigurationList;
			buildConfigurations = (
				9A9C91AC1B3444E500DE580F /* Debug */,
				9A9C91AD1B3444E500DE580F /* Release */,
			);
			defaultConfigurationIsVisible = 0;
			defaultConfigurationName = Release;
		};
		9A9C91AE1B3444E500DE580F /* Build configuration list for PBXNativeTarget "CrabApp" */ = {
			isa = XCConfigurationList;
			buildConfigurations = (
				9A9C91AF1B3444E500DE580F /* Debug */,
				9A9C91B01B3444E500DE580F /* Release */,
			);
			defaultConfigurationIsVisible = 0;
			defaultConfigurationName = Release;
		};
		9A9C91B11B3444E500DE580F /* Build configuration list for PBXNativeTarget "CrabAppTests" */ = {
			isa = XCConfigurationList;
			buildConfigurations = (
				9A9C91B21B3444E500DE580F /* Debug */,
				9A9C91B31B3444E500DE580F /* Release */,
			);
			defaultConfigurationIsVisible = 0;
			defaultConfigurationName = Release;
		};
/* End XCConfigurationList section */

/* Begin XCVersionGroup section */
		9AF9E1261B4B6F810076BE69 /* DataModel.xcdatamodeld */ = {
			isa = XCVersionGroup;
			children = (
				9AF9E1271B4B6F810076BE69 /* DataModel.xcdatamodel */,
			);
			currentVersion = 9AF9E1271B4B6F810076BE69 /* DataModel.xcdatamodel */;
			path = DataModel.xcdatamodeld;
			sourceTree = "<group>";
			versionGroupType = wrapper.xcdatamodel;
		};
/* End XCVersionGroup section */
	};
	rootObject = 9A9C91841B3444E500DE580F /* Project object */;
}
